PODS:
  - DeckTransition (0.1.1)
  - JTMaterialTransition (2.0.1)

DEPENDENCIES:
  - DeckTransition
  - JTMaterialTransition (~> 2.0)

SPEC CHECKSUMS:
  DeckTransition: 80bad7bb0246c333243b4ee96f8a51bdc8f8b5cb
  JTMaterialTransition: 2350b44b404d1982a7ba755866cc65da452f4eec

PODFILE CHECKSUM: a35b1b922e4185dcdd1ab70c145ca0a426422ce1

COCOAPODS: 1.1.1
