// !$*UTF8*$!
{
	archiveVersion = 1;
	classes = {
	};
	objectVersion = 46;
	objects = {

/* Begin PBXBuildFile section */
		4B0055251EF666E0002EAE4E /* CheckoutVC.swift in Sources */ = {isa = PBXBuildFile; fileRef = 4B0055241EF666E0002EAE4E /* CheckoutVC.swift */; };
		4B0055271EF67461002EAE4E /* AvalonUITextField.swift in Sources */ = {isa = PBXBuildFile; fileRef = 4B0055261EF67461002EAE4E /* AvalonUITextField.swift */; };
		4B0055291EF67804002EAE4E /* CheckoutVCContainer.swift in Sources */ = {isa = PBXBuildFile; fileRef = 4B0055281EF67804002EAE4E /* CheckoutVCContainer.swift */; };
		4B00552B1EF68EC8002EAE4E /* AvalonUIButton.swift in Sources */ = {isa = PBXBuildFile; fileRef = 4B00552A1EF68EC8002EAE4E /* AvalonUIButton.swift */; };
		4B0E8BBD1F02AEA100DF8580 /* PictureZoomHandling.swift in Sources */ = {isa = PBXBuildFile; fileRef = 4B0E8BBC1F02AEA100DF8580 /* PictureZoomHandling.swift */; };
		4B17D3271E33F97C0070DE27 /* ExpandingMaterialTableViewController.swift in Sources */ = {isa = PBXBuildFile; fileRef = 4B17D3261E33F97C0070DE27 /* ExpandingMaterialTableViewController.swift */; };
		4B25E41F1F06AFC3007A10E1 /* HidingNavigationBarManager.swift in Sources */ = {isa = PBXBuildFile; fileRef = 4B25E41D1F06AFC3007A10E1 /* HidingNavigationBarManager.swift */; };
		4B25E4201F06AFC3007A10E1 /* HidingViewController.swift in Sources */ = {isa = PBXBuildFile; fileRef = 4B25E41E1F06AFC3007A10E1 /* HidingViewController.swift */; };
		4B3DFEE11E3178CD00F508F7 /* HelpingFunctions.swift in Sources */ = {isa = PBXBuildFile; fileRef = 4B3DFEE01E3178CD00F508F7 /* HelpingFunctions.swift */; };
		4B3F81B31E226FC300034E3E /* MapViewController.swift in Sources */ = {isa = PBXBuildFile; fileRef = 4B3F81A81E226FC300034E3E /* MapViewController.swift */; };
		4B3F81BB1E22702300034E3E /* AppDelegate.swift in Sources */ = {isa = PBXBuildFile; fileRef = 4B3F81B71E22702300034E3E /* AppDelegate.swift */; };
		4B3F81BE1E22702300034E3E /* Assets.xcassets in Resources */ = {isa = PBXBuildFile; fileRef = 4B3F81BA1E22702300034E3E /* Assets.xcassets */; };
		4B3F81C51E22706100034E3E /* ENMBadgedBarButtonItem.swift in Sources */ = {isa = PBXBuildFile; fileRef = 4B3F81C21E22706100034E3E /* ENMBadgedBarButtonItem.swift */; };
		4B3FE8671E44B59200852A2A /* InitialImageView.swift in Sources */ = {isa = PBXBuildFile; fileRef = 4B3FE8661E44B59200852A2A /* InitialImageView.swift */; };
		4B3FE89A1E44F34D00852A2A /* ARSInfiniteLoader.swift in Sources */ = {isa = PBXBuildFile; fileRef = 4B3FE8911E44F34D00852A2A /* ARSInfiniteLoader.swift */; };
		4B3FE89B1E44F34D00852A2A /* ARSLineProgress.swift in Sources */ = {isa = PBXBuildFile; fileRef = 4B3FE8921E44F34D00852A2A /* ARSLineProgress.swift */; };
		4B3FE89C1E44F34D00852A2A /* ARSLineProgressConstants.swift in Sources */ = {isa = PBXBuildFile; fileRef = 4B3FE8931E44F34D00852A2A /* ARSLineProgressConstants.swift */; };
		4B3FE89D1E44F34D00852A2A /* ARSLineProgressCustomization.swift in Sources */ = {isa = PBXBuildFile; fileRef = 4B3FE8941E44F34D00852A2A /* ARSLineProgressCustomization.swift */; };
		4B3FE89E1E44F34D00852A2A /* ARSLineProgressExtensions.swift in Sources */ = {isa = PBXBuildFile; fileRef = 4B3FE8951E44F34D00852A2A /* ARSLineProgressExtensions.swift */; };
		4B3FE89F1E44F34D00852A2A /* ARSLineProgressProtocols.swift in Sources */ = {isa = PBXBuildFile; fileRef = 4B3FE8961E44F34D00852A2A /* ARSLineProgressProtocols.swift */; };
		4B3FE8A01E44F34D00852A2A /* ARSLineProgressTypeAliases.swift in Sources */ = {isa = PBXBuildFile; fileRef = 4B3FE8971E44F34D00852A2A /* ARSLineProgressTypeAliases.swift */; };
		4B3FE8A11E44F34D00852A2A /* ARSProgressLoader.swift in Sources */ = {isa = PBXBuildFile; fileRef = 4B3FE8981E44F34D00852A2A /* ARSProgressLoader.swift */; };
		4B3FE8A21E44F34D00852A2A /* ARSStatus.swift in Sources */ = {isa = PBXBuildFile; fileRef = 4B3FE8991E44F34D00852A2A /* ARSStatus.swift */; };
		4B3FE8A41E44F3DA00852A2A /* ARSLineProgressHelpers.swift in Sources */ = {isa = PBXBuildFile; fileRef = 4B3FE8A31E44F3DA00852A2A /* ARSLineProgressHelpers.swift */; };
		4B4028AB1E23AA37006E703B /* Bucket.xcdatamodeld in Sources */ = {isa = PBXBuildFile; fileRef = 4B4028A91E23AA37006E703B /* Bucket.xcdatamodeld */; };
		4B47F17C1F08FEF600172176 /* UserProfileViewController.swift in Sources */ = {isa = PBXBuildFile; fileRef = 4B47F17B1F08FEF600172176 /* UserProfileViewController.swift */; };
		4B47F17F1F08FF4400172176 /* UserProfileHeaderView.swift in Sources */ = {isa = PBXBuildFile; fileRef = 4B47F17E1F08FF4400172176 /* UserProfileHeaderView.swift */; };
		4B47F1831F09092700172176 /* UserProfileTableViewCell.swift in Sources */ = {isa = PBXBuildFile; fileRef = 4B47F1821F09092700172176 /* UserProfileTableViewCell.swift */; };
		4B47F18C1F0936AA00172176 /* OrdersViewController.swift in Sources */ = {isa = PBXBuildFile; fileRef = 4B47F18B1F0936AA00172176 /* OrdersViewController.swift */; };
		4B47F18E1F0936C000172176 /* OrdersHeaderVIew.swift in Sources */ = {isa = PBXBuildFile; fileRef = 4B47F18D1F0936C000172176 /* OrdersHeaderVIew.swift */; };
		4B47F1901F0936D100172176 /* OrdersTableViewCell.swift in Sources */ = {isa = PBXBuildFile; fileRef = 4B47F18F1F0936D100172176 /* OrdersTableViewCell.swift */; };
		4B47F1941F094D3600172176 /* OrdersDetailViewController.swift in Sources */ = {isa = PBXBuildFile; fileRef = 4B47F1931F094D3600172176 /* OrdersDetailViewController.swift */; };
		4B48FB161F06446900A0E353 /* LoginViewController.swift in Sources */ = {isa = PBXBuildFile; fileRef = 4B48FB151F06446900A0E353 /* LoginViewController.swift */; };
		4B48FB181F0644B200A0E353 /* LoginContainerView.swift in Sources */ = {isa = PBXBuildFile; fileRef = 4B48FB171F0644B200A0E353 /* LoginContainerView.swift */; };
		4B48FB1A1F06504700A0E353 /* RegistrationViewController.swift in Sources */ = {isa = PBXBuildFile; fileRef = 4B48FB191F06504700A0E353 /* RegistrationViewController.swift */; };
		4B48FB1C1F06506400A0E353 /* RegistrationContainerView.swift in Sources */ = {isa = PBXBuildFile; fileRef = 4B48FB1B1F06506400A0E353 /* RegistrationContainerView.swift */; };
		4B48FB1E1F0650A600A0E353 /* PasswordResetViewController.swift in Sources */ = {isa = PBXBuildFile; fileRef = 4B48FB1D1F0650A600A0E353 /* PasswordResetViewController.swift */; };
		4B48FB201F0650BF00A0E353 /* PasswordResetContainerView.swift in Sources */ = {isa = PBXBuildFile; fileRef = 4B48FB1F1F0650BF00A0E353 /* PasswordResetContainerView.swift */; };
		4B4BE6CD1F1B64BD0054C441 /* PhotoMessageCell.swift in Sources */ = {isa = PBXBuildFile; fileRef = 4B4BE6CC1F1B64BD0054C441 /* PhotoMessageCell.swift */; };
		4B4BE6CF1F1B655E0054C441 /* BaseMessageCell.swift in Sources */ = {isa = PBXBuildFile; fileRef = 4B4BE6CE1F1B655E0054C441 /* BaseMessageCell.swift */; };
		4B4BE6D11F1B66550054C441 /* TextMessageCell.swift in Sources */ = {isa = PBXBuildFile; fileRef = 4B4BE6D01F1B66550054C441 /* TextMessageCell.swift */; };
		4B78B8661F1290D7000689B3 /* CenteredCollectionViewFlowLayout.swift in Sources */ = {isa = PBXBuildFile; fileRef = 4B78B8631F1290D7000689B3 /* CenteredCollectionViewFlowLayout.swift */; };
		4B78B8671F1290D7000689B3 /* AboutMaterialsCollectionViewCell.swift in Sources */ = {isa = PBXBuildFile; fileRef = 4B78B8641F1290D7000689B3 /* AboutMaterialsCollectionViewCell.swift */; };
		4B78B8681F1290D7000689B3 /* AboutMaterialsViewController.swift in Sources */ = {isa = PBXBuildFile; fileRef = 4B78B8651F1290D7000689B3 /* AboutMaterialsViewController.swift */; };
		4B7E59001F0E19C5003945D5 /* EditProfileViewController.swift in Sources */ = {isa = PBXBuildFile; fileRef = 4B7E58FF1F0E19C5003945D5 /* EditProfileViewController.swift */; };
		4B7E59021F0E1A13003945D5 /* EditProfileContainerView.swift in Sources */ = {isa = PBXBuildFile; fileRef = 4B7E59011F0E1A13003945D5 /* EditProfileContainerView.swift */; };
		4B916E841F0A8344007F1A23 /* AvalonPalette.swift in Sources */ = {isa = PBXBuildFile; fileRef = 4B916E831F0A8344007F1A23 /* AvalonPalette.swift */; };
		4B9466121F0FF3B800B595A1 /* Localizable.strings in Resources */ = {isa = PBXBuildFile; fileRef = 4B9466141F0FF3B800B595A1 /* Localizable.strings */; };
		4B94661E1F12415100B595A1 /* HomeViewControllerCell.xib in Resources */ = {isa = PBXBuildFile; fileRef = 4B94661D1F12415100B595A1 /* HomeViewControllerCell.xib */; };
		4B9E30CD1F1E316A00FF03C1 /* TypingIndicatorCell.swift in Sources */ = {isa = PBXBuildFile; fileRef = 4B9E30CC1F1E316A00FF03C1 /* TypingIndicatorCell.swift */; };
		4B9E30D81F1E92E000FF03C1 /* typingIndicator.gif in Resources */ = {isa = PBXBuildFile; fileRef = 4B9E30D71F1E92E000FF03C1 /* typingIndicator.gif */; };
		4B9E30DB1F1E9B1500FF03C1 /* ResetPasswordContainerView.swift in Sources */ = {isa = PBXBuildFile; fileRef = 4B9E30D91F1E9B1500FF03C1 /* ResetPasswordContainerView.swift */; };
		4B9E30DC1F1E9B1500FF03C1 /* ResetPasswordViewController.swift in Sources */ = {isa = PBXBuildFile; fileRef = 4B9E30DA1F1E9B1500FF03C1 /* ResetPasswordViewController.swift */; };
		4BB129CF1EA21B1900E44037 /* PriceCalculation.swift in Sources */ = {isa = PBXBuildFile; fileRef = 4BB129CE1EA21B1900E44037 /* PriceCalculation.swift */; };
		4BB66EEC1E3793AF006D9447 /* HomeViewControllerCell.swift in Sources */ = {isa = PBXBuildFile; fileRef = 4BB66EEA1E3793AF006D9447 /* HomeViewControllerCell.swift */; };
		4BBBABC71F28B2B8003CFFCC /* HomepageMenu.swift in Sources */ = {isa = PBXBuildFile; fileRef = 4BBBABC61F28B2B8003CFFCC /* HomepageMenu.swift */; };
		4BBDBE6D1E9ACB5F0006407E /* FetchingMaterialsAndPostPrintFromFIrebase.swift in Sources */ = {isa = PBXBuildFile; fileRef = 4BBDBE6C1E9ACB5F0006407E /* FetchingMaterialsAndPostPrintFromFIrebase.swift */; };
		4BBDDE7D1EF51BAE000CF3BE /* ShoppingCartVC.swift in Sources */ = {isa = PBXBuildFile; fileRef = 4BBDDE7C1EF51BAE000CF3BE /* ShoppingCartVC.swift */; };
		4BBDDE7F1EF51BEB000CF3BE /* ShoppingCartTableViewCell.swift in Sources */ = {isa = PBXBuildFile; fileRef = 4BBDDE7E1EF51BEB000CF3BE /* ShoppingCartTableViewCell.swift */; };
		4BBDDE811EF51CB4000CF3BE /* CheckoutButtonView.swift in Sources */ = {isa = PBXBuildFile; fileRef = 4BBDDE801EF51CB4000CF3BE /* CheckoutButtonView.swift */; };
		4BBDDE831EF52975000CF3BE /* ShoppingCellContainerView.swift in Sources */ = {isa = PBXBuildFile; fileRef = 4BBDDE821EF52975000CF3BE /* ShoppingCellContainerView.swift */; };
		4BBE51991EB2924C00A1F79E /* AutoSizingCollectionViewFlowLayout.swift in Sources */ = {isa = PBXBuildFile; fileRef = 4BBE51981EB2924C00A1F79E /* AutoSizingCollectionViewFlowLayout.swift */; };
		4BCC4E741EFD37A000085A9A /* StickersViewController.swift in Sources */ = {isa = PBXBuildFile; fileRef = 4BCC4E731EFD37A000085A9A /* StickersViewController.swift */; };
		4BCC4E761EFD438000085A9A /* CanvasViewController.swift in Sources */ = {isa = PBXBuildFile; fileRef = 4BCC4E751EFD438000085A9A /* CanvasViewController.swift */; };
		4BCC4E781EFD507700085A9A /* BannersViewController.swift in Sources */ = {isa = PBXBuildFile; fileRef = 4BCC4E771EFD507700085A9A /* BannersViewController.swift */; };
		4BCC4E7A1EFD601B00085A9A /* BannersPostprintView.swift in Sources */ = {isa = PBXBuildFile; fileRef = 4BCC4E791EFD601B00085A9A /* BannersPostprintView.swift */; };
		4BCC4E7D1EFD9B9F00085A9A /* ContactsTableViewController.swift in Sources */ = {isa = PBXBuildFile; fileRef = 4BCC4E7C1EFD9B9F00085A9A /* ContactsTableViewController.swift */; };
		4BCC4E7F1EFDA4DC00085A9A /* ContactsTableViewCell.swift in Sources */ = {isa = PBXBuildFile; fileRef = 4BCC4E7E1EFDA4DC00085A9A /* ContactsTableViewCell.swift */; };
		4BD8DB9F1E3BB0450080EEAB /* GoogleService-Info.plist in Resources */ = {isa = PBXBuildFile; fileRef = 4BD8DB9E1E3BB0450080EEAB /* GoogleService-Info.plist */; };
		4BDBFD211EFE6D6400010AEA /* InformationTableViewController.swift in Sources */ = {isa = PBXBuildFile; fileRef = 4BDBFD201EFE6D6400010AEA /* InformationTableViewController.swift */; };
		4BDBFD231EFE762700010AEA /* DetailInformationViewController.swift in Sources */ = {isa = PBXBuildFile; fileRef = 4BDBFD221EFE762700010AEA /* DetailInformationViewController.swift */; };
		4BDC374A1F012835009F6E47 /* ShoppingCartDetailLayoutTableViewCell.swift in Sources */ = {isa = PBXBuildFile; fileRef = 4BDC37491F012835009F6E47 /* ShoppingCartDetailLayoutTableViewCell.swift */; };
		4BDC374E1F012AFC009F6E47 /* ShoppingCartDetailTextTableViewCell.swift in Sources */ = {isa = PBXBuildFile; fileRef = 4BDC374D1F012AFC009F6E47 /* ShoppingCartDetailTextTableViewCell.swift */; };
		4BDC37511F012B73009F6E47 /* ShoppingCartDetailTableViewController.swift in Sources */ = {isa = PBXBuildFile; fileRef = 4BDC37501F012B73009F6E47 /* ShoppingCartDetailTableViewController.swift */; };
		4BE3DBA61EFAC2DA00DADA39 /* MainNavigationController.swift in Sources */ = {isa = PBXBuildFile; fileRef = 4BE3DBA51EFAC2DA00DADA39 /* MainNavigationController.swift */; };
		4BE3DBA81EFAC37600DADA39 /* HomeViewController.swift in Sources */ = {isa = PBXBuildFile; fileRef = 4BE3DBA71EFAC37600DADA39 /* HomeViewController.swift */; };
		4BE3DBAB1EFAC53400DADA39 /* public.swift in Sources */ = {isa = PBXBuildFile; fileRef = 4BE3DBAA1EFAC53400DADA39 /* public.swift */; };
		4BE3DBAE1EFAD2FE00DADA39 /* PostersStickersCanvasTopBlockView.swift in Sources */ = {isa = PBXBuildFile; fileRef = 4BE3DBAD1EFAD2FE00DADA39 /* PostersStickersCanvasTopBlockView.swift */; };
		4BE3DBB01EFAD31300DADA39 /* LayoutSelectionView.swift in Sources */ = {isa = PBXBuildFile; fileRef = 4BE3DBAF1EFAD31300DADA39 /* LayoutSelectionView.swift */; };
		4BE3DBB21EFAD33300DADA39 /* PriceAndAddToCartView.swift in Sources */ = {isa = PBXBuildFile; fileRef = 4BE3DBB11EFAD33300DADA39 /* PriceAndAddToCartView.swift */; };
		4BE3DBB41EFAD37200DADA39 /* PostersViewController.swift in Sources */ = {isa = PBXBuildFile; fileRef = 4BE3DBB31EFAD37200DADA39 /* PostersViewController.swift */; };
		4BE3DBB61EFB120000DADA39 /* AvalonUIButtonLight.swift in Sources */ = {isa = PBXBuildFile; fileRef = 4BE3DBB51EFB120000DADA39 /* AvalonUIButtonLight.swift */; };
		4BF0AAAC1F0AB67100140C55 /* WorksDetailTableViewController.swift in Sources */ = {isa = PBXBuildFile; fileRef = 4BF0AAAB1F0AB67100140C55 /* WorksDetailTableViewController.swift */; };
		4BF0AAAE1F0AB74900140C55 /* WorksDetailTextTableViewCell.swift in Sources */ = {isa = PBXBuildFile; fileRef = 4BF0AAAD1F0AB74900140C55 /* WorksDetailTextTableViewCell.swift */; };
		4BF0AAB01F0AB76200140C55 /* WorksDetailImageTableViewCell.swift in Sources */ = {isa = PBXBuildFile; fileRef = 4BF0AAAF1F0AB76200140C55 /* WorksDetailImageTableViewCell.swift */; };
		4BF0AAB41F0AC2C000140C55 /* OrdersDetailTableViewCell.swift in Sources */ = {isa = PBXBuildFile; fileRef = 4BF0AAB31F0AC2C000140C55 /* OrdersDetailTableViewCell.swift */; };
		4BF0AAB61F0AC2D900140C55 /* OrdersDetailContainerView.swift in Sources */ = {isa = PBXBuildFile; fileRef = 4BF0AAB51F0AC2D900140C55 /* OrdersDetailContainerView.swift */; };
		4BF0C5131F0C0FFD001C3EA1 /* StorageTableViewController.swift in Sources */ = {isa = PBXBuildFile; fileRef = 4BF0C5121F0C0FFD001C3EA1 /* StorageTableViewController.swift */; };
		4BF3D4391EF6DE6D0061D337 /* CheckoutVCOrderSender.swift in Sources */ = {isa = PBXBuildFile; fileRef = 4BF3D4381EF6DE6D0061D337 /* CheckoutVCOrderSender.swift */; };
		4BF7187E1EBF1BCC00D079D9 /* DeckDismissingAnimationController.swift in Sources */ = {isa = PBXBuildFile; fileRef = 4BF718781EBF1BCC00D079D9 /* DeckDismissingAnimationController.swift */; };
		4BF7187F1EBF1BCC00D079D9 /* DeckPresentationController.swift in Sources */ = {isa = PBXBuildFile; fileRef = 4BF718791EBF1BCC00D079D9 /* DeckPresentationController.swift */; };
		4BF718801EBF1BCC00D079D9 /* DeckPresentingAnimationController.swift in Sources */ = {isa = PBXBuildFile; fileRef = 4BF7187A1EBF1BCC00D079D9 /* DeckPresentingAnimationController.swift */; };
		4BF718811EBF1BCC00D079D9 /* DeckSegue.swift in Sources */ = {isa = PBXBuildFile; fileRef = 4BF7187B1EBF1BCC00D079D9 /* DeckSegue.swift */; };
		4BF718821EBF1BCC00D079D9 /* DeckTransitioningDelegate.swift in Sources */ = {isa = PBXBuildFile; fileRef = 4BF7187C1EBF1BCC00D079D9 /* DeckTransitioningDelegate.swift */; };
		4BF718831EBF1BCC00D079D9 /* Utilities.swift in Sources */ = {isa = PBXBuildFile; fileRef = 4BF7187D1EBF1BCC00D079D9 /* Utilities.swift */; };
		4BFD11C61E841F520026E152 /* Message.swift in Sources */ = {isa = PBXBuildFile; fileRef = 4BFD11C41E841F520026E152 /* Message.swift */; };
		4BFD11C71E841F520026E152 /* User.swift in Sources */ = {isa = PBXBuildFile; fileRef = 4BFD11C51E841F520026E152 /* User.swift */; };
		4BFD11CA1E841F6F0026E152 /* Extensions.swift in Sources */ = {isa = PBXBuildFile; fileRef = 4BFD11C91E841F6F0026E152 /* Extensions.swift */; };
		4BFD11D01E841F910026E152 /* ChatLogController.swift in Sources */ = {isa = PBXBuildFile; fileRef = 4BFD11CB1E841F910026E152 /* ChatLogController.swift */; };
		4BFD11D31E841F910026E152 /* MessagesController.swift in Sources */ = {isa = PBXBuildFile; fileRef = 4BFD11CE1E841F910026E152 /* MessagesController.swift */; };
		4BFD11D41E841F910026E152 /* NewMessageController.swift in Sources */ = {isa = PBXBuildFile; fileRef = 4BFD11CF1E841F910026E152 /* NewMessageController.swift */; };
		4BFD11D81E841FA50026E152 /* ChatInputContainerView.swift in Sources */ = {isa = PBXBuildFile; fileRef = 4BFD11D51E841FA50026E152 /* ChatInputContainerView.swift */; };
		4BFD11DA1E841FA50026E152 /* UserCell.swift in Sources */ = {isa = PBXBuildFile; fileRef = 4BFD11D71E841FA50026E152 /* UserCell.swift */; };
		E3A771AD5BE84BBD89BE16E0 /* Pods_Avalon_Print.framework in Frameworks */ = {isa = PBXBuildFile; fileRef = 0428C93784D8F1D699100807 /* Pods_Avalon_Print.framework */; };
/* End PBXBuildFile section */

/* Begin PBXCopyFilesBuildPhase section */
		4B5A3D971E2FDF6D00E10A17 /* Embed App Extensions */ = {
			isa = PBXCopyFilesBuildPhase;
			buildActionMask = 2147483647;
			dstPath = "";
			dstSubfolderSpec = 13;
			files = (
			);
			name = "Embed App Extensions";
			runOnlyForDeploymentPostprocessing = 0;
		};
		4B5A3DA91E2FDF8300E10A17 /* Embed Frameworks */ = {
			isa = PBXCopyFilesBuildPhase;
			buildActionMask = 2147483647;
			dstPath = "";
			dstSubfolderSpec = 10;
			files = (
			);
			name = "Embed Frameworks";
			runOnlyForDeploymentPostprocessing = 0;
		};
/* End PBXCopyFilesBuildPhase section */

/* Begin PBXFileReference section */
		0428C93784D8F1D699100807 /* Pods_Avalon_Print.framework */ = {isa = PBXFileReference; explicitFileType = wrapper.framework; includeInIndex = 0; path = Pods_Avalon_Print.framework; sourceTree = BUILT_PRODUCTS_DIR; };
		4B0055241EF666E0002EAE4E /* CheckoutVC.swift */ = {isa = PBXFileReference; fileEncoding = 4; lastKnownFileType = sourcecode.swift; name = CheckoutVC.swift; path = "Avalon-print/CheckoutVC.swift"; sourceTree = SOURCE_ROOT; };
		4B0055261EF67461002EAE4E /* AvalonUITextField.swift */ = {isa = PBXFileReference; fileEncoding = 4; lastKnownFileType = sourcecode.swift; name = AvalonUITextField.swift; path = "Avalon-print/AvalonUITextField.swift"; sourceTree = SOURCE_ROOT; };
		4B0055281EF67804002EAE4E /* CheckoutVCContainer.swift */ = {isa = PBXFileReference; fileEncoding = 4; lastKnownFileType = sourcecode.swift; name = CheckoutVCContainer.swift; path = "Avalon-print/CheckoutVCContainer.swift"; sourceTree = SOURCE_ROOT; };
		4B00552A1EF68EC8002EAE4E /* AvalonUIButton.swift */ = {isa = PBXFileReference; fileEncoding = 4; lastKnownFileType = sourcecode.swift; name = AvalonUIButton.swift; path = "Avalon-print/AvalonUIButton.swift"; sourceTree = SOURCE_ROOT; };
		4B0E8BBC1F02AEA100DF8580 /* PictureZoomHandling.swift */ = {isa = PBXFileReference; fileEncoding = 4; lastKnownFileType = sourcecode.swift; name = PictureZoomHandling.swift; path = "Avalon-print/PictureZoomHandling.swift"; sourceTree = SOURCE_ROOT; };
		4B17D3261E33F97C0070DE27 /* ExpandingMaterialTableViewController.swift */ = {isa = PBXFileReference; fileEncoding = 4; lastKnownFileType = sourcecode.swift; name = ExpandingMaterialTableViewController.swift; path = "Avalon-print/ExpandingMaterialTableViewController.swift"; sourceTree = SOURCE_ROOT; };
		4B25E41D1F06AFC3007A10E1 /* HidingNavigationBarManager.swift */ = {isa = PBXFileReference; fileEncoding = 4; lastKnownFileType = sourcecode.swift; name = HidingNavigationBarManager.swift; path = "Avalon-print/HidingNavigationBar/HidingNavigationBarManager.swift"; sourceTree = SOURCE_ROOT; };
		4B25E41E1F06AFC3007A10E1 /* HidingViewController.swift */ = {isa = PBXFileReference; fileEncoding = 4; lastKnownFileType = sourcecode.swift; name = HidingViewController.swift; path = "Avalon-print/HidingNavigationBar/HidingViewController.swift"; sourceTree = SOURCE_ROOT; };
		4B3DFEE01E3178CD00F508F7 /* HelpingFunctions.swift */ = {isa = PBXFileReference; fileEncoding = 4; lastKnownFileType = sourcecode.swift; name = HelpingFunctions.swift; path = "Avalon-print/HelpingFunctions.swift"; sourceTree = SOURCE_ROOT; };
		4B3F81A81E226FC300034E3E /* MapViewController.swift */ = {isa = PBXFileReference; fileEncoding = 4; lastKnownFileType = sourcecode.swift; name = MapViewController.swift; path = "Avalon-print/MapViewController.swift"; sourceTree = SOURCE_ROOT; };
		4B3F81B71E22702300034E3E /* AppDelegate.swift */ = {isa = PBXFileReference; fileEncoding = 4; lastKnownFileType = sourcecode.swift; name = AppDelegate.swift; path = "Avalon-print/AppDelegate.swift"; sourceTree = SOURCE_ROOT; };
		4B3F81BA1E22702300034E3E /* Assets.xcassets */ = {isa = PBXFileReference; lastKnownFileType = folder.assetcatalog; name = Assets.xcassets; path = "Avalon-print/Assets.xcassets"; sourceTree = SOURCE_ROOT; };
		4B3F81C11E22706100034E3E /* ENMBadgedBarButton.h */ = {isa = PBXFileReference; fileEncoding = 4; lastKnownFileType = sourcecode.c.h; name = ENMBadgedBarButton.h; path = "Avalon-print/ENMBadgedBarButton.h"; sourceTree = SOURCE_ROOT; };
		4B3F81C21E22706100034E3E /* ENMBadgedBarButtonItem.swift */ = {isa = PBXFileReference; fileEncoding = 4; lastKnownFileType = sourcecode.swift; name = ENMBadgedBarButtonItem.swift; path = "Avalon-print/ENMBadgedBarButtonItem.swift"; sourceTree = SOURCE_ROOT; };
		4B3FE8661E44B59200852A2A /* InitialImageView.swift */ = {isa = PBXFileReference; fileEncoding = 4; lastKnownFileType = sourcecode.swift; name = InitialImageView.swift; path = "Avalon-print/InitialImageView.swift"; sourceTree = SOURCE_ROOT; };
		4B3FE8911E44F34D00852A2A /* ARSInfiniteLoader.swift */ = {isa = PBXFileReference; fileEncoding = 4; lastKnownFileType = sourcecode.swift; name = ARSInfiniteLoader.swift; path = "Avalon-print/progressIndicator/ARSInfiniteLoader.swift"; sourceTree = SOURCE_ROOT; };
		4B3FE8921E44F34D00852A2A /* ARSLineProgress.swift */ = {isa = PBXFileReference; fileEncoding = 4; lastKnownFileType = sourcecode.swift; name = ARSLineProgress.swift; path = "Avalon-print/progressIndicator/ARSLineProgress.swift"; sourceTree = SOURCE_ROOT; };
		4B3FE8931E44F34D00852A2A /* ARSLineProgressConstants.swift */ = {isa = PBXFileReference; fileEncoding = 4; lastKnownFileType = sourcecode.swift; name = ARSLineProgressConstants.swift; path = "Avalon-print/progressIndicator/ARSLineProgressConstants.swift"; sourceTree = SOURCE_ROOT; };
		4B3FE8941E44F34D00852A2A /* ARSLineProgressCustomization.swift */ = {isa = PBXFileReference; fileEncoding = 4; lastKnownFileType = sourcecode.swift; name = ARSLineProgressCustomization.swift; path = "Avalon-print/progressIndicator/ARSLineProgressCustomization.swift"; sourceTree = SOURCE_ROOT; };
		4B3FE8951E44F34D00852A2A /* ARSLineProgressExtensions.swift */ = {isa = PBXFileReference; fileEncoding = 4; lastKnownFileType = sourcecode.swift; name = ARSLineProgressExtensions.swift; path = "Avalon-print/progressIndicator/ARSLineProgressExtensions.swift"; sourceTree = SOURCE_ROOT; };
		4B3FE8961E44F34D00852A2A /* ARSLineProgressProtocols.swift */ = {isa = PBXFileReference; fileEncoding = 4; lastKnownFileType = sourcecode.swift; name = ARSLineProgressProtocols.swift; path = "Avalon-print/progressIndicator/ARSLineProgressProtocols.swift"; sourceTree = SOURCE_ROOT; };
		4B3FE8971E44F34D00852A2A /* ARSLineProgressTypeAliases.swift */ = {isa = PBXFileReference; fileEncoding = 4; lastKnownFileType = sourcecode.swift; name = ARSLineProgressTypeAliases.swift; path = "Avalon-print/progressIndicator/ARSLineProgressTypeAliases.swift"; sourceTree = SOURCE_ROOT; };
		4B3FE8981E44F34D00852A2A /* ARSProgressLoader.swift */ = {isa = PBXFileReference; fileEncoding = 4; lastKnownFileType = sourcecode.swift; name = ARSProgressLoader.swift; path = "Avalon-print/progressIndicator/ARSProgressLoader.swift"; sourceTree = SOURCE_ROOT; };
		4B3FE8991E44F34D00852A2A /* ARSStatus.swift */ = {isa = PBXFileReference; fileEncoding = 4; lastKnownFileType = sourcecode.swift; name = ARSStatus.swift; path = "Avalon-print/progressIndicator/ARSStatus.swift"; sourceTree = SOURCE_ROOT; };
		4B3FE8A31E44F3DA00852A2A /* ARSLineProgressHelpers.swift */ = {isa = PBXFileReference; fileEncoding = 4; lastKnownFileType = sourcecode.swift; name = ARSLineProgressHelpers.swift; path = "Avalon-print/progressIndicator/ARSLineProgressHelpers.swift"; sourceTree = SOURCE_ROOT; };
		4B4028AA1E23AA37006E703B /* Bucket.xcdatamodel */ = {isa = PBXFileReference; lastKnownFileType = wrapper.xcdatamodel; path = Bucket.xcdatamodel; sourceTree = "<group>"; };
		4B47F17B1F08FEF600172176 /* UserProfileViewController.swift */ = {isa = PBXFileReference; fileEncoding = 4; lastKnownFileType = sourcecode.swift; name = UserProfileViewController.swift; path = "Avalon-print/UserProfileViewController.swift"; sourceTree = SOURCE_ROOT; };
		4B47F17E1F08FF4400172176 /* UserProfileHeaderView.swift */ = {isa = PBXFileReference; fileEncoding = 4; lastKnownFileType = sourcecode.swift; name = UserProfileHeaderView.swift; path = "Avalon-print/UserProfileHeaderView.swift"; sourceTree = SOURCE_ROOT; };
		4B47F1821F09092700172176 /* UserProfileTableViewCell.swift */ = {isa = PBXFileReference; fileEncoding = 4; lastKnownFileType = sourcecode.swift; name = UserProfileTableViewCell.swift; path = "Avalon-print/UserProfileTableViewCell.swift"; sourceTree = SOURCE_ROOT; };
		4B47F18B1F0936AA00172176 /* OrdersViewController.swift */ = {isa = PBXFileReference; fileEncoding = 4; lastKnownFileType = sourcecode.swift; name = OrdersViewController.swift; path = "Avalon-print/OrdersViewController.swift"; sourceTree = SOURCE_ROOT; };
		4B47F18D1F0936C000172176 /* OrdersHeaderVIew.swift */ = {isa = PBXFileReference; fileEncoding = 4; lastKnownFileType = sourcecode.swift; name = OrdersHeaderVIew.swift; path = "Avalon-print/OrdersHeaderVIew.swift"; sourceTree = SOURCE_ROOT; };
		4B47F18F1F0936D100172176 /* OrdersTableViewCell.swift */ = {isa = PBXFileReference; fileEncoding = 4; lastKnownFileType = sourcecode.swift; name = OrdersTableViewCell.swift; path = "Avalon-print/OrdersTableViewCell.swift"; sourceTree = SOURCE_ROOT; };
		4B47F1931F094D3600172176 /* OrdersDetailViewController.swift */ = {isa = PBXFileReference; fileEncoding = 4; lastKnownFileType = sourcecode.swift; name = OrdersDetailViewController.swift; path = "Avalon-print/OrdersDetailViewController.swift"; sourceTree = SOURCE_ROOT; };
		4B48FB151F06446900A0E353 /* LoginViewController.swift */ = {isa = PBXFileReference; fileEncoding = 4; lastKnownFileType = sourcecode.swift; name = LoginViewController.swift; path = "Avalon-print/LoginViewController.swift"; sourceTree = SOURCE_ROOT; };
		4B48FB171F0644B200A0E353 /* LoginContainerView.swift */ = {isa = PBXFileReference; fileEncoding = 4; lastKnownFileType = sourcecode.swift; name = LoginContainerView.swift; path = "Avalon-print/LoginContainerView.swift"; sourceTree = SOURCE_ROOT; };
		4B48FB191F06504700A0E353 /* RegistrationViewController.swift */ = {isa = PBXFileReference; fileEncoding = 4; lastKnownFileType = sourcecode.swift; name = RegistrationViewController.swift; path = "Avalon-print/RegistrationViewController.swift"; sourceTree = SOURCE_ROOT; };
		4B48FB1B1F06506400A0E353 /* RegistrationContainerView.swift */ = {isa = PBXFileReference; fileEncoding = 4; lastKnownFileType = sourcecode.swift; name = RegistrationContainerView.swift; path = "Avalon-print/RegistrationContainerView.swift"; sourceTree = SOURCE_ROOT; };
		4B48FB1D1F0650A600A0E353 /* PasswordResetViewController.swift */ = {isa = PBXFileReference; fileEncoding = 4; lastKnownFileType = sourcecode.swift; name = PasswordResetViewController.swift; path = "Avalon-print/PasswordResetViewController.swift"; sourceTree = SOURCE_ROOT; };
		4B48FB1F1F0650BF00A0E353 /* PasswordResetContainerView.swift */ = {isa = PBXFileReference; fileEncoding = 4; lastKnownFileType = sourcecode.swift; name = PasswordResetContainerView.swift; path = "Avalon-print/PasswordResetContainerView.swift"; sourceTree = SOURCE_ROOT; };
		4B4BE6CC1F1B64BD0054C441 /* PhotoMessageCell.swift */ = {isa = PBXFileReference; fileEncoding = 4; lastKnownFileType = sourcecode.swift; name = PhotoMessageCell.swift; path = "Avalon-print/Messenger/PhotoMessageCell.swift"; sourceTree = SOURCE_ROOT; };
		4B4BE6CE1F1B655E0054C441 /* BaseMessageCell.swift */ = {isa = PBXFileReference; fileEncoding = 4; lastKnownFileType = sourcecode.swift; name = BaseMessageCell.swift; path = "Avalon-print/Messenger/BaseMessageCell.swift"; sourceTree = SOURCE_ROOT; };
		4B4BE6D01F1B66550054C441 /* TextMessageCell.swift */ = {isa = PBXFileReference; fileEncoding = 4; lastKnownFileType = sourcecode.swift; name = TextMessageCell.swift; path = "Avalon-print/Messenger/TextMessageCell.swift"; sourceTree = SOURCE_ROOT; };
		4B5A3D881E2FDF6D00E10A17 /* NotificationCenter.framework */ = {isa = PBXFileReference; lastKnownFileType = wrapper.framework; name = NotificationCenter.framework; path = System/Library/Frameworks/NotificationCenter.framework; sourceTree = SDKROOT; };
		4B78B8631F1290D7000689B3 /* CenteredCollectionViewFlowLayout.swift */ = {isa = PBXFileReference; fileEncoding = 4; lastKnownFileType = sourcecode.swift; name = CenteredCollectionViewFlowLayout.swift; path = "Avalon-print/InfoAboutMaterialViewControllers/CenteredCollectionViewFlowLayout.swift"; sourceTree = SOURCE_ROOT; };
		4B78B8641F1290D7000689B3 /* AboutMaterialsCollectionViewCell.swift */ = {isa = PBXFileReference; fileEncoding = 4; lastKnownFileType = sourcecode.swift; name = AboutMaterialsCollectionViewCell.swift; path = "Avalon-print/InfoAboutMaterialViewControllers/AboutMaterialsCollectionViewCell.swift"; sourceTree = SOURCE_ROOT; };
		4B78B8651F1290D7000689B3 /* AboutMaterialsViewController.swift */ = {isa = PBXFileReference; fileEncoding = 4; lastKnownFileType = sourcecode.swift; name = AboutMaterialsViewController.swift; path = "Avalon-print/InfoAboutMaterialViewControllers/AboutMaterialsViewController.swift"; sourceTree = SOURCE_ROOT; };
		4B7E58FF1F0E19C5003945D5 /* EditProfileViewController.swift */ = {isa = PBXFileReference; fileEncoding = 4; lastKnownFileType = sourcecode.swift; name = EditProfileViewController.swift; path = "Avalon-print/EditProfileViewController.swift"; sourceTree = SOURCE_ROOT; };
		4B7E59011F0E1A13003945D5 /* EditProfileContainerView.swift */ = {isa = PBXFileReference; fileEncoding = 4; lastKnownFileType = sourcecode.swift; name = EditProfileContainerView.swift; path = "Avalon-print/EditProfileContainerView.swift"; sourceTree = SOURCE_ROOT; };
		4B916E831F0A8344007F1A23 /* AvalonPalette.swift */ = {isa = PBXFileReference; fileEncoding = 4; lastKnownFileType = sourcecode.swift; name = AvalonPalette.swift; path = "Avalon-print/AvalonPalette.swift"; sourceTree = SOURCE_ROOT; };
		4B9466151F0FF3C100B595A1 /* en */ = {isa = PBXFileReference; lastKnownFileType = text.plist.strings; name = en; path = en.lproj/Localizable.strings; sourceTree = "<group>"; };
		4B9466161F0FF3CB00B595A1 /* ru */ = {isa = PBXFileReference; lastKnownFileType = text.plist.strings; name = ru; path = ru.lproj/Localizable.strings; sourceTree = "<group>"; };
		4B94661D1F12415100B595A1 /* HomeViewControllerCell.xib */ = {isa = PBXFileReference; fileEncoding = 4; lastKnownFileType = file.xib; name = HomeViewControllerCell.xib; path = "Avalon-print/HomeViewControllerCell.xib"; sourceTree = SOURCE_ROOT; };
		4B9E30CC1F1E316A00FF03C1 /* TypingIndicatorCell.swift */ = {isa = PBXFileReference; fileEncoding = 4; lastKnownFileType = sourcecode.swift; name = TypingIndicatorCell.swift; path = "Avalon-print/Messenger/TypingIndicatorCell.swift"; sourceTree = SOURCE_ROOT; };
		4B9E30D71F1E92E000FF03C1 /* typingIndicator.gif */ = {isa = PBXFileReference; lastKnownFileType = image.gif; name = typingIndicator.gif; path = "Avalon-print/Messenger/Media/typingIndicator.gif"; sourceTree = SOURCE_ROOT; };
		4B9E30D91F1E9B1500FF03C1 /* ResetPasswordContainerView.swift */ = {isa = PBXFileReference; fileEncoding = 4; lastKnownFileType = sourcecode.swift; name = ResetPasswordContainerView.swift; path = "Avalon-print/ResetPasswordContainerView.swift"; sourceTree = SOURCE_ROOT; };
		4B9E30DA1F1E9B1500FF03C1 /* ResetPasswordViewController.swift */ = {isa = PBXFileReference; fileEncoding = 4; lastKnownFileType = sourcecode.swift; name = ResetPasswordViewController.swift; path = "Avalon-print/ResetPasswordViewController.swift"; sourceTree = SOURCE_ROOT; };
		4BB129CE1EA21B1900E44037 /* PriceCalculation.swift */ = {isa = PBXFileReference; fileEncoding = 4; lastKnownFileType = sourcecode.swift; name = PriceCalculation.swift; path = "Avalon-print/PriceCalculation.swift"; sourceTree = SOURCE_ROOT; };
		4BB66EEA1E3793AF006D9447 /* HomeViewControllerCell.swift */ = {isa = PBXFileReference; fileEncoding = 4; lastKnownFileType = sourcecode.swift; name = HomeViewControllerCell.swift; path = "Avalon-print/HomeViewControllerCell.swift"; sourceTree = SOURCE_ROOT; };
		4BBBABC61F28B2B8003CFFCC /* HomepageMenu.swift */ = {isa = PBXFileReference; fileEncoding = 4; lastKnownFileType = sourcecode.swift; name = HomepageMenu.swift; path = "Avalon-print/HomepageMenu.swift"; sourceTree = SOURCE_ROOT; };
		4BBDBE6C1E9ACB5F0006407E /* FetchingMaterialsAndPostPrintFromFIrebase.swift */ = {isa = PBXFileReference; fileEncoding = 4; lastKnownFileType = sourcecode.swift; name = FetchingMaterialsAndPostPrintFromFIrebase.swift; path = "Avalon-print/FetchingMaterialsAndPostPrintFromFIrebase.swift"; sourceTree = SOURCE_ROOT; };
		4BBDDE7C1EF51BAE000CF3BE /* ShoppingCartVC.swift */ = {isa = PBXFileReference; fileEncoding = 4; lastKnownFileType = sourcecode.swift; name = ShoppingCartVC.swift; path = "Avalon-print/ShoppingCartVC.swift"; sourceTree = SOURCE_ROOT; };
		4BBDDE7E1EF51BEB000CF3BE /* ShoppingCartTableViewCell.swift */ = {isa = PBXFileReference; fileEncoding = 4; lastKnownFileType = sourcecode.swift; name = ShoppingCartTableViewCell.swift; path = "Avalon-print/ShoppingCartTableViewCell.swift"; sourceTree = SOURCE_ROOT; };
		4BBDDE801EF51CB4000CF3BE /* CheckoutButtonView.swift */ = {isa = PBXFileReference; fileEncoding = 4; lastKnownFileType = sourcecode.swift; name = CheckoutButtonView.swift; path = "Avalon-print/CheckoutButtonView.swift"; sourceTree = SOURCE_ROOT; };
		4BBDDE821EF52975000CF3BE /* ShoppingCellContainerView.swift */ = {isa = PBXFileReference; fileEncoding = 4; lastKnownFileType = sourcecode.swift; name = ShoppingCellContainerView.swift; path = "Avalon-print/ShoppingCellContainerView.swift"; sourceTree = SOURCE_ROOT; };
		4BBE51981EB2924C00A1F79E /* AutoSizingCollectionViewFlowLayout.swift */ = {isa = PBXFileReference; fileEncoding = 4; lastKnownFileType = sourcecode.swift; name = AutoSizingCollectionViewFlowLayout.swift; path = "Avalon-print/Messenger/AutoSizingCollectionViewFlowLayout.swift"; sourceTree = SOURCE_ROOT; };
		4BCC4E731EFD37A000085A9A /* StickersViewController.swift */ = {isa = PBXFileReference; fileEncoding = 4; lastKnownFileType = sourcecode.swift; name = StickersViewController.swift; path = "Avalon-print/StickersViewController.swift"; sourceTree = SOURCE_ROOT; };
		4BCC4E751EFD438000085A9A /* CanvasViewController.swift */ = {isa = PBXFileReference; fileEncoding = 4; lastKnownFileType = sourcecode.swift; name = CanvasViewController.swift; path = "Avalon-print/CanvasViewController.swift"; sourceTree = SOURCE_ROOT; };
		4BCC4E771EFD507700085A9A /* BannersViewController.swift */ = {isa = PBXFileReference; fileEncoding = 4; lastKnownFileType = sourcecode.swift; name = BannersViewController.swift; path = "Avalon-print/BannersViewController.swift"; sourceTree = SOURCE_ROOT; };
		4BCC4E791EFD601B00085A9A /* BannersPostprintView.swift */ = {isa = PBXFileReference; fileEncoding = 4; lastKnownFileType = sourcecode.swift; name = BannersPostprintView.swift; path = "Avalon-print/BannersPostprintView.swift"; sourceTree = SOURCE_ROOT; };
		4BCC4E7C1EFD9B9F00085A9A /* ContactsTableViewController.swift */ = {isa = PBXFileReference; fileEncoding = 4; lastKnownFileType = sourcecode.swift; name = ContactsTableViewController.swift; path = "Avalon-print/ContactsTableViewController.swift"; sourceTree = SOURCE_ROOT; };
		4BCC4E7E1EFDA4DC00085A9A /* ContactsTableViewCell.swift */ = {isa = PBXFileReference; fileEncoding = 4; lastKnownFileType = sourcecode.swift; name = ContactsTableViewCell.swift; path = "Avalon-print/ContactsTableViewCell.swift"; sourceTree = SOURCE_ROOT; };
		4BD8DB9E1E3BB0450080EEAB /* GoogleService-Info.plist */ = {isa = PBXFileReference; fileEncoding = 4; lastKnownFileType = text.plist.xml; path = "GoogleService-Info.plist"; sourceTree = SOURCE_ROOT; };
		4BDBFD201EFE6D6400010AEA /* InformationTableViewController.swift */ = {isa = PBXFileReference; fileEncoding = 4; lastKnownFileType = sourcecode.swift; name = InformationTableViewController.swift; path = "Avalon-print/InformationTableViewController.swift"; sourceTree = SOURCE_ROOT; };
		4BDBFD221EFE762700010AEA /* DetailInformationViewController.swift */ = {isa = PBXFileReference; fileEncoding = 4; lastKnownFileType = sourcecode.swift; name = DetailInformationViewController.swift; path = "Avalon-print/DetailInformationViewController.swift"; sourceTree = SOURCE_ROOT; };
		4BDC37491F012835009F6E47 /* ShoppingCartDetailLayoutTableViewCell.swift */ = {isa = PBXFileReference; fileEncoding = 4; lastKnownFileType = sourcecode.swift; name = ShoppingCartDetailLayoutTableViewCell.swift; path = "Avalon-print/ShoppingCartDetailLayoutTableViewCell.swift"; sourceTree = SOURCE_ROOT; };
		4BDC374D1F012AFC009F6E47 /* ShoppingCartDetailTextTableViewCell.swift */ = {isa = PBXFileReference; fileEncoding = 4; lastKnownFileType = sourcecode.swift; name = ShoppingCartDetailTextTableViewCell.swift; path = "Avalon-print/ShoppingCartDetailTextTableViewCell.swift"; sourceTree = SOURCE_ROOT; };
		4BDC37501F012B73009F6E47 /* ShoppingCartDetailTableViewController.swift */ = {isa = PBXFileReference; fileEncoding = 4; lastKnownFileType = sourcecode.swift; name = ShoppingCartDetailTableViewController.swift; path = "Avalon-print/ShoppingCartDetailTableViewController.swift"; sourceTree = SOURCE_ROOT; };
		4BE3DBA51EFAC2DA00DADA39 /* MainNavigationController.swift */ = {isa = PBXFileReference; fileEncoding = 4; lastKnownFileType = sourcecode.swift; name = MainNavigationController.swift; path = "Avalon-print/MainNavigationController.swift"; sourceTree = SOURCE_ROOT; };
		4BE3DBA71EFAC37600DADA39 /* HomeViewController.swift */ = {isa = PBXFileReference; fileEncoding = 4; lastKnownFileType = sourcecode.swift; name = HomeViewController.swift; path = "Avalon-print/HomeViewController.swift"; sourceTree = SOURCE_ROOT; };
		4BE3DBAA1EFAC53400DADA39 /* public.swift */ = {isa = PBXFileReference; fileEncoding = 4; lastKnownFileType = sourcecode.swift; name = public.swift; path = "Avalon-print/public.swift"; sourceTree = SOURCE_ROOT; };
		4BE3DBAD1EFAD2FE00DADA39 /* PostersStickersCanvasTopBlockView.swift */ = {isa = PBXFileReference; fileEncoding = 4; lastKnownFileType = sourcecode.swift; name = PostersStickersCanvasTopBlockView.swift; path = "Avalon-print/PostersStickersCanvasTopBlockView.swift"; sourceTree = SOURCE_ROOT; };
		4BE3DBAF1EFAD31300DADA39 /* LayoutSelectionView.swift */ = {isa = PBXFileReference; fileEncoding = 4; lastKnownFileType = sourcecode.swift; name = LayoutSelectionView.swift; path = "Avalon-print/LayoutSelectionView.swift"; sourceTree = SOURCE_ROOT; };
		4BE3DBB11EFAD33300DADA39 /* PriceAndAddToCartView.swift */ = {isa = PBXFileReference; fileEncoding = 4; lastKnownFileType = sourcecode.swift; name = PriceAndAddToCartView.swift; path = "Avalon-print/PriceAndAddToCartView.swift"; sourceTree = SOURCE_ROOT; };
		4BE3DBB31EFAD37200DADA39 /* PostersViewController.swift */ = {isa = PBXFileReference; fileEncoding = 4; lastKnownFileType = sourcecode.swift; name = PostersViewController.swift; path = "Avalon-print/PostersViewController.swift"; sourceTree = SOURCE_ROOT; };
		4BE3DBB51EFB120000DADA39 /* AvalonUIButtonLight.swift */ = {isa = PBXFileReference; fileEncoding = 4; lastKnownFileType = sourcecode.swift; name = AvalonUIButtonLight.swift; path = "Avalon-print/AvalonUIButtonLight.swift"; sourceTree = SOURCE_ROOT; };
		4BF0AAAB1F0AB67100140C55 /* WorksDetailTableViewController.swift */ = {isa = PBXFileReference; fileEncoding = 4; lastKnownFileType = sourcecode.swift; name = WorksDetailTableViewController.swift; path = "Avalon-print/WorksDetailTableViewController.swift"; sourceTree = SOURCE_ROOT; };
		4BF0AAAD1F0AB74900140C55 /* WorksDetailTextTableViewCell.swift */ = {isa = PBXFileReference; fileEncoding = 4; lastKnownFileType = sourcecode.swift; name = WorksDetailTextTableViewCell.swift; path = "Avalon-print/WorksDetailTextTableViewCell.swift"; sourceTree = SOURCE_ROOT; };
		4BF0AAAF1F0AB76200140C55 /* WorksDetailImageTableViewCell.swift */ = {isa = PBXFileReference; fileEncoding = 4; lastKnownFileType = sourcecode.swift; name = WorksDetailImageTableViewCell.swift; path = "Avalon-print/WorksDetailImageTableViewCell.swift"; sourceTree = SOURCE_ROOT; };
		4BF0AAB31F0AC2C000140C55 /* OrdersDetailTableViewCell.swift */ = {isa = PBXFileReference; fileEncoding = 4; lastKnownFileType = sourcecode.swift; name = OrdersDetailTableViewCell.swift; path = "Avalon-print/OrdersDetailTableViewCell.swift"; sourceTree = SOURCE_ROOT; };
		4BF0AAB51F0AC2D900140C55 /* OrdersDetailContainerView.swift */ = {isa = PBXFileReference; fileEncoding = 4; lastKnownFileType = sourcecode.swift; name = OrdersDetailContainerView.swift; path = "Avalon-print/OrdersDetailContainerView.swift"; sourceTree = SOURCE_ROOT; };
		4BF0C5121F0C0FFD001C3EA1 /* StorageTableViewController.swift */ = {isa = PBXFileReference; fileEncoding = 4; lastKnownFileType = sourcecode.swift; name = StorageTableViewController.swift; path = "Avalon-print/StorageTableViewController.swift"; sourceTree = SOURCE_ROOT; };
		4BF3D4381EF6DE6D0061D337 /* CheckoutVCOrderSender.swift */ = {isa = PBXFileReference; fileEncoding = 4; lastKnownFileType = sourcecode.swift; name = CheckoutVCOrderSender.swift; path = "Avalon-print/CheckoutVCOrderSender.swift"; sourceTree = SOURCE_ROOT; };
		4BF718781EBF1BCC00D079D9 /* DeckDismissingAnimationController.swift */ = {isa = PBXFileReference; fileEncoding = 4; lastKnownFileType = sourcecode.swift; name = DeckDismissingAnimationController.swift; path = "Avalon-print/deckTransition/DeckDismissingAnimationController.swift"; sourceTree = SOURCE_ROOT; };
		4BF718791EBF1BCC00D079D9 /* DeckPresentationController.swift */ = {isa = PBXFileReference; fileEncoding = 4; lastKnownFileType = sourcecode.swift; name = DeckPresentationController.swift; path = "Avalon-print/deckTransition/DeckPresentationController.swift"; sourceTree = SOURCE_ROOT; };
		4BF7187A1EBF1BCC00D079D9 /* DeckPresentingAnimationController.swift */ = {isa = PBXFileReference; fileEncoding = 4; lastKnownFileType = sourcecode.swift; name = DeckPresentingAnimationController.swift; path = "Avalon-print/deckTransition/DeckPresentingAnimationController.swift"; sourceTree = SOURCE_ROOT; };
		4BF7187B1EBF1BCC00D079D9 /* DeckSegue.swift */ = {isa = PBXFileReference; fileEncoding = 4; lastKnownFileType = sourcecode.swift; name = DeckSegue.swift; path = "Avalon-print/deckTransition/DeckSegue.swift"; sourceTree = SOURCE_ROOT; };
		4BF7187C1EBF1BCC00D079D9 /* DeckTransitioningDelegate.swift */ = {isa = PBXFileReference; fileEncoding = 4; lastKnownFileType = sourcecode.swift; name = DeckTransitioningDelegate.swift; path = "Avalon-print/deckTransition/DeckTransitioningDelegate.swift"; sourceTree = SOURCE_ROOT; };
		4BF7187D1EBF1BCC00D079D9 /* Utilities.swift */ = {isa = PBXFileReference; fileEncoding = 4; lastKnownFileType = sourcecode.swift; name = Utilities.swift; path = "Avalon-print/deckTransition/Utilities.swift"; sourceTree = SOURCE_ROOT; };
		4BFB58ED1E8579FC0048E0C6 /* Avalon-Print-Bridging-Header.h */ = {isa = PBXFileReference; lastKnownFileType = sourcecode.c.h; path = "Avalon-Print-Bridging-Header.h"; sourceTree = "<group>"; };
		4BFD11C41E841F520026E152 /* Message.swift */ = {isa = PBXFileReference; fileEncoding = 4; lastKnownFileType = sourcecode.swift; name = Message.swift; path = "Avalon-print/Messenger/Message.swift"; sourceTree = SOURCE_ROOT; };
		4BFD11C51E841F520026E152 /* User.swift */ = {isa = PBXFileReference; fileEncoding = 4; lastKnownFileType = sourcecode.swift; name = User.swift; path = "Avalon-print/Messenger/User.swift"; sourceTree = SOURCE_ROOT; };
		4BFD11C91E841F6F0026E152 /* Extensions.swift */ = {isa = PBXFileReference; fileEncoding = 4; lastKnownFileType = sourcecode.swift; name = Extensions.swift; path = "Avalon-print/Messenger/Extensions.swift"; sourceTree = SOURCE_ROOT; };
		4BFD11CB1E841F910026E152 /* ChatLogController.swift */ = {isa = PBXFileReference; fileEncoding = 4; lastKnownFileType = sourcecode.swift; name = ChatLogController.swift; path = "Avalon-print/Messenger/ChatLogController.swift"; sourceTree = SOURCE_ROOT; tabWidth = 2; };
		4BFD11CE1E841F910026E152 /* MessagesController.swift */ = {isa = PBXFileReference; fileEncoding = 4; lastKnownFileType = sourcecode.swift; name = MessagesController.swift; path = "Avalon-print/Messenger/MessagesController.swift"; sourceTree = SOURCE_ROOT; };
		4BFD11CF1E841F910026E152 /* NewMessageController.swift */ = {isa = PBXFileReference; fileEncoding = 4; lastKnownFileType = sourcecode.swift; name = NewMessageController.swift; path = "Avalon-print/Messenger/NewMessageController.swift"; sourceTree = SOURCE_ROOT; };
		4BFD11D51E841FA50026E152 /* ChatInputContainerView.swift */ = {isa = PBXFileReference; fileEncoding = 4; lastKnownFileType = sourcecode.swift; name = ChatInputContainerView.swift; path = "Avalon-print/Messenger/ChatInputContainerView.swift"; sourceTree = SOURCE_ROOT; };
		4BFD11D71E841FA50026E152 /* UserCell.swift */ = {isa = PBXFileReference; fileEncoding = 4; lastKnownFileType = sourcecode.swift; name = UserCell.swift; path = "Avalon-print/Messenger/UserCell.swift"; sourceTree = SOURCE_ROOT; };
		657B8B5C724347DD5F22983B /* Pods-Avalon-Print.debug.xcconfig */ = {isa = PBXFileReference; includeInIndex = 1; lastKnownFileType = text.xcconfig; name = "Pods-Avalon-Print.debug.xcconfig"; path = "Pods/Target Support Files/Pods-Avalon-Print/Pods-Avalon-Print.debug.xcconfig"; sourceTree = "<group>"; };
		B5EA1A241B7B383300E1C1C3 /* Avalon-Print.app */ = {isa = PBXFileReference; explicitFileType = wrapper.application; includeInIndex = 0; path = "Avalon-Print.app"; sourceTree = BUILT_PRODUCTS_DIR; };
		EB4FDA446405594BCDEC69EC /* Pods-Avalon-Print.release.xcconfig */ = {isa = PBXFileReference; includeInIndex = 1; lastKnownFileType = text.xcconfig; name = "Pods-Avalon-Print.release.xcconfig"; path = "Pods/Target Support Files/Pods-Avalon-Print/Pods-Avalon-Print.release.xcconfig"; sourceTree = "<group>"; };
/* End PBXFileReference section */

/* Begin PBXFrameworksBuildPhase section */
		B5EA1A211B7B383300E1C1C3 /* Frameworks */ = {
			isa = PBXFrameworksBuildPhase;
			buildActionMask = 2147483647;
			files = (
				E3A771AD5BE84BBD89BE16E0 /* Pods_Avalon_Print.framework in Frameworks */,
			);
			runOnlyForDeploymentPostprocessing = 0;
		};
/* End PBXFrameworksBuildPhase section */

/* Begin PBXGroup section */
		2A0E9E8041EB7CBBDB4412F7 /* Pods */ = {
			isa = PBXGroup;
			children = (
				657B8B5C724347DD5F22983B /* Pods-Avalon-Print.debug.xcconfig */,
				EB4FDA446405594BCDEC69EC /* Pods-Avalon-Print.release.xcconfig */,
			);
			name = Pods;
			sourceTree = "<group>";
		};
		2E2B9315D2A9134FFCED2CEF /* Frameworks */ = {
			isa = PBXGroup;
			children = (
				4B5A3D881E2FDF6D00E10A17 /* NotificationCenter.framework */,
				0428C93784D8F1D699100807 /* Pods_Avalon_Print.framework */,
			);
			name = Frameworks;
			sourceTree = "<group>";
		};
		4B0055221EF661B6002EAE4E /* InitialImageView */ = {
			isa = PBXGroup;
			children = (
				4B3FE8661E44B59200852A2A /* InitialImageView.swift */,
			);
			name = InitialImageView;
			sourceTree = "<group>";
		};
		4B0055231EF661D3002EAE4E /* BagedBarButton */ = {
			isa = PBXGroup;
			children = (
				4B3F81C11E22706100034E3E /* ENMBadgedBarButton.h */,
				4B3F81C21E22706100034E3E /* ENMBadgedBarButtonItem.swift */,
			);
			name = BagedBarButton;
			sourceTree = "<group>";
		};
		4B25E4211F06AFC6007A10E1 /* HidingNavigationBar */ = {
			isa = PBXGroup;
			children = (
				4B25E41D1F06AFC3007A10E1 /* HidingNavigationBarManager.swift */,
				4B25E41E1F06AFC3007A10E1 /* HidingViewController.swift */,
			);
			name = HidingNavigationBar;
			sourceTree = "<group>";
		};
		4B2D03B21DF78E5C00BF0B23 /* Support */ = {
			isa = PBXGroup;
			children = (
				4B9465E01F0FE01500B595A1 /* Localization */,
				4B25E4211F06AFC6007A10E1 /* HidingNavigationBar */,
				4BF7186E1EBF1B0500D079D9 /* DeckTransition */,
				4B3FE86C1E44E57000852A2A /* progressLoader */,
				4B0055231EF661D3002EAE4E /* BagedBarButton */,
				4B0055221EF661B6002EAE4E /* InitialImageView */,
				4B916E831F0A8344007F1A23 /* AvalonPalette.swift */,
				4B3DFEE01E3178CD00F508F7 /* HelpingFunctions.swift */,
				4B0055261EF67461002EAE4E /* AvalonUITextField.swift */,
				4B00552A1EF68EC8002EAE4E /* AvalonUIButton.swift */,
				4BE3DBA51EFAC2DA00DADA39 /* MainNavigationController.swift */,
				4BE3DBB51EFB120000DADA39 /* AvalonUIButtonLight.swift */,
				4B0E8BBC1F02AEA100DF8580 /* PictureZoomHandling.swift */,
			);
			name = Support;
			path = CustomSlideMenu;
			sourceTree = "<group>";
		};
		4B3FE86C1E44E57000852A2A /* progressLoader */ = {
			isa = PBXGroup;
			children = (
				4B3FE8A31E44F3DA00852A2A /* ARSLineProgressHelpers.swift */,
				4B3FE8911E44F34D00852A2A /* ARSInfiniteLoader.swift */,
				4B3FE8921E44F34D00852A2A /* ARSLineProgress.swift */,
				4B3FE8931E44F34D00852A2A /* ARSLineProgressConstants.swift */,
				4B3FE8941E44F34D00852A2A /* ARSLineProgressCustomization.swift */,
				4B3FE8951E44F34D00852A2A /* ARSLineProgressExtensions.swift */,
				4B3FE8961E44F34D00852A2A /* ARSLineProgressProtocols.swift */,
				4B3FE8971E44F34D00852A2A /* ARSLineProgressTypeAliases.swift */,
				4B3FE8981E44F34D00852A2A /* ARSProgressLoader.swift */,
				4B3FE8991E44F34D00852A2A /* ARSStatus.swift */,
			);
			name = progressLoader;
			sourceTree = "<group>";
		};
		4B4288831EF5D99D0058B0C8 /* ShoppingCartViews */ = {
			isa = PBXGroup;
			children = (
				4BBDDE801EF51CB4000CF3BE /* CheckoutButtonView.swift */,
				4BBDDE821EF52975000CF3BE /* ShoppingCellContainerView.swift */,
			);
			name = ShoppingCartViews;
			sourceTree = "<group>";
		};
		4B47F17D1F08FF1A00172176 /* UserProfileViews */ = {
			isa = PBXGroup;
			children = (
				4B47F17E1F08FF4400172176 /* UserProfileHeaderView.swift */,
				4B47F1821F09092700172176 /* UserProfileTableViewCell.swift */,
			);
			name = UserProfileViews;
			sourceTree = "<group>";
		};
		4B47F1841F0935C600172176 /* OrdersViewControllers */ = {
			isa = PBXGroup;
			children = (
				4B47F18B1F0936AA00172176 /* OrdersViewController.swift */,
				4B47F18A1F09368F00172176 /* OrdersViews */,
				4BF0AAB21F0AC29000140C55 /* OrderDetailViewControllers */,
				4BF0AAB11F0AC27100140C55 /* WorkDetailViewControllers */,
			);
			name = OrdersViewControllers;
			sourceTree = "<group>";
		};
		4B47F1861F09366400172176 /* EditProfileViewControllers */ = {
			isa = PBXGroup;
			children = (
				4B7E58FF1F0E19C5003945D5 /* EditProfileViewController.swift */,
				4B7E59011F0E1A13003945D5 /* EditProfileContainerView.swift */,
				4B9E30DA1F1E9B1500FF03C1 /* ResetPasswordViewController.swift */,
				4B9E30D91F1E9B1500FF03C1 /* ResetPasswordContainerView.swift */,
			);
			name = EditProfileViewControllers;
			sourceTree = "<group>";
		};
		4B47F1871F09366A00172176 /* OnlineSupportViewControllers */ = {
			isa = PBXGroup;
			children = (
			);
			name = OnlineSupportViewControllers;
			sourceTree = "<group>";
		};
		4B47F1881F09367700172176 /* LanguageViewControllers */ = {
			isa = PBXGroup;
			children = (
			);
			name = LanguageViewControllers;
			sourceTree = "<group>";
		};
		4B47F18A1F09368F00172176 /* OrdersViews */ = {
			isa = PBXGroup;
			children = (
				4B47F18D1F0936C000172176 /* OrdersHeaderVIew.swift */,
				4B47F18F1F0936D100172176 /* OrdersTableViewCell.swift */,
			);
			name = OrdersViews;
			sourceTree = "<group>";
		};
		4B47F19C1F097C0D00172176 /* Menu */ = {
			isa = PBXGroup;
			children = (
				4B47F1841F0935C600172176 /* OrdersViewControllers */,
				4B47F1861F09366400172176 /* EditProfileViewControllers */,
				4B47F1871F09366A00172176 /* OnlineSupportViewControllers */,
				4B47F1881F09367700172176 /* LanguageViewControllers */,
				4BF0C5111F0C0E1C001C3EA1 /* StorageViewControllers */,
			);
			name = Menu;
			sourceTree = "<group>";
		};
		4B48FB211F06914200A0E353 /* Views */ = {
			isa = PBXGroup;
			children = (
				4B48FB171F0644B200A0E353 /* LoginContainerView.swift */,
				4B48FB1B1F06506400A0E353 /* RegistrationContainerView.swift */,
				4B48FB1F1F0650BF00A0E353 /* PasswordResetContainerView.swift */,
			);
			name = Views;
			sourceTree = "<group>";
		};
		4B5FCE831DF0DB350080B034 /* pages */ = {
			isa = PBXGroup;
			children = (
				4B78B8621F1290AA000689B3 /* AboutMaterialsVIewControllers */,
				4BF1D6B11E83F1600027C82B /* MessengerViewControllers */,
				4B8D1C191DF2F2C7001A97F2 /* OrderingViewControllers */,
				4B8F69301E37C9B400F0C91D /* InformationViewControllers */,
				4BB42CB01E37E014008CA109 /* ContactsViewControllers */,
				4B8F692F1E37C96300F0C91D /* HomePageViewControllers */,
				4B894DF51E3E3145008D694D /* AuthenticationViewControllers */,
				4BFFD84D1E3E383D00710282 /* UserProfileViewControllers */,
				4BFFD84E1E3E385100710282 /* ShoppingCartViewControllers */,
				4BF3D43A1EF6E1310061D337 /* CheckoutFormViewControllers */,
				4BD8DB9E1E3BB0450080EEAB /* GoogleService-Info.plist */,
			);
			name = pages;
			sourceTree = "<group>";
		};
		4B78B8621F1290AA000689B3 /* AboutMaterialsVIewControllers */ = {
			isa = PBXGroup;
			children = (
				4B78B8631F1290D7000689B3 /* CenteredCollectionViewFlowLayout.swift */,
				4B78B8641F1290D7000689B3 /* AboutMaterialsCollectionViewCell.swift */,
				4B78B8651F1290D7000689B3 /* AboutMaterialsViewController.swift */,
				4B17D3261E33F97C0070DE27 /* ExpandingMaterialTableViewController.swift */,
			);
			name = AboutMaterialsVIewControllers;
			sourceTree = "<group>";
		};
		4B894DF51E3E3145008D694D /* AuthenticationViewControllers */ = {
			isa = PBXGroup;
			children = (
				4B48FB211F06914200A0E353 /* Views */,
				4B48FB151F06446900A0E353 /* LoginViewController.swift */,
				4B48FB191F06504700A0E353 /* RegistrationViewController.swift */,
				4B48FB1D1F0650A600A0E353 /* PasswordResetViewController.swift */,
			);
			name = AuthenticationViewControllers;
			sourceTree = "<group>";
		};
		4B8D1C191DF2F2C7001A97F2 /* OrderingViewControllers */ = {
			isa = PBXGroup;
			children = (
				4BCC4E7B1EFD73C300085A9A /* Support */,
				4BE3DBAC1EFAD2B200DADA39 /* Views */,
				4BE3DBB31EFAD37200DADA39 /* PostersViewController.swift */,
				4BCC4E731EFD37A000085A9A /* StickersViewController.swift */,
				4BCC4E751EFD438000085A9A /* CanvasViewController.swift */,
				4BCC4E771EFD507700085A9A /* BannersViewController.swift */,
			);
			name = OrderingViewControllers;
			sourceTree = "<group>";
		};
		4B8F692F1E37C96300F0C91D /* HomePageViewControllers */ = {
			isa = PBXGroup;
			children = (
				4BE3DBA91EFAC44900DADA39 /* Support */,
				4BBBABC81F28B329003CFFCC /* Model */,
				4BB66EEA1E3793AF006D9447 /* HomeViewControllerCell.swift */,
				4B94661D1F12415100B595A1 /* HomeViewControllerCell.xib */,
				4BE3DBA71EFAC37600DADA39 /* HomeViewController.swift */,
			);
			name = HomePageViewControllers;
			sourceTree = "<group>";
		};
		4B8F69301E37C9B400F0C91D /* InformationViewControllers */ = {
			isa = PBXGroup;
			children = (
				4BDBFD201EFE6D6400010AEA /* InformationTableViewController.swift */,
				4BDBFD221EFE762700010AEA /* DetailInformationViewController.swift */,
			);
			name = InformationViewControllers;
			sourceTree = "<group>";
		};
		4B9465E01F0FE01500B595A1 /* Localization */ = {
			isa = PBXGroup;
			children = (
				4B9466141F0FF3B800B595A1 /* Localizable.strings */,
			);
			name = Localization;
			sourceTree = "<group>";
		};
		4B9E30D41F1E79EC00FF03C1 /* Media */ = {
			isa = PBXGroup;
			children = (
				4B9E30D71F1E92E000FF03C1 /* typingIndicator.gif */,
			);
			name = Media;
			sourceTree = "<group>";
		};
		4BB42CB01E37E014008CA109 /* ContactsViewControllers */ = {
			isa = PBXGroup;
			children = (
				4B3F81A81E226FC300034E3E /* MapViewController.swift */,
				4BCC4E7C1EFD9B9F00085A9A /* ContactsTableViewController.swift */,
				4BCC4E7E1EFDA4DC00085A9A /* ContactsTableViewCell.swift */,
			);
			name = ContactsViewControllers;
			sourceTree = "<group>";
		};
		4BBBABC81F28B329003CFFCC /* Model */ = {
			isa = PBXGroup;
			children = (
				4BBBABC61F28B2B8003CFFCC /* HomepageMenu.swift */,
			);
			name = Model;
			sourceTree = "<group>";
		};
		4BCC4E7B1EFD73C300085A9A /* Support */ = {
			isa = PBXGroup;
			children = (
				4BB129CE1EA21B1900E44037 /* PriceCalculation.swift */,
				4BBDBE6C1E9ACB5F0006407E /* FetchingMaterialsAndPostPrintFromFIrebase.swift */,
			);
			name = Support;
			sourceTree = "<group>";
		};
		4BDC374F1F012B28009F6E47 /* ShoppingCartDetailViewControllers */ = {
			isa = PBXGroup;
			children = (
				4BDC37501F012B73009F6E47 /* ShoppingCartDetailTableViewController.swift */,
				4BDC374D1F012AFC009F6E47 /* ShoppingCartDetailTextTableViewCell.swift */,
				4BDC37491F012835009F6E47 /* ShoppingCartDetailLayoutTableViewCell.swift */,
			);
			name = ShoppingCartDetailViewControllers;
			sourceTree = "<group>";
		};
		4BE3DBA91EFAC44900DADA39 /* Support */ = {
			isa = PBXGroup;
			children = (
				4BE3DBAA1EFAC53400DADA39 /* public.swift */,
			);
			name = Support;
			sourceTree = "<group>";
		};
		4BE3DBAC1EFAD2B200DADA39 /* Views */ = {
			isa = PBXGroup;
			children = (
				4BE3DBAD1EFAD2FE00DADA39 /* PostersStickersCanvasTopBlockView.swift */,
				4BE3DBAF1EFAD31300DADA39 /* LayoutSelectionView.swift */,
				4BE3DBB11EFAD33300DADA39 /* PriceAndAddToCartView.swift */,
				4BCC4E791EFD601B00085A9A /* BannersPostprintView.swift */,
			);
			name = Views;
			sourceTree = "<group>";
		};
		4BF0AAB11F0AC27100140C55 /* WorkDetailViewControllers */ = {
			isa = PBXGroup;
			children = (
				4BF0AAAB1F0AB67100140C55 /* WorksDetailTableViewController.swift */,
				4BF0AAAD1F0AB74900140C55 /* WorksDetailTextTableViewCell.swift */,
				4BF0AAAF1F0AB76200140C55 /* WorksDetailImageTableViewCell.swift */,
			);
			name = WorkDetailViewControllers;
			sourceTree = "<group>";
		};
		4BF0AAB21F0AC29000140C55 /* OrderDetailViewControllers */ = {
			isa = PBXGroup;
			children = (
				4B47F1931F094D3600172176 /* OrdersDetailViewController.swift */,
				4BF0AAB31F0AC2C000140C55 /* OrdersDetailTableViewCell.swift */,
				4BF0AAB51F0AC2D900140C55 /* OrdersDetailContainerView.swift */,
			);
			name = OrderDetailViewControllers;
			sourceTree = "<group>";
		};
		4BF0C5111F0C0E1C001C3EA1 /* StorageViewControllers */ = {
			isa = PBXGroup;
			children = (
				4BF0C5121F0C0FFD001C3EA1 /* StorageTableViewController.swift */,
			);
			name = StorageViewControllers;
			sourceTree = "<group>";
		};
		4BF1D6B11E83F1600027C82B /* MessengerViewControllers */ = {
			isa = PBXGroup;
			children = (
				4BFD11C81E841F600026E152 /* Helpers */,
				4BF1D6B41E83F19B0027C82B /* MessengerViews */,
				4BF1D6B21E83F1810027C82B /* Model */,
				4BFD11CB1E841F910026E152 /* ChatLogController.swift */,
				4BFD11CE1E841F910026E152 /* MessagesController.swift */,
				4BFD11CF1E841F910026E152 /* NewMessageController.swift */,
				4BBE51981EB2924C00A1F79E /* AutoSizingCollectionViewFlowLayout.swift */,
			);
			name = MessengerViewControllers;
			sourceTree = "<group>";
		};
		4BF1D6B21E83F1810027C82B /* Model */ = {
			isa = PBXGroup;
			children = (
				4BFD11C41E841F520026E152 /* Message.swift */,
				4BFD11C51E841F520026E152 /* User.swift */,
			);
			name = Model;
			sourceTree = "<group>";
		};
		4BF1D6B41E83F19B0027C82B /* MessengerViews */ = {
			isa = PBXGroup;
			children = (
				4B9E30D41F1E79EC00FF03C1 /* Media */,
				4BFD11D51E841FA50026E152 /* ChatInputContainerView.swift */,
				4BFD11D71E841FA50026E152 /* UserCell.swift */,
				4B4BE6CE1F1B655E0054C441 /* BaseMessageCell.swift */,
				4B4BE6CC1F1B64BD0054C441 /* PhotoMessageCell.swift */,
				4B4BE6D01F1B66550054C441 /* TextMessageCell.swift */,
				4B9E30CC1F1E316A00FF03C1 /* TypingIndicatorCell.swift */,
			);
			name = MessengerViews;
			sourceTree = "<group>";
		};
		4BF3D43A1EF6E1310061D337 /* CheckoutFormViewControllers */ = {
			isa = PBXGroup;
			children = (
				4B0055241EF666E0002EAE4E /* CheckoutVC.swift */,
				4B0055281EF67804002EAE4E /* CheckoutVCContainer.swift */,
				4BF3D4381EF6DE6D0061D337 /* CheckoutVCOrderSender.swift */,
			);
			name = CheckoutFormViewControllers;
			sourceTree = "<group>";
		};
		4BF7186E1EBF1B0500D079D9 /* DeckTransition */ = {
			isa = PBXGroup;
			children = (
				4BF718781EBF1BCC00D079D9 /* DeckDismissingAnimationController.swift */,
				4BF718791EBF1BCC00D079D9 /* DeckPresentationController.swift */,
				4BF7187A1EBF1BCC00D079D9 /* DeckPresentingAnimationController.swift */,
				4BF7187B1EBF1BCC00D079D9 /* DeckSegue.swift */,
				4BF7187C1EBF1BCC00D079D9 /* DeckTransitioningDelegate.swift */,
				4BF7187D1EBF1BCC00D079D9 /* Utilities.swift */,
			);
			name = DeckTransition;
			path = Pods/DeckTransition;
			sourceTree = "<group>";
		};
		4BFD11C81E841F600026E152 /* Helpers */ = {
			isa = PBXGroup;
			children = (
				4BFD11C91E841F6F0026E152 /* Extensions.swift */,
				4BFB58ED1E8579FC0048E0C6 /* Avalon-Print-Bridging-Header.h */,
			);
			name = Helpers;
			sourceTree = "<group>";
		};
		4BFFD84D1E3E383D00710282 /* UserProfileViewControllers */ = {
			isa = PBXGroup;
			children = (
				4B47F17B1F08FEF600172176 /* UserProfileViewController.swift */,
				4B47F17D1F08FF1A00172176 /* UserProfileViews */,
				4B47F19C1F097C0D00172176 /* Menu */,
			);
			name = UserProfileViewControllers;
			sourceTree = "<group>";
		};
		4BFFD84E1E3E385100710282 /* ShoppingCartViewControllers */ = {
			isa = PBXGroup;
			children = (
				4B4288831EF5D99D0058B0C8 /* ShoppingCartViews */,
				4BDC374F1F012B28009F6E47 /* ShoppingCartDetailViewControllers */,
				4BBDDE7C1EF51BAE000CF3BE /* ShoppingCartVC.swift */,
				4BBDDE7E1EF51BEB000CF3BE /* ShoppingCartTableViewCell.swift */,
			);
			name = ShoppingCartViewControllers;
			sourceTree = "<group>";
		};
		B5EA1A1B1B7B383300E1C1C3 = {
			isa = PBXGroup;
			children = (
				B5EA1A261B7B383300E1C1C3 /* Avalon-print */,
				4B4028A91E23AA37006E703B /* Bucket.xcdatamodeld */,
				4B2D03B21DF78E5C00BF0B23 /* Support */,
				B5EA1A251B7B383300E1C1C3 /* Products */,
				2E2B9315D2A9134FFCED2CEF /* Frameworks */,
				2A0E9E8041EB7CBBDB4412F7 /* Pods */,
			);
			sourceTree = "<group>";
		};
		B5EA1A251B7B383300E1C1C3 /* Products */ = {
			isa = PBXGroup;
			children = (
				B5EA1A241B7B383300E1C1C3 /* Avalon-Print.app */,
			);
			name = Products;
			sourceTree = "<group>";
		};
		B5EA1A261B7B383300E1C1C3 /* Avalon-print */ = {
			isa = PBXGroup;
			children = (
				4B5FCE831DF0DB350080B034 /* pages */,
				4B3F81B71E22702300034E3E /* AppDelegate.swift */,
				4B3F81BA1E22702300034E3E /* Assets.xcassets */,
			);
			name = "Avalon-print";
			path = CustomSlideMenu;
			sourceTree = "<group>";
		};
/* End PBXGroup section */

/* Begin PBXNativeTarget section */
		B5EA1A231B7B383300E1C1C3 /* Avalon-Print */ = {
			isa = PBXNativeTarget;
			buildConfigurationList = B5EA1A361B7B383300E1C1C3 /* Build configuration list for PBXNativeTarget "Avalon-Print" */;
			buildPhases = (
				12896BA8802A664E41F7D0D9 /* [CP] Check Pods Manifest.lock */,
				B5EA1A201B7B383300E1C1C3 /* Sources */,
				B5EA1A211B7B383300E1C1C3 /* Frameworks */,
				B5EA1A221B7B383300E1C1C3 /* Resources */,
				4B5A3D971E2FDF6D00E10A17 /* Embed App Extensions */,
				4B5A3DA91E2FDF8300E10A17 /* Embed Frameworks */,
				E577D5281BE2F1631B404E9B /* [CP] Embed Pods Frameworks */,
				4B05E55F028A6FBB85B01EAA /* [CP] Copy Pods Resources */,
			);
			buildRules = (
			);
			dependencies = (
			);
			name = "Avalon-Print";
			productName = CustomSlideMenu;
			productReference = B5EA1A241B7B383300E1C1C3 /* Avalon-Print.app */;
			productType = "com.apple.product-type.application";
		};
/* End PBXNativeTarget section */

/* Begin PBXProject section */
		B5EA1A1C1B7B383300E1C1C3 /* Project object */ = {
			isa = PBXProject;
			attributes = {
				LastSwiftUpdateCheck = 0820;
				LastUpgradeCheck = 0830;
				ORGANIZATIONNAME = "Roman Mizin";
				TargetAttributes = {
					B5EA1A231B7B383300E1C1C3 = {
						CreatedOnToolsVersion = 7.0;
						DevelopmentTeam = X9LK79XJU6;
						LastSwiftMigration = 0820;
						ProvisioningStyle = Automatic;
						SystemCapabilities = {
							com.apple.ApplicationGroups.iOS = {
								enabled = 0;
							};
							com.apple.BackgroundModes = {
								enabled = 0;
							};
							com.apple.Keychain = {
								enabled = 0;
							};
							com.apple.Push = {
								enabled = 0;
							};
							com.apple.iCloud = {
								enabled = 0;
							};
						};
					};
				};
			};
			buildConfigurationList = B5EA1A1F1B7B383300E1C1C3 /* Build configuration list for PBXProject "Avalon-Print" */;
			compatibilityVersion = "Xcode 3.2";
			developmentRegion = English;
			hasScannedForEncodings = 0;
			knownRegions = (
				Base,
				en,
				ru,
			);
			mainGroup = B5EA1A1B1B7B383300E1C1C3;
			productRefGroup = B5EA1A251B7B383300E1C1C3 /* Products */;
			projectDirPath = "";
			projectRoot = "";
			targets = (
				B5EA1A231B7B383300E1C1C3 /* Avalon-Print */,
			);
		};
/* End PBXProject section */

/* Begin PBXResourcesBuildPhase section */
		B5EA1A221B7B383300E1C1C3 /* Resources */ = {
			isa = PBXResourcesBuildPhase;
			buildActionMask = 2147483647;
			files = (
				4B9466121F0FF3B800B595A1 /* Localizable.strings in Resources */,
				4B94661E1F12415100B595A1 /* HomeViewControllerCell.xib in Resources */,
				4BD8DB9F1E3BB0450080EEAB /* GoogleService-Info.plist in Resources */,
				4B3F81BE1E22702300034E3E /* Assets.xcassets in Resources */,
				4B9E30D81F1E92E000FF03C1 /* typingIndicator.gif in Resources */,
			);
			runOnlyForDeploymentPostprocessing = 0;
		};
/* End PBXResourcesBuildPhase section */

/* Begin PBXShellScriptBuildPhase section */
		12896BA8802A664E41F7D0D9 /* [CP] Check Pods Manifest.lock */ = {
			isa = PBXShellScriptBuildPhase;
			buildActionMask = 2147483647;
			files = (
			);
			inputPaths = (
			);
			name = "[CP] Check Pods Manifest.lock";
			outputPaths = (
			);
			runOnlyForDeploymentPostprocessing = 0;
			shellPath = /bin/sh;
			shellScript = "diff \"${PODS_ROOT}/../Podfile.lock\" \"${PODS_ROOT}/Manifest.lock\" > /dev/null\nif [ $? != 0 ] ; then\n    # print error to STDERR\n    echo \"error: The sandbox is not in sync with the Podfile.lock. Run 'pod install' or update your CocoaPods installation.\" >&2\n    exit 1\nfi\n";
			showEnvVarsInLog = 0;
		};
		4B05E55F028A6FBB85B01EAA /* [CP] Copy Pods Resources */ = {
			isa = PBXShellScriptBuildPhase;
			buildActionMask = 2147483647;
			files = (
			);
			inputPaths = (
			);
			name = "[CP] Copy Pods Resources";
			outputPaths = (
			);
			runOnlyForDeploymentPostprocessing = 0;
			shellPath = /bin/sh;
			shellScript = "\"${SRCROOT}/Pods/Target Support Files/Pods-Avalon-Print/Pods-Avalon-Print-resources.sh\"\n";
			showEnvVarsInLog = 0;
		};
		E577D5281BE2F1631B404E9B /* [CP] Embed Pods Frameworks */ = {
			isa = PBXShellScriptBuildPhase;
			buildActionMask = 2147483647;
			files = (
			);
			inputPaths = (
			);
			name = "[CP] Embed Pods Frameworks";
			outputPaths = (
			);
			runOnlyForDeploymentPostprocessing = 0;
			shellPath = /bin/sh;
			shellScript = "\"${SRCROOT}/Pods/Target Support Files/Pods-Avalon-Print/Pods-Avalon-Print-frameworks.sh\"\n";
			showEnvVarsInLog = 0;
		};
/* End PBXShellScriptBuildPhase section */

/* Begin PBXSourcesBuildPhase section */
		B5EA1A201B7B383300E1C1C3 /* Sources */ = {
			isa = PBXSourcesBuildPhase;
			buildActionMask = 2147483647;
			files = (
				4B47F1901F0936D100172176 /* OrdersTableViewCell.swift in Sources */,
				4B3FE8A11E44F34D00852A2A /* ARSProgressLoader.swift in Sources */,
				4B9E30CD1F1E316A00FF03C1 /* TypingIndicatorCell.swift in Sources */,
				4B9E30DC1F1E9B1500FF03C1 /* ResetPasswordViewController.swift in Sources */,
				4B3F81BB1E22702300034E3E /* AppDelegate.swift in Sources */,
				4BE3DBA81EFAC37600DADA39 /* HomeViewController.swift in Sources */,
				4BF718801EBF1BCC00D079D9 /* DeckPresentingAnimationController.swift in Sources */,
				4B0055251EF666E0002EAE4E /* CheckoutVC.swift in Sources */,
				4BF0C5131F0C0FFD001C3EA1 /* StorageTableViewController.swift in Sources */,
				4BDBFD231EFE762700010AEA /* DetailInformationViewController.swift in Sources */,
				4BBDDE7F1EF51BEB000CF3BE /* ShoppingCartTableViewCell.swift in Sources */,
				4BE3DBA61EFAC2DA00DADA39 /* MainNavigationController.swift in Sources */,
				4B3F81B31E226FC300034E3E /* MapViewController.swift in Sources */,
				4BE3DBB21EFAD33300DADA39 /* PriceAndAddToCartView.swift in Sources */,
				4BE3DBAB1EFAC53400DADA39 /* public.swift in Sources */,
				4B47F17F1F08FF4400172176 /* UserProfileHeaderView.swift in Sources */,
				4BDC374E1F012AFC009F6E47 /* ShoppingCartDetailTextTableViewCell.swift in Sources */,
				4B4BE6CF1F1B655E0054C441 /* BaseMessageCell.swift in Sources */,
				4B3FE89D1E44F34D00852A2A /* ARSLineProgressCustomization.swift in Sources */,
				4BF0AAAE1F0AB74900140C55 /* WorksDetailTextTableViewCell.swift in Sources */,
				4BBBABC71F28B2B8003CFFCC /* HomepageMenu.swift in Sources */,
				4B48FB1E1F0650A600A0E353 /* PasswordResetViewController.swift in Sources */,
				4BBE51991EB2924C00A1F79E /* AutoSizingCollectionViewFlowLayout.swift in Sources */,
				4BB66EEC1E3793AF006D9447 /* HomeViewControllerCell.swift in Sources */,
				4B47F1831F09092700172176 /* UserProfileTableViewCell.swift in Sources */,
				4B916E841F0A8344007F1A23 /* AvalonPalette.swift in Sources */,
				4BF0AAB61F0AC2D900140C55 /* OrdersDetailContainerView.swift in Sources */,
				4B78B8671F1290D7000689B3 /* AboutMaterialsCollectionViewCell.swift in Sources */,
				4B3FE89C1E44F34D00852A2A /* ARSLineProgressConstants.swift in Sources */,
				4BBDDE7D1EF51BAE000CF3BE /* ShoppingCartVC.swift in Sources */,
				4B48FB161F06446900A0E353 /* LoginViewController.swift in Sources */,
				4BFD11D81E841FA50026E152 /* ChatInputContainerView.swift in Sources */,
				4BE3DBB01EFAD31300DADA39 /* LayoutSelectionView.swift in Sources */,
				4B3F81C51E22706100034E3E /* ENMBadgedBarButtonItem.swift in Sources */,
				4B3FE89A1E44F34D00852A2A /* ARSInfiniteLoader.swift in Sources */,
				4B25E4201F06AFC3007A10E1 /* HidingViewController.swift in Sources */,
				4BB129CF1EA21B1900E44037 /* PriceCalculation.swift in Sources */,
				4B3DFEE11E3178CD00F508F7 /* HelpingFunctions.swift in Sources */,
				4BFD11D31E841F910026E152 /* MessagesController.swift in Sources */,
				4BFD11D01E841F910026E152 /* ChatLogController.swift in Sources */,
				4B78B8681F1290D7000689B3 /* AboutMaterialsViewController.swift in Sources */,
				4BDC37511F012B73009F6E47 /* ShoppingCartDetailTableViewController.swift in Sources */,
				4B4028AB1E23AA37006E703B /* Bucket.xcdatamodeld in Sources */,
				4BBDDE831EF52975000CF3BE /* ShoppingCellContainerView.swift in Sources */,
				4B3FE8A21E44F34D00852A2A /* ARSStatus.swift in Sources */,
				4BF0AAAC1F0AB67100140C55 /* WorksDetailTableViewController.swift in Sources */,
				4BCC4E741EFD37A000085A9A /* StickersViewController.swift in Sources */,
				4BFD11C61E841F520026E152 /* Message.swift in Sources */,
				4B4BE6D11F1B66550054C441 /* TextMessageCell.swift in Sources */,
				4BF0AAB01F0AB76200140C55 /* WorksDetailImageTableViewCell.swift in Sources */,
				4BDC374A1F012835009F6E47 /* ShoppingCartDetailLayoutTableViewCell.swift in Sources */,
				4BF7187E1EBF1BCC00D079D9 /* DeckDismissingAnimationController.swift in Sources */,
				4BFD11C71E841F520026E152 /* User.swift in Sources */,
				4BBDDE811EF51CB4000CF3BE /* CheckoutButtonView.swift in Sources */,
				4BFD11D41E841F910026E152 /* NewMessageController.swift in Sources */,
				4B3FE89F1E44F34D00852A2A /* ARSLineProgressProtocols.swift in Sources */,
				4BFD11CA1E841F6F0026E152 /* Extensions.swift in Sources */,
				4B48FB181F0644B200A0E353 /* LoginContainerView.swift in Sources */,
				4B47F18E1F0936C000172176 /* OrdersHeaderVIew.swift in Sources */,
				4B3FE8A41E44F3DA00852A2A /* ARSLineProgressHelpers.swift in Sources */,
				4B17D3271E33F97C0070DE27 /* ExpandingMaterialTableViewController.swift in Sources */,
				4BE3DBAE1EFAD2FE00DADA39 /* PostersStickersCanvasTopBlockView.swift in Sources */,
				4BCC4E7D1EFD9B9F00085A9A /* ContactsTableViewController.swift in Sources */,
				4B00552B1EF68EC8002EAE4E /* AvalonUIButton.swift in Sources */,
				4B0055291EF67804002EAE4E /* CheckoutVCContainer.swift in Sources */,
				4B3FE89B1E44F34D00852A2A /* ARSLineProgress.swift in Sources */,
				4BCC4E781EFD507700085A9A /* BannersViewController.swift in Sources */,
				4B7E59021F0E1A13003945D5 /* EditProfileContainerView.swift in Sources */,
				4B3FE89E1E44F34D00852A2A /* ARSLineProgressExtensions.swift in Sources */,
				4B47F18C1F0936AA00172176 /* OrdersViewController.swift in Sources */,
				4BF3D4391EF6DE6D0061D337 /* CheckoutVCOrderSender.swift in Sources */,
				4B48FB201F0650BF00A0E353 /* PasswordResetContainerView.swift in Sources */,
				4BE3DBB41EFAD37200DADA39 /* PostersViewController.swift in Sources */,
				4BFD11DA1E841FA50026E152 /* UserCell.swift in Sources */,
				4B0055271EF67461002EAE4E /* AvalonUITextField.swift in Sources */,
				4BF718811EBF1BCC00D079D9 /* DeckSegue.swift in Sources */,
				4B4BE6CD1F1B64BD0054C441 /* PhotoMessageCell.swift in Sources */,
				4B3FE8A01E44F34D00852A2A /* ARSLineProgressTypeAliases.swift in Sources */,
				4B47F17C1F08FEF600172176 /* UserProfileViewController.swift in Sources */,
				4BF718831EBF1BCC00D079D9 /* Utilities.swift in Sources */,
				4B78B8661F1290D7000689B3 /* CenteredCollectionViewFlowLayout.swift in Sources */,
				4B25E41F1F06AFC3007A10E1 /* HidingNavigationBarManager.swift in Sources */,
				4BCC4E761EFD438000085A9A /* CanvasViewController.swift in Sources */,
				4BE3DBB61EFB120000DADA39 /* AvalonUIButtonLight.swift in Sources */,
				4BF7187F1EBF1BCC00D079D9 /* DeckPresentationController.swift in Sources */,
				4BDBFD211EFE6D6400010AEA /* InformationTableViewController.swift in Sources */,
				4BBDBE6D1E9ACB5F0006407E /* FetchingMaterialsAndPostPrintFromFIrebase.swift in Sources */,
				4B48FB1A1F06504700A0E353 /* RegistrationViewController.swift in Sources */,
				4BCC4E7A1EFD601B00085A9A /* BannersPostprintView.swift in Sources */,
				4B7E59001F0E19C5003945D5 /* EditProfileViewController.swift in Sources */,
				4BF0AAB41F0AC2C000140C55 /* OrdersDetailTableViewCell.swift in Sources */,
				4B3FE8671E44B59200852A2A /* InitialImageView.swift in Sources */,
				4BF718821EBF1BCC00D079D9 /* DeckTransitioningDelegate.swift in Sources */,
				4B0E8BBD1F02AEA100DF8580 /* PictureZoomHandling.swift in Sources */,
				4B48FB1C1F06506400A0E353 /* RegistrationContainerView.swift in Sources */,
				4B47F1941F094D3600172176 /* OrdersDetailViewController.swift in Sources */,
				4B9E30DB1F1E9B1500FF03C1 /* ResetPasswordContainerView.swift in Sources */,
				4BCC4E7F1EFDA4DC00085A9A /* ContactsTableViewCell.swift in Sources */,
			);
			runOnlyForDeploymentPostprocessing = 0;
		};
/* End PBXSourcesBuildPhase section */

/* Begin PBXVariantGroup section */
		4B9466141F0FF3B800B595A1 /* Localizable.strings */ = {
			isa = PBXVariantGroup;
			children = (
				4B9466151F0FF3C100B595A1 /* en */,
				4B9466161F0FF3CB00B595A1 /* ru */,
			);
			name = Localizable.strings;
			path = "Avalon-print/Localization";
			sourceTree = SOURCE_ROOT;
		};
/* End PBXVariantGroup section */

/* Begin XCBuildConfiguration section */
		B5EA1A341B7B383300E1C1C3 /* Debug */ = {
			isa = XCBuildConfiguration;
			buildSettings = {
				ALWAYS_EMBED_SWIFT_STANDARD_LIBRARIES = "$(inherited)";
				ALWAYS_SEARCH_USER_PATHS = NO;
				CLANG_ANALYZER_LOCALIZABILITY_NONLOCALIZED = YES;
				CLANG_CXX_LANGUAGE_STANDARD = "gnu++0x";
				CLANG_CXX_LIBRARY = "libc++";
				CLANG_ENABLE_MODULES = YES;
				CLANG_ENABLE_OBJC_ARC = YES;
				CLANG_WARN_BOOL_CONVERSION = YES;
				CLANG_WARN_CONSTANT_CONVERSION = YES;
				CLANG_WARN_DIRECT_OBJC_ISA_USAGE = YES_ERROR;
				CLANG_WARN_EMPTY_BODY = YES;
				CLANG_WARN_ENUM_CONVERSION = YES;
				CLANG_WARN_INFINITE_RECURSION = YES;
				CLANG_WARN_INT_CONVERSION = YES;
				CLANG_WARN_OBJC_ROOT_CLASS = YES_ERROR;
				CLANG_WARN_SUSPICIOUS_MOVE = YES;
				CLANG_WARN_UNREACHABLE_CODE = YES;
				CLANG_WARN__DUPLICATE_METHOD_MATCH = YES;
				"CODE_SIGN_IDENTITY[sdk=iphoneos*]" = "iPhone Developer";
				COPY_PHASE_STRIP = NO;
				DEBUG_INFORMATION_FORMAT = dwarf;
				ENABLE_BITCODE = YES;
				ENABLE_STRICT_OBJC_MSGSEND = YES;
				ENABLE_TESTABILITY = YES;
				GCC_C_LANGUAGE_STANDARD = gnu99;
				GCC_DYNAMIC_NO_PIC = NO;
				GCC_NO_COMMON_BLOCKS = YES;
				GCC_OPTIMIZATION_LEVEL = 0;
				GCC_PREPROCESSOR_DEFINITIONS = (
					"DEBUG=1",
					"$(inherited)",
				);
				GCC_WARN_64_TO_32_BIT_CONVERSION = YES;
				GCC_WARN_ABOUT_RETURN_TYPE = YES_ERROR;
				GCC_WARN_UNDECLARED_SELECTOR = YES;
				GCC_WARN_UNINITIALIZED_AUTOS = YES_AGGRESSIVE;
				GCC_WARN_UNUSED_FUNCTION = YES;
				GCC_WARN_UNUSED_VARIABLE = YES;
				IPHONEOS_DEPLOYMENT_TARGET = 10.3;
				MTL_ENABLE_DEBUG_INFO = YES;
				ONLY_ACTIVE_ARCH = YES;
				SDKROOT = iphoneos;
				SWIFT_OPTIMIZATION_LEVEL = "-Onone";
			};
			name = Debug;
		};
		B5EA1A351B7B383300E1C1C3 /* Release */ = {
			isa = XCBuildConfiguration;
			buildSettings = {
				ALWAYS_EMBED_SWIFT_STANDARD_LIBRARIES = "$(inherited)";
				ALWAYS_SEARCH_USER_PATHS = NO;
				CLANG_ANALYZER_LOCALIZABILITY_NONLOCALIZED = YES;
				CLANG_CXX_LANGUAGE_STANDARD = "gnu++0x";
				CLANG_CXX_LIBRARY = "libc++";
				CLANG_ENABLE_MODULES = YES;
				CLANG_ENABLE_OBJC_ARC = YES;
				CLANG_WARN_BOOL_CONVERSION = YES;
				CLANG_WARN_CONSTANT_CONVERSION = YES;
				CLANG_WARN_DIRECT_OBJC_ISA_USAGE = YES_ERROR;
				CLANG_WARN_EMPTY_BODY = YES;
				CLANG_WARN_ENUM_CONVERSION = YES;
				CLANG_WARN_INFINITE_RECURSION = YES;
				CLANG_WARN_INT_CONVERSION = YES;
				CLANG_WARN_OBJC_ROOT_CLASS = YES_ERROR;
				CLANG_WARN_SUSPICIOUS_MOVE = YES;
				CLANG_WARN_UNREACHABLE_CODE = YES;
				CLANG_WARN__DUPLICATE_METHOD_MATCH = YES;
				"CODE_SIGN_IDENTITY[sdk=iphoneos*]" = "iPhone Developer";
				COPY_PHASE_STRIP = NO;
				DEBUG_INFORMATION_FORMAT = "dwarf-with-dsym";
				ENABLE_BITCODE = YES;
				ENABLE_NS_ASSERTIONS = NO;
				ENABLE_STRICT_OBJC_MSGSEND = YES;
				GCC_C_LANGUAGE_STANDARD = gnu99;
				GCC_NO_COMMON_BLOCKS = YES;
				GCC_WARN_64_TO_32_BIT_CONVERSION = YES;
				GCC_WARN_ABOUT_RETURN_TYPE = YES_ERROR;
				GCC_WARN_UNDECLARED_SELECTOR = YES;
				GCC_WARN_UNINITIALIZED_AUTOS = YES_AGGRESSIVE;
				GCC_WARN_UNUSED_FUNCTION = YES;
				GCC_WARN_UNUSED_VARIABLE = YES;
				IPHONEOS_DEPLOYMENT_TARGET = 10.3;
				MTL_ENABLE_DEBUG_INFO = NO;
				SDKROOT = iphoneos;
				SWIFT_OPTIMIZATION_LEVEL = "-Owholemodule";
				VALIDATE_PRODUCT = YES;
			};
			name = Release;
		};
		B5EA1A371B7B383300E1C1C3 /* Debug */ = {
			isa = XCBuildConfiguration;
			baseConfigurationReference = 657B8B5C724347DD5F22983B /* Pods-Avalon-Print.debug.xcconfig */;
			buildSettings = {
				ALWAYS_EMBED_SWIFT_STANDARD_LIBRARIES = "$(inherited)";
				ASSETCATALOG_COMPILER_APPICON_NAME = AppIcon;
				CLANG_ENABLE_MODULES = YES;
				"CODE_SIGN_IDENTITY[sdk=iphoneos*]" = "iPhone Developer";
				DEVELOPMENT_TEAM = X9LK79XJU6;
				INFOPLIST_FILE = "Avalon-print/Info.plist";
				IPHONEOS_DEPLOYMENT_TARGET = 10.3;
				LD_RUNPATH_SEARCH_PATHS = "$(inherited) @executable_path/Frameworks";
				PRODUCT_BUNDLE_IDENTIFIER = "com.mizin.Avalon-polygraphy";
				PRODUCT_NAME = "$(TARGET_NAME)";
				PROVISIONING_PROFILE = "";
				PROVISIONING_PROFILE_SPECIFIER = "";
				SWIFT_OBJC_BRIDGING_HEADER = "Avalon-Print-Bridging-Header.h";
				SWIFT_OPTIMIZATION_LEVEL = "-Onone";
				SWIFT_VERSION = 3.0;
				TARGETED_DEVICE_FAMILY = 1;
			};
			name = Debug;
		};
		B5EA1A381B7B383300E1C1C3 /* Release */ = {
			isa = XCBuildConfiguration;
			baseConfigurationReference = EB4FDA446405594BCDEC69EC /* Pods-Avalon-Print.release.xcconfig */;
			buildSettings = {
				ALWAYS_EMBED_SWIFT_STANDARD_LIBRARIES = "$(inherited)";
				ASSETCATALOG_COMPILER_APPICON_NAME = AppIcon;
				CLANG_ENABLE_MODULES = YES;
				"CODE_SIGN_IDENTITY[sdk=iphoneos*]" = "iPhone Developer";
				DEVELOPMENT_TEAM = X9LK79XJU6;
				INFOPLIST_FILE = "Avalon-print/Info.plist";
				IPHONEOS_DEPLOYMENT_TARGET = 10.3;
				LD_RUNPATH_SEARCH_PATHS = "$(inherited) @executable_path/Frameworks";
				PRODUCT_BUNDLE_IDENTIFIER = "com.mizin.Avalon-polygraphy";
				PRODUCT_NAME = "$(TARGET_NAME)";
				SWIFT_OBJC_BRIDGING_HEADER = "Avalon-Print-Bridging-Header.h";
				SWIFT_VERSION = 3.0;
				TARGETED_DEVICE_FAMILY = 1;
			};
			name = Release;
		};
/* End XCBuildConfiguration section */

/* Begin XCConfigurationList section */
		B5EA1A1F1B7B383300E1C1C3 /* Build configuration list for PBXProject "Avalon-Print" */ = {
			isa = XCConfigurationList;
			buildConfigurations = (
				B5EA1A341B7B383300E1C1C3 /* Debug */,
				B5EA1A351B7B383300E1C1C3 /* Release */,
			);
			defaultConfigurationIsVisible = 0;
			defaultConfigurationName = Release;
		};
		B5EA1A361B7B383300E1C1C3 /* Build configuration list for PBXNativeTarget "Avalon-Print" */ = {
			isa = XCConfigurationList;
			buildConfigurations = (
				B5EA1A371B7B383300E1C1C3 /* Debug */,
				B5EA1A381B7B383300E1C1C3 /* Release */,
			);
			defaultConfigurationIsVisible = 0;
			defaultConfigurationName = Release;
		};
/* End XCConfigurationList section */

/* Begin XCVersionGroup section */
		4B4028A91E23AA37006E703B /* Bucket.xcdatamodeld */ = {
			isa = XCVersionGroup;
			children = (
				4B4028AA1E23AA37006E703B /* Bucket.xcdatamodel */,
			);
			currentVersion = 4B4028AA1E23AA37006E703B /* Bucket.xcdatamodel */;
			path = Bucket.xcdatamodeld;
			sourceTree = "<group>";
			versionGroupType = wrapper.xcdatamodel;
		};
/* End XCVersionGroup section */
	};
	rootObject = B5EA1A1C1B7B383300E1C1C3 /* Project object */;
}
