// !$*UTF8*$!
{
	archiveVersion = 1;
	classes = {
	};
	objectVersion = 46;
	objects = {

/* Begin PBXBuildFile section */
		4B17D3251E33F2790070DE27 /* ExpandingMaterialViewController.swift in Sources */ = {isa = PBXBuildFile; fileRef = 4B17D3241E33F2790070DE27 /* ExpandingMaterialViewController.swift */; };
		4B17D3271E33F97C0070DE27 /* ExpandingMaterialTableViewController.swift in Sources */ = {isa = PBXBuildFile; fileRef = 4B17D3261E33F97C0070DE27 /* ExpandingMaterialTableViewController.swift */; };
		4B3008AB1E2F888E0044654E /* customNavigationController.swift in Sources */ = {isa = PBXBuildFile; fileRef = 4B3008AA1E2F888E0044654E /* customNavigationController.swift */; };
		4B3DFEE11E3178CD00F508F7 /* HelpingFunctions.swift in Sources */ = {isa = PBXBuildFile; fileRef = 4B3DFEE01E3178CD00F508F7 /* HelpingFunctions.swift */; };
		4B3F818E1E226E8D00034E3E /* Exo2-ExtraLight.ttf in Resources */ = {isa = PBXBuildFile; fileRef = 4B3F818B1E226E8D00034E3E /* Exo2-ExtraLight.ttf */; };
		4B3F818F1E226E8D00034E3E /* Exo2-Light.ttf in Resources */ = {isa = PBXBuildFile; fileRef = 4B3F818C1E226E8D00034E3E /* Exo2-Light.ttf */; };
		4B3F81901E226E8D00034E3E /* Exo2-Regular.ttf in Resources */ = {isa = PBXBuildFile; fileRef = 4B3F818D1E226E8D00034E3E /* Exo2-Regular.ttf */; };
		4B3F81941E226EE900034E3E /* PostersVC.swift in Sources */ = {isa = PBXBuildFile; fileRef = 4B3F81921E226EE900034E3E /* PostersVC.swift */; };
		4B3F81981E226F0800034E3E /* StickersVC.swift in Sources */ = {isa = PBXBuildFile; fileRef = 4B3F81961E226F0800034E3E /* StickersVC.swift */; };
		4B3F819B1E226F2D00034E3E /* canvasComputing.swift in Sources */ = {isa = PBXBuildFile; fileRef = 4B3F81991E226F2D00034E3E /* canvasComputing.swift */; };
		4B3F819C1E226F2D00034E3E /* CanvasVC.swift in Sources */ = {isa = PBXBuildFile; fileRef = 4B3F819A1E226F2D00034E3E /* CanvasVC.swift */; };
		4B3F819F1E226F4000034E3E /* bannersComputing.swift in Sources */ = {isa = PBXBuildFile; fileRef = 4B3F819D1E226F4000034E3E /* bannersComputing.swift */; };
		4B3F81A01E226F4000034E3E /* BannersVC.swift in Sources */ = {isa = PBXBuildFile; fileRef = 4B3F819E1E226F4000034E3E /* BannersVC.swift */; };
		4B3F81AC1E226FC300034E3E /* ShoppingCartVC.swift in Sources */ = {isa = PBXBuildFile; fileRef = 4B3F81A11E226FC300034E3E /* ShoppingCartVC.swift */; };
		4B3F81AD1E226FC300034E3E /* ShoppingCartTableViewCell.swift in Sources */ = {isa = PBXBuildFile; fileRef = 4B3F81A21E226FC300034E3E /* ShoppingCartTableViewCell.swift */; };
		4B3F81AE1E226FC300034E3E /* CheckoutFormVC.swift in Sources */ = {isa = PBXBuildFile; fileRef = 4B3F81A31E226FC300034E3E /* CheckoutFormVC.swift */; };
		4B3F81AF1E226FC300034E3E /* ContactsPageController.swift in Sources */ = {isa = PBXBuildFile; fileRef = 4B3F81A41E226FC300034E3E /* ContactsPageController.swift */; };
		4B3F81B01E226FC300034E3E /* InformationDetail.swift in Sources */ = {isa = PBXBuildFile; fileRef = 4B3F81A51E226FC300034E3E /* InformationDetail.swift */; };
		4B3F81B11E226FC300034E3E /* InformationPageController.swift in Sources */ = {isa = PBXBuildFile; fileRef = 4B3F81A61E226FC300034E3E /* InformationPageController.swift */; };
		4B3F81B31E226FC300034E3E /* Map.swift in Sources */ = {isa = PBXBuildFile; fileRef = 4B3F81A81E226FC300034E3E /* Map.swift */; };
		4B3F81B41E226FC300034E3E /* RegistrationViewController.swift in Sources */ = {isa = PBXBuildFile; fileRef = 4B3F81A91E226FC300034E3E /* RegistrationViewController.swift */; };
		4B3F81B51E226FC300034E3E /* UserProfile.swift in Sources */ = {isa = PBXBuildFile; fileRef = 4B3F81AA1E226FC300034E3E /* UserProfile.swift */; };
		4B3F81B61E226FC300034E3E /* HomeVC.swift in Sources */ = {isa = PBXBuildFile; fileRef = 4B3F81AB1E226FC300034E3E /* HomeVC.swift */; };
		4B3F81BB1E22702300034E3E /* AppDelegate.swift in Sources */ = {isa = PBXBuildFile; fileRef = 4B3F81B71E22702300034E3E /* AppDelegate.swift */; };
		4B3F81BC1E22702300034E3E /* FirebaseCalculationsDataRetrieving.swift in Sources */ = {isa = PBXBuildFile; fileRef = 4B3F81B81E22702300034E3E /* FirebaseCalculationsDataRetrieving.swift */; };
		4B3F81BD1E22702300034E3E /* Main.storyboard in Resources */ = {isa = PBXBuildFile; fileRef = 4B3F81B91E22702300034E3E /* Main.storyboard */; };
		4B3F81BE1E22702300034E3E /* Assets.xcassets in Resources */ = {isa = PBXBuildFile; fileRef = 4B3F81BA1E22702300034E3E /* Assets.xcassets */; };
		4B3F81C41E22706100034E3E /* customNavigationBar.swift in Sources */ = {isa = PBXBuildFile; fileRef = 4B3F81C01E22706100034E3E /* customNavigationBar.swift */; };
		4B3F81C51E22706100034E3E /* ENMBadgedBarButtonItem.swift in Sources */ = {isa = PBXBuildFile; fileRef = 4B3F81C21E22706100034E3E /* ENMBadgedBarButtonItem.swift */; };
		4B3F81CD1E2271D300034E3E /* LaunchScreen.storyboard in Resources */ = {isa = PBXBuildFile; fileRef = 4B3F81CB1E2271D300034E3E /* LaunchScreen.storyboard */; };
		4B3FE8671E44B59200852A2A /* InitialImageView.swift in Sources */ = {isa = PBXBuildFile; fileRef = 4B3FE8661E44B59200852A2A /* InitialImageView.swift */; };
		4B3FE89A1E44F34D00852A2A /* ARSInfiniteLoader.swift in Sources */ = {isa = PBXBuildFile; fileRef = 4B3FE8911E44F34D00852A2A /* ARSInfiniteLoader.swift */; };
		4B3FE89B1E44F34D00852A2A /* ARSLineProgress.swift in Sources */ = {isa = PBXBuildFile; fileRef = 4B3FE8921E44F34D00852A2A /* ARSLineProgress.swift */; };
		4B3FE89C1E44F34D00852A2A /* ARSLineProgressConstants.swift in Sources */ = {isa = PBXBuildFile; fileRef = 4B3FE8931E44F34D00852A2A /* ARSLineProgressConstants.swift */; };
		4B3FE89D1E44F34D00852A2A /* ARSLineProgressCustomization.swift in Sources */ = {isa = PBXBuildFile; fileRef = 4B3FE8941E44F34D00852A2A /* ARSLineProgressCustomization.swift */; };
		4B3FE89E1E44F34D00852A2A /* ARSLineProgressExtensions.swift in Sources */ = {isa = PBXBuildFile; fileRef = 4B3FE8951E44F34D00852A2A /* ARSLineProgressExtensions.swift */; };
		4B3FE89F1E44F34D00852A2A /* ARSLineProgressProtocols.swift in Sources */ = {isa = PBXBuildFile; fileRef = 4B3FE8961E44F34D00852A2A /* ARSLineProgressProtocols.swift */; };
		4B3FE8A01E44F34D00852A2A /* ARSLineProgressTypeAliases.swift in Sources */ = {isa = PBXBuildFile; fileRef = 4B3FE8971E44F34D00852A2A /* ARSLineProgressTypeAliases.swift */; };
		4B3FE8A11E44F34D00852A2A /* ARSProgressLoader.swift in Sources */ = {isa = PBXBuildFile; fileRef = 4B3FE8981E44F34D00852A2A /* ARSProgressLoader.swift */; };
		4B3FE8A21E44F34D00852A2A /* ARSStatus.swift in Sources */ = {isa = PBXBuildFile; fileRef = 4B3FE8991E44F34D00852A2A /* ARSStatus.swift */; };
		4B3FE8A41E44F3DA00852A2A /* ARSLineProgressHelpers.swift in Sources */ = {isa = PBXBuildFile; fileRef = 4B3FE8A31E44F3DA00852A2A /* ARSLineProgressHelpers.swift */; };
		4B4028AB1E23AA37006E703B /* Bucket.xcdatamodeld in Sources */ = {isa = PBXBuildFile; fileRef = 4B4028A91E23AA37006E703B /* Bucket.xcdatamodeld */; };
		4B894DF41E3E3137008D694D /* PasswordResetVC.swift in Sources */ = {isa = PBXBuildFile; fileRef = 4B894DF31E3E3137008D694D /* PasswordResetVC.swift */; };
		4B9E4DBA1E4B517A00FB1591 /* HoshiTextField.swift in Sources */ = {isa = PBXBuildFile; fileRef = 4B9E4DB71E4B517A00FB1591 /* HoshiTextField.swift */; };
		4B9E4DBB1E4B517A00FB1591 /* TextFieldsEffects.swift in Sources */ = {isa = PBXBuildFile; fileRef = 4B9E4DB91E4B517A00FB1591 /* TextFieldsEffects.swift */; };
		4BB129CF1EA21B1900E44037 /* PriceCalculation.swift in Sources */ = {isa = PBXBuildFile; fileRef = 4BB129CE1EA21B1900E44037 /* PriceCalculation.swift */; };
		4BB66EEC1E3793AF006D9447 /* HomeVCCell.swift in Sources */ = {isa = PBXBuildFile; fileRef = 4BB66EEA1E3793AF006D9447 /* HomeVCCell.swift */; };
		4BB66EED1E3793AF006D9447 /* HomeVCCell.xib in Resources */ = {isa = PBXBuildFile; fileRef = 4BB66EEB1E3793AF006D9447 /* HomeVCCell.xib */; };
		4BBDBE6D1E9ACB5F0006407E /* FetchingMaterialsAndPostPrintFromFIrebase.swift in Sources */ = {isa = PBXBuildFile; fileRef = 4BBDBE6C1E9ACB5F0006407E /* FetchingMaterialsAndPostPrintFromFIrebase.swift */; };
		4BBED8CF1E33EDC300A62636 /* MaterialsCollectionViewCell.swift in Sources */ = {isa = PBXBuildFile; fileRef = 4BBED8CD1E33EDC300A62636 /* MaterialsCollectionViewCell.swift */; };
		4BBED8D01E33EDC300A62636 /* MaterialsCollectionViewCell.xib in Resources */ = {isa = PBXBuildFile; fileRef = 4BBED8CE1E33EDC300A62636 /* MaterialsCollectionViewCell.xib */; };
		4BBFC9C41E3A8179002090B1 /* ButtonMockup.swift in Sources */ = {isa = PBXBuildFile; fileRef = 4B3F81BF1E22706100034E3E /* ButtonMockup.swift */; };
		4BBFC9C61E3A8738002090B1 /* LoginViewController.swift in Sources */ = {isa = PBXBuildFile; fileRef = 4B3F81A71E226FC300034E3E /* LoginViewController.swift */; };
		4BC8241D1E3F8582004B6DCE /* MyOrdersTableVC.swift in Sources */ = {isa = PBXBuildFile; fileRef = 4BC8241C1E3F8582004B6DCE /* MyOrdersTableVC.swift */; };
		4BC8241F1E3FB84C004B6DCE /* MyOrdersDetailTableVC.swift in Sources */ = {isa = PBXBuildFile; fileRef = 4BC8241E1E3FB84C004B6DCE /* MyOrdersDetailTableVC.swift */; };
		4BD8DB9F1E3BB0450080EEAB /* GoogleService-Info.plist in Resources */ = {isa = PBXBuildFile; fileRef = 4BD8DB9E1E3BB0450080EEAB /* GoogleService-Info.plist */; };
		4BFD11C61E841F520026E152 /* Message.swift in Sources */ = {isa = PBXBuildFile; fileRef = 4BFD11C41E841F520026E152 /* Message.swift */; };
		4BFD11C71E841F520026E152 /* User.swift in Sources */ = {isa = PBXBuildFile; fileRef = 4BFD11C51E841F520026E152 /* User.swift */; };
		4BFD11CA1E841F6F0026E152 /* Extensions.swift in Sources */ = {isa = PBXBuildFile; fileRef = 4BFD11C91E841F6F0026E152 /* Extensions.swift */; };
		4BFD11D01E841F910026E152 /* ChatLogController.swift in Sources */ = {isa = PBXBuildFile; fileRef = 4BFD11CB1E841F910026E152 /* ChatLogController.swift */; };
		4BFD11D31E841F910026E152 /* MessagesController.swift in Sources */ = {isa = PBXBuildFile; fileRef = 4BFD11CE1E841F910026E152 /* MessagesController.swift */; };
		4BFD11D41E841F910026E152 /* NewMessageController.swift in Sources */ = {isa = PBXBuildFile; fileRef = 4BFD11CF1E841F910026E152 /* NewMessageController.swift */; };
		4BFD11D81E841FA50026E152 /* ChatInputContainerView.swift in Sources */ = {isa = PBXBuildFile; fileRef = 4BFD11D51E841FA50026E152 /* ChatInputContainerView.swift */; };
		4BFD11D91E841FA50026E152 /* ChatMessageCell.swift in Sources */ = {isa = PBXBuildFile; fileRef = 4BFD11D61E841FA50026E152 /* ChatMessageCell.swift */; };
		4BFD11DA1E841FA50026E152 /* UserCell.swift in Sources */ = {isa = PBXBuildFile; fileRef = 4BFD11D71E841FA50026E152 /* UserCell.swift */; };
		4BFFD84C1E3E383300710282 /* UpdateUserProfile.swift in Sources */ = {isa = PBXBuildFile; fileRef = 4BFFD84B1E3E383300710282 /* UpdateUserProfile.swift */; };
		E3A771AD5BE84BBD89BE16E0 /* Pods_Avalon_Print.framework in Frameworks */ = {isa = PBXBuildFile; fileRef = 0428C93784D8F1D699100807 /* Pods_Avalon_Print.framework */; };
/* End PBXBuildFile section */

/* Begin PBXCopyFilesBuildPhase section */
		4B5A3D971E2FDF6D00E10A17 /* Embed App Extensions */ = {
			isa = PBXCopyFilesBuildPhase;
			buildActionMask = 2147483647;
			dstPath = "";
			dstSubfolderSpec = 13;
			files = (
			);
			name = "Embed App Extensions";
			runOnlyForDeploymentPostprocessing = 0;
		};
		4B5A3DA91E2FDF8300E10A17 /* Embed Frameworks */ = {
			isa = PBXCopyFilesBuildPhase;
			buildActionMask = 2147483647;
			dstPath = "";
			dstSubfolderSpec = 10;
			files = (
			);
			name = "Embed Frameworks";
			runOnlyForDeploymentPostprocessing = 0;
		};
/* End PBXCopyFilesBuildPhase section */

/* Begin PBXFileReference section */
		0428C93784D8F1D699100807 /* Pods_Avalon_Print.framework */ = {isa = PBXFileReference; explicitFileType = wrapper.framework; includeInIndex = 0; path = Pods_Avalon_Print.framework; sourceTree = BUILT_PRODUCTS_DIR; };
		4B17D3241E33F2790070DE27 /* ExpandingMaterialViewController.swift */ = {isa = PBXFileReference; fileEncoding = 4; lastKnownFileType = sourcecode.swift; name = ExpandingMaterialViewController.swift; path = "Avalon-print/ExpandingMaterialViewController.swift"; sourceTree = SOURCE_ROOT; };
		4B17D3261E33F97C0070DE27 /* ExpandingMaterialTableViewController.swift */ = {isa = PBXFileReference; fileEncoding = 4; lastKnownFileType = sourcecode.swift; name = ExpandingMaterialTableViewController.swift; path = "Avalon-print/ExpandingMaterialTableViewController.swift"; sourceTree = SOURCE_ROOT; };
		4B3008AA1E2F888E0044654E /* customNavigationController.swift */ = {isa = PBXFileReference; fileEncoding = 4; lastKnownFileType = sourcecode.swift; name = customNavigationController.swift; path = "Avalon-print/customNavigationController.swift"; sourceTree = SOURCE_ROOT; };
		4B3DFEE01E3178CD00F508F7 /* HelpingFunctions.swift */ = {isa = PBXFileReference; fileEncoding = 4; lastKnownFileType = sourcecode.swift; name = HelpingFunctions.swift; path = "Avalon-print/HelpingFunctions.swift"; sourceTree = SOURCE_ROOT; };
		4B3F818B1E226E8D00034E3E /* Exo2-ExtraLight.ttf */ = {isa = PBXFileReference; lastKnownFileType = file; name = "Exo2-ExtraLight.ttf"; path = "Avalon-print/Fonts/Exo2-ExtraLight.ttf"; sourceTree = SOURCE_ROOT; };
		4B3F818C1E226E8D00034E3E /* Exo2-Light.ttf */ = {isa = PBXFileReference; lastKnownFileType = file; name = "Exo2-Light.ttf"; path = "Avalon-print/Fonts/Exo2-Light.ttf"; sourceTree = SOURCE_ROOT; };
		4B3F818D1E226E8D00034E3E /* Exo2-Regular.ttf */ = {isa = PBXFileReference; lastKnownFileType = file; name = "Exo2-Regular.ttf"; path = "Avalon-print/Fonts/Exo2-Regular.ttf"; sourceTree = SOURCE_ROOT; };
		4B3F81921E226EE900034E3E /* PostersVC.swift */ = {isa = PBXFileReference; fileEncoding = 4; lastKnownFileType = sourcecode.swift; name = PostersVC.swift; path = "Avalon-print/PostersVC.swift"; sourceTree = SOURCE_ROOT; };
		4B3F81961E226F0800034E3E /* StickersVC.swift */ = {isa = PBXFileReference; fileEncoding = 4; lastKnownFileType = sourcecode.swift; name = StickersVC.swift; path = "Avalon-print/StickersVC.swift"; sourceTree = SOURCE_ROOT; };
		4B3F81991E226F2D00034E3E /* canvasComputing.swift */ = {isa = PBXFileReference; fileEncoding = 4; lastKnownFileType = sourcecode.swift; name = canvasComputing.swift; path = "Avalon-print/canvasComputing.swift"; sourceTree = SOURCE_ROOT; };
		4B3F819A1E226F2D00034E3E /* CanvasVC.swift */ = {isa = PBXFileReference; fileEncoding = 4; lastKnownFileType = sourcecode.swift; name = CanvasVC.swift; path = "Avalon-print/CanvasVC.swift"; sourceTree = SOURCE_ROOT; };
		4B3F819D1E226F4000034E3E /* bannersComputing.swift */ = {isa = PBXFileReference; fileEncoding = 4; lastKnownFileType = sourcecode.swift; name = bannersComputing.swift; path = "Avalon-print/bannersComputing.swift"; sourceTree = SOURCE_ROOT; };
		4B3F819E1E226F4000034E3E /* BannersVC.swift */ = {isa = PBXFileReference; fileEncoding = 4; lastKnownFileType = sourcecode.swift; name = BannersVC.swift; path = "Avalon-print/BannersVC.swift"; sourceTree = SOURCE_ROOT; };
		4B3F81A11E226FC300034E3E /* ShoppingCartVC.swift */ = {isa = PBXFileReference; fileEncoding = 4; lastKnownFileType = sourcecode.swift; name = ShoppingCartVC.swift; path = "Avalon-print/ShoppingCartVC.swift"; sourceTree = SOURCE_ROOT; };
		4B3F81A21E226FC300034E3E /* ShoppingCartTableViewCell.swift */ = {isa = PBXFileReference; fileEncoding = 4; lastKnownFileType = sourcecode.swift; name = ShoppingCartTableViewCell.swift; path = "Avalon-print/ShoppingCartTableViewCell.swift"; sourceTree = SOURCE_ROOT; };
		4B3F81A31E226FC300034E3E /* CheckoutFormVC.swift */ = {isa = PBXFileReference; fileEncoding = 4; lastKnownFileType = sourcecode.swift; name = CheckoutFormVC.swift; path = "Avalon-print/CheckoutFormVC.swift"; sourceTree = SOURCE_ROOT; };
		4B3F81A41E226FC300034E3E /* ContactsPageController.swift */ = {isa = PBXFileReference; fileEncoding = 4; lastKnownFileType = sourcecode.swift; name = ContactsPageController.swift; path = "Avalon-print/ContactsPageController.swift"; sourceTree = SOURCE_ROOT; };
		4B3F81A51E226FC300034E3E /* InformationDetail.swift */ = {isa = PBXFileReference; fileEncoding = 4; lastKnownFileType = sourcecode.swift; name = InformationDetail.swift; path = "Avalon-print/InformationDetail.swift"; sourceTree = SOURCE_ROOT; };
		4B3F81A61E226FC300034E3E /* InformationPageController.swift */ = {isa = PBXFileReference; fileEncoding = 4; lastKnownFileType = sourcecode.swift; name = InformationPageController.swift; path = "Avalon-print/InformationPageController.swift"; sourceTree = SOURCE_ROOT; };
		4B3F81A71E226FC300034E3E /* LoginViewController.swift */ = {isa = PBXFileReference; fileEncoding = 4; lastKnownFileType = sourcecode.swift; name = LoginViewController.swift; path = "Avalon-print/LoginViewController.swift"; sourceTree = SOURCE_ROOT; };
		4B3F81A81E226FC300034E3E /* Map.swift */ = {isa = PBXFileReference; fileEncoding = 4; lastKnownFileType = sourcecode.swift; name = Map.swift; path = "Avalon-print/Map.swift"; sourceTree = SOURCE_ROOT; };
		4B3F81A91E226FC300034E3E /* RegistrationViewController.swift */ = {isa = PBXFileReference; fileEncoding = 4; lastKnownFileType = sourcecode.swift; name = RegistrationViewController.swift; path = "Avalon-print/RegistrationViewController.swift"; sourceTree = SOURCE_ROOT; };
		4B3F81AA1E226FC300034E3E /* UserProfile.swift */ = {isa = PBXFileReference; fileEncoding = 4; lastKnownFileType = sourcecode.swift; name = UserProfile.swift; path = "Avalon-print/UserProfile.swift"; sourceTree = SOURCE_ROOT; };
		4B3F81AB1E226FC300034E3E /* HomeVC.swift */ = {isa = PBXFileReference; fileEncoding = 4; lastKnownFileType = sourcecode.swift; name = HomeVC.swift; path = "Avalon-print/HomeVC.swift"; sourceTree = SOURCE_ROOT; };
		4B3F81B71E22702300034E3E /* AppDelegate.swift */ = {isa = PBXFileReference; fileEncoding = 4; lastKnownFileType = sourcecode.swift; name = AppDelegate.swift; path = "Avalon-print/AppDelegate.swift"; sourceTree = SOURCE_ROOT; };
		4B3F81B81E22702300034E3E /* FirebaseCalculationsDataRetrieving.swift */ = {isa = PBXFileReference; fileEncoding = 4; lastKnownFileType = sourcecode.swift; name = FirebaseCalculationsDataRetrieving.swift; path = "Avalon-print/FirebaseCalculationsDataRetrieving.swift"; sourceTree = SOURCE_ROOT; };
		4B3F81B91E22702300034E3E /* Main.storyboard */ = {isa = PBXFileReference; fileEncoding = 4; lastKnownFileType = file.storyboard; name = Main.storyboard; path = "Avalon-print/Main.storyboard"; sourceTree = SOURCE_ROOT; };
		4B3F81BA1E22702300034E3E /* Assets.xcassets */ = {isa = PBXFileReference; lastKnownFileType = folder.assetcatalog; name = Assets.xcassets; path = "Avalon-print/Assets.xcassets"; sourceTree = SOURCE_ROOT; };
		4B3F81BF1E22706100034E3E /* ButtonMockup.swift */ = {isa = PBXFileReference; fileEncoding = 4; lastKnownFileType = sourcecode.swift; name = ButtonMockup.swift; path = "Avalon-print/ButtonMockup.swift"; sourceTree = SOURCE_ROOT; };
		4B3F81C01E22706100034E3E /* customNavigationBar.swift */ = {isa = PBXFileReference; fileEncoding = 4; lastKnownFileType = sourcecode.swift; name = customNavigationBar.swift; path = "Avalon-print/customNavigationBar.swift"; sourceTree = SOURCE_ROOT; };
		4B3F81C11E22706100034E3E /* ENMBadgedBarButton.h */ = {isa = PBXFileReference; fileEncoding = 4; lastKnownFileType = sourcecode.c.h; name = ENMBadgedBarButton.h; path = "Avalon-print/ENMBadgedBarButton.h"; sourceTree = SOURCE_ROOT; };
		4B3F81C21E22706100034E3E /* ENMBadgedBarButtonItem.swift */ = {isa = PBXFileReference; fileEncoding = 4; lastKnownFileType = sourcecode.swift; name = ENMBadgedBarButtonItem.swift; path = "Avalon-print/ENMBadgedBarButtonItem.swift"; sourceTree = SOURCE_ROOT; };
		4B3F81CC1E2271D300034E3E /* Base */ = {isa = PBXFileReference; lastKnownFileType = file.storyboard; name = Base; path = "Avalon-print/Base.lproj/LaunchScreen.storyboard"; sourceTree = SOURCE_ROOT; };
		4B3FE8661E44B59200852A2A /* InitialImageView.swift */ = {isa = PBXFileReference; fileEncoding = 4; lastKnownFileType = sourcecode.swift; name = InitialImageView.swift; path = "Avalon-print/InitialImageView.swift"; sourceTree = SOURCE_ROOT; };
		4B3FE8911E44F34D00852A2A /* ARSInfiniteLoader.swift */ = {isa = PBXFileReference; fileEncoding = 4; lastKnownFileType = sourcecode.swift; name = ARSInfiniteLoader.swift; path = "Avalon-print/progressIndicator/ARSInfiniteLoader.swift"; sourceTree = SOURCE_ROOT; };
		4B3FE8921E44F34D00852A2A /* ARSLineProgress.swift */ = {isa = PBXFileReference; fileEncoding = 4; lastKnownFileType = sourcecode.swift; name = ARSLineProgress.swift; path = "Avalon-print/progressIndicator/ARSLineProgress.swift"; sourceTree = SOURCE_ROOT; };
		4B3FE8931E44F34D00852A2A /* ARSLineProgressConstants.swift */ = {isa = PBXFileReference; fileEncoding = 4; lastKnownFileType = sourcecode.swift; name = ARSLineProgressConstants.swift; path = "Avalon-print/progressIndicator/ARSLineProgressConstants.swift"; sourceTree = SOURCE_ROOT; };
		4B3FE8941E44F34D00852A2A /* ARSLineProgressCustomization.swift */ = {isa = PBXFileReference; fileEncoding = 4; lastKnownFileType = sourcecode.swift; name = ARSLineProgressCustomization.swift; path = "Avalon-print/progressIndicator/ARSLineProgressCustomization.swift"; sourceTree = SOURCE_ROOT; };
		4B3FE8951E44F34D00852A2A /* ARSLineProgressExtensions.swift */ = {isa = PBXFileReference; fileEncoding = 4; lastKnownFileType = sourcecode.swift; name = ARSLineProgressExtensions.swift; path = "Avalon-print/progressIndicator/ARSLineProgressExtensions.swift"; sourceTree = SOURCE_ROOT; };
		4B3FE8961E44F34D00852A2A /* ARSLineProgressProtocols.swift */ = {isa = PBXFileReference; fileEncoding = 4; lastKnownFileType = sourcecode.swift; name = ARSLineProgressProtocols.swift; path = "Avalon-print/progressIndicator/ARSLineProgressProtocols.swift"; sourceTree = SOURCE_ROOT; };
		4B3FE8971E44F34D00852A2A /* ARSLineProgressTypeAliases.swift */ = {isa = PBXFileReference; fileEncoding = 4; lastKnownFileType = sourcecode.swift; name = ARSLineProgressTypeAliases.swift; path = "Avalon-print/progressIndicator/ARSLineProgressTypeAliases.swift"; sourceTree = SOURCE_ROOT; };
		4B3FE8981E44F34D00852A2A /* ARSProgressLoader.swift */ = {isa = PBXFileReference; fileEncoding = 4; lastKnownFileType = sourcecode.swift; name = ARSProgressLoader.swift; path = "Avalon-print/progressIndicator/ARSProgressLoader.swift"; sourceTree = SOURCE_ROOT; };
		4B3FE8991E44F34D00852A2A /* ARSStatus.swift */ = {isa = PBXFileReference; fileEncoding = 4; lastKnownFileType = sourcecode.swift; name = ARSStatus.swift; path = "Avalon-print/progressIndicator/ARSStatus.swift"; sourceTree = SOURCE_ROOT; };
		4B3FE8A31E44F3DA00852A2A /* ARSLineProgressHelpers.swift */ = {isa = PBXFileReference; fileEncoding = 4; lastKnownFileType = sourcecode.swift; name = ARSLineProgressHelpers.swift; path = "Avalon-print/progressIndicator/ARSLineProgressHelpers.swift"; sourceTree = SOURCE_ROOT; };
		4B4028AA1E23AA37006E703B /* Bucket.xcdatamodel */ = {isa = PBXFileReference; lastKnownFileType = wrapper.xcdatamodel; path = Bucket.xcdatamodel; sourceTree = "<group>"; };
		4B5A3D881E2FDF6D00E10A17 /* NotificationCenter.framework */ = {isa = PBXFileReference; lastKnownFileType = wrapper.framework; name = NotificationCenter.framework; path = System/Library/Frameworks/NotificationCenter.framework; sourceTree = SDKROOT; };
		4B894DF31E3E3137008D694D /* PasswordResetVC.swift */ = {isa = PBXFileReference; fileEncoding = 4; lastKnownFileType = sourcecode.swift; name = PasswordResetVC.swift; path = "Avalon-print/PasswordResetVC.swift"; sourceTree = SOURCE_ROOT; };
		4B9E4DB71E4B517A00FB1591 /* HoshiTextField.swift */ = {isa = PBXFileReference; fileEncoding = 4; lastKnownFileType = sourcecode.swift; name = HoshiTextField.swift; path = "Avalon-print/textfieldEffects/HoshiTextField.swift"; sourceTree = SOURCE_ROOT; };
		4B9E4DB81E4B517A00FB1591 /* TextFieldEffects.h */ = {isa = PBXFileReference; fileEncoding = 4; lastKnownFileType = sourcecode.c.h; name = TextFieldEffects.h; path = "Avalon-print/textfieldEffects/TextFieldEffects.h"; sourceTree = SOURCE_ROOT; };
		4B9E4DB91E4B517A00FB1591 /* TextFieldsEffects.swift */ = {isa = PBXFileReference; fileEncoding = 4; lastKnownFileType = sourcecode.swift; name = TextFieldsEffects.swift; path = "Avalon-print/textfieldEffects/TextFieldsEffects.swift"; sourceTree = SOURCE_ROOT; };
		4BB129CE1EA21B1900E44037 /* PriceCalculation.swift */ = {isa = PBXFileReference; fileEncoding = 4; lastKnownFileType = sourcecode.swift; name = PriceCalculation.swift; path = "Avalon-print/PriceCalculation.swift"; sourceTree = SOURCE_ROOT; };
		4BB66EEA1E3793AF006D9447 /* HomeVCCell.swift */ = {isa = PBXFileReference; fileEncoding = 4; lastKnownFileType = sourcecode.swift; name = HomeVCCell.swift; path = "Avalon-print/HomeVCCell.swift"; sourceTree = SOURCE_ROOT; };
		4BB66EEB1E3793AF006D9447 /* HomeVCCell.xib */ = {isa = PBXFileReference; fileEncoding = 4; lastKnownFileType = file.xib; name = HomeVCCell.xib; path = "Avalon-print/HomeVCCell.xib"; sourceTree = SOURCE_ROOT; };
		4BBDBE6C1E9ACB5F0006407E /* FetchingMaterialsAndPostPrintFromFIrebase.swift */ = {isa = PBXFileReference; fileEncoding = 4; lastKnownFileType = sourcecode.swift; name = FetchingMaterialsAndPostPrintFromFIrebase.swift; path = "Avalon-print/FetchingMaterialsAndPostPrintFromFIrebase.swift"; sourceTree = SOURCE_ROOT; };
		4BBED8CD1E33EDC300A62636 /* MaterialsCollectionViewCell.swift */ = {isa = PBXFileReference; fileEncoding = 4; lastKnownFileType = sourcecode.swift; name = MaterialsCollectionViewCell.swift; path = "Avalon-print/MaterialsCollectionViewCell.swift"; sourceTree = SOURCE_ROOT; };
		4BBED8CE1E33EDC300A62636 /* MaterialsCollectionViewCell.xib */ = {isa = PBXFileReference; fileEncoding = 4; lastKnownFileType = file.xib; name = MaterialsCollectionViewCell.xib; path = "Avalon-print/MaterialsCollectionViewCell.xib"; sourceTree = SOURCE_ROOT; };
		4BC8241C1E3F8582004B6DCE /* MyOrdersTableVC.swift */ = {isa = PBXFileReference; fileEncoding = 4; lastKnownFileType = sourcecode.swift; name = MyOrdersTableVC.swift; path = "Avalon-print/MyOrdersTableVC.swift"; sourceTree = SOURCE_ROOT; };
		4BC8241E1E3FB84C004B6DCE /* MyOrdersDetailTableVC.swift */ = {isa = PBXFileReference; fileEncoding = 4; lastKnownFileType = sourcecode.swift; name = MyOrdersDetailTableVC.swift; path = "Avalon-print/MyOrdersDetailTableVC.swift"; sourceTree = SOURCE_ROOT; };
		4BC903B51E9AFA9D00061FB4 /* Avalon-Print.entitlements */ = {isa = PBXFileReference; lastKnownFileType = text.plist.entitlements; name = "Avalon-Print.entitlements"; path = "Avalon-Print/Avalon-Print.entitlements"; sourceTree = "<group>"; };
		4BD8DB9E1E3BB0450080EEAB /* GoogleService-Info.plist */ = {isa = PBXFileReference; fileEncoding = 4; lastKnownFileType = text.plist.xml; path = "GoogleService-Info.plist"; sourceTree = SOURCE_ROOT; };
		4BFB58ED1E8579FC0048E0C6 /* Avalon-Print-Bridging-Header.h */ = {isa = PBXFileReference; lastKnownFileType = sourcecode.c.h; path = "Avalon-Print-Bridging-Header.h"; sourceTree = "<group>"; };
		4BFD11C41E841F520026E152 /* Message.swift */ = {isa = PBXFileReference; fileEncoding = 4; lastKnownFileType = sourcecode.swift; name = Message.swift; path = "Avalon-print/Messenger/Message.swift"; sourceTree = SOURCE_ROOT; };
		4BFD11C51E841F520026E152 /* User.swift */ = {isa = PBXFileReference; fileEncoding = 4; lastKnownFileType = sourcecode.swift; name = User.swift; path = "Avalon-print/Messenger/User.swift"; sourceTree = SOURCE_ROOT; };
		4BFD11C91E841F6F0026E152 /* Extensions.swift */ = {isa = PBXFileReference; fileEncoding = 4; lastKnownFileType = sourcecode.swift; name = Extensions.swift; path = "Avalon-print/Messenger/Extensions.swift"; sourceTree = SOURCE_ROOT; };
		4BFD11CB1E841F910026E152 /* ChatLogController.swift */ = {isa = PBXFileReference; fileEncoding = 4; lastKnownFileType = sourcecode.swift; name = ChatLogController.swift; path = "Avalon-print/Messenger/ChatLogController.swift"; sourceTree = SOURCE_ROOT; };
		4BFD11CE1E841F910026E152 /* MessagesController.swift */ = {isa = PBXFileReference; fileEncoding = 4; lastKnownFileType = sourcecode.swift; name = MessagesController.swift; path = "Avalon-print/Messenger/MessagesController.swift"; sourceTree = SOURCE_ROOT; };
		4BFD11CF1E841F910026E152 /* NewMessageController.swift */ = {isa = PBXFileReference; fileEncoding = 4; lastKnownFileType = sourcecode.swift; name = NewMessageController.swift; path = "Avalon-print/Messenger/NewMessageController.swift"; sourceTree = SOURCE_ROOT; };
		4BFD11D51E841FA50026E152 /* ChatInputContainerView.swift */ = {isa = PBXFileReference; fileEncoding = 4; lastKnownFileType = sourcecode.swift; name = ChatInputContainerView.swift; path = "Avalon-print/Messenger/ChatInputContainerView.swift"; sourceTree = SOURCE_ROOT; };
		4BFD11D61E841FA50026E152 /* ChatMessageCell.swift */ = {isa = PBXFileReference; fileEncoding = 4; lastKnownFileType = sourcecode.swift; name = ChatMessageCell.swift; path = "Avalon-print/Messenger/ChatMessageCell.swift"; sourceTree = SOURCE_ROOT; };
		4BFD11D71E841FA50026E152 /* UserCell.swift */ = {isa = PBXFileReference; fileEncoding = 4; lastKnownFileType = sourcecode.swift; name = UserCell.swift; path = "Avalon-print/Messenger/UserCell.swift"; sourceTree = SOURCE_ROOT; };
		4BFFD84B1E3E383300710282 /* UpdateUserProfile.swift */ = {isa = PBXFileReference; fileEncoding = 4; lastKnownFileType = sourcecode.swift; name = UpdateUserProfile.swift; path = "Avalon-print/UpdateUserProfile.swift"; sourceTree = SOURCE_ROOT; };
		657B8B5C724347DD5F22983B /* Pods-Avalon-Print.debug.xcconfig */ = {isa = PBXFileReference; includeInIndex = 1; lastKnownFileType = text.xcconfig; name = "Pods-Avalon-Print.debug.xcconfig"; path = "Pods/Target Support Files/Pods-Avalon-Print/Pods-Avalon-Print.debug.xcconfig"; sourceTree = "<group>"; };
		B5EA1A241B7B383300E1C1C3 /* Avalon-Print.app */ = {isa = PBXFileReference; explicitFileType = wrapper.application; includeInIndex = 0; path = "Avalon-Print.app"; sourceTree = BUILT_PRODUCTS_DIR; };
		B5EA1A331B7B383300E1C1C3 /* Info.plist */ = {isa = PBXFileReference; lastKnownFileType = text.plist.xml; path = Info.plist; sourceTree = "<group>"; };
		EB4FDA446405594BCDEC69EC /* Pods-Avalon-Print.release.xcconfig */ = {isa = PBXFileReference; includeInIndex = 1; lastKnownFileType = text.xcconfig; name = "Pods-Avalon-Print.release.xcconfig"; path = "Pods/Target Support Files/Pods-Avalon-Print/Pods-Avalon-Print.release.xcconfig"; sourceTree = "<group>"; };
/* End PBXFileReference section */

/* Begin PBXFrameworksBuildPhase section */
		B5EA1A211B7B383300E1C1C3 /* Frameworks */ = {
			isa = PBXFrameworksBuildPhase;
			buildActionMask = 2147483647;
			files = (
				E3A771AD5BE84BBD89BE16E0 /* Pods_Avalon_Print.framework in Frameworks */,
			);
			runOnlyForDeploymentPostprocessing = 0;
		};
/* End PBXFrameworksBuildPhase section */

/* Begin PBXGroup section */
		2A0E9E8041EB7CBBDB4412F7 /* Pods */ = {
			isa = PBXGroup;
			children = (
				657B8B5C724347DD5F22983B /* Pods-Avalon-Print.debug.xcconfig */,
				EB4FDA446405594BCDEC69EC /* Pods-Avalon-Print.release.xcconfig */,
			);
			name = Pods;
			sourceTree = "<group>";
		};
		2E2B9315D2A9134FFCED2CEF /* Frameworks */ = {
			isa = PBXGroup;
			children = (
				4B5A3D881E2FDF6D00E10A17 /* NotificationCenter.framework */,
				0428C93784D8F1D699100807 /* Pods_Avalon_Print.framework */,
			);
			name = Frameworks;
			sourceTree = "<group>";
		};
		4B2D03B21DF78E5C00BF0B23 /* Support */ = {
			isa = PBXGroup;
			children = (
				4B8D1BD81DF1FF39001A97F2 /* TextFieldEffects */,
				4B3FE86C1E44E57000852A2A /* progressLoader */,
				4B3F81BF1E22706100034E3E /* ButtonMockup.swift */,
				4B3F81C11E22706100034E3E /* ENMBadgedBarButton.h */,
				4B3F81C21E22706100034E3E /* ENMBadgedBarButtonItem.swift */,
				4B3008AA1E2F888E0044654E /* customNavigationController.swift */,
				4B3F81C01E22706100034E3E /* customNavigationBar.swift */,
				4B3DFEE01E3178CD00F508F7 /* HelpingFunctions.swift */,
				4B3FE8661E44B59200852A2A /* InitialImageView.swift */,
			);
			name = Support;
			path = CustomSlideMenu;
			sourceTree = "<group>";
		};
		4B3FE86C1E44E57000852A2A /* progressLoader */ = {
			isa = PBXGroup;
			children = (
				4B3FE8A31E44F3DA00852A2A /* ARSLineProgressHelpers.swift */,
				4B3FE8911E44F34D00852A2A /* ARSInfiniteLoader.swift */,
				4B3FE8921E44F34D00852A2A /* ARSLineProgress.swift */,
				4B3FE8931E44F34D00852A2A /* ARSLineProgressConstants.swift */,
				4B3FE8941E44F34D00852A2A /* ARSLineProgressCustomization.swift */,
				4B3FE8951E44F34D00852A2A /* ARSLineProgressExtensions.swift */,
				4B3FE8961E44F34D00852A2A /* ARSLineProgressProtocols.swift */,
				4B3FE8971E44F34D00852A2A /* ARSLineProgressTypeAliases.swift */,
				4B3FE8981E44F34D00852A2A /* ARSProgressLoader.swift */,
				4B3FE8991E44F34D00852A2A /* ARSStatus.swift */,
			);
			name = progressLoader;
			sourceTree = "<group>";
		};
		4B5FCE831DF0DB350080B034 /* pages */ = {
			isa = PBXGroup;
			children = (
				4BFD11C81E841F600026E152 /* Helpers */,
				4BF1D6B41E83F19B0027C82B /* MessengerViews */,
				4BF1D6B21E83F1810027C82B /* Model */,
				4BF1D6B11E83F1600027C82B /* MessengerControllers */,
				4BBED8CC1E33ECD500A62636 /* MaterialInfoVC */,
				4B8D1C191DF2F2C7001A97F2 /* PostersStickers */,
				4B7BFF4F1E0C392100E72E8A /* canvas */,
				4B7BFF501E0C392700E72E8A /* banners */,
				4B8F69301E37C9B400F0C91D /* information */,
				4BB42CB01E37E014008CA109 /* contacts */,
				4B8F692F1E37C96300F0C91D /* home */,
				4B894DF51E3E3145008D694D /* authentication */,
				4BFFD84D1E3E383D00710282 /* userProfile */,
				4BFFD84E1E3E385100710282 /* shoppingCart */,
				4BD8DB9E1E3BB0450080EEAB /* GoogleService-Info.plist */,
			);
			name = pages;
			sourceTree = "<group>";
		};
		4B7BFF4F1E0C392100E72E8A /* canvas */ = {
			isa = PBXGroup;
			children = (
				4B3F81991E226F2D00034E3E /* canvasComputing.swift */,
				4B3F819A1E226F2D00034E3E /* CanvasVC.swift */,
			);
			name = canvas;
			sourceTree = "<group>";
		};
		4B7BFF501E0C392700E72E8A /* banners */ = {
			isa = PBXGroup;
			children = (
				4B3F819D1E226F4000034E3E /* bannersComputing.swift */,
				4B3F819E1E226F4000034E3E /* BannersVC.swift */,
			);
			name = banners;
			sourceTree = "<group>";
		};
		4B894DF51E3E3145008D694D /* authentication */ = {
			isa = PBXGroup;
			children = (
				4B3F81A71E226FC300034E3E /* LoginViewController.swift */,
				4B3F81A91E226FC300034E3E /* RegistrationViewController.swift */,
				4B894DF31E3E3137008D694D /* PasswordResetVC.swift */,
			);
			name = authentication;
			sourceTree = "<group>";
		};
		4B8D1BD81DF1FF39001A97F2 /* TextFieldEffects */ = {
			isa = PBXGroup;
			children = (
				4B9E4DB71E4B517A00FB1591 /* HoshiTextField.swift */,
				4B9E4DB81E4B517A00FB1591 /* TextFieldEffects.h */,
				4B9E4DB91E4B517A00FB1591 /* TextFieldsEffects.swift */,
			);
			name = TextFieldEffects;
			path = ..;
			sourceTree = "<group>";
		};
		4B8D1C191DF2F2C7001A97F2 /* PostersStickers */ = {
			isa = PBXGroup;
			children = (
				4B3F81921E226EE900034E3E /* PostersVC.swift */,
				4B3F81961E226F0800034E3E /* StickersVC.swift */,
				4BB129CE1EA21B1900E44037 /* PriceCalculation.swift */,
			);
			name = PostersStickers;
			sourceTree = "<group>";
		};
		4B8F692F1E37C96300F0C91D /* home */ = {
			isa = PBXGroup;
			children = (
				4B3F81AB1E226FC300034E3E /* HomeVC.swift */,
				4BB66EEA1E3793AF006D9447 /* HomeVCCell.swift */,
				4BB66EEB1E3793AF006D9447 /* HomeVCCell.xib */,
			);
			name = home;
			sourceTree = "<group>";
		};
		4B8F69301E37C9B400F0C91D /* information */ = {
			isa = PBXGroup;
			children = (
				4B3F81A51E226FC300034E3E /* InformationDetail.swift */,
				4B3F81A61E226FC300034E3E /* InformationPageController.swift */,
			);
			name = information;
			sourceTree = "<group>";
		};
		4B98B1461E217FD1003D725C /* Fonts */ = {
			isa = PBXGroup;
			children = (
				4B3F818B1E226E8D00034E3E /* Exo2-ExtraLight.ttf */,
				4B3F818C1E226E8D00034E3E /* Exo2-Light.ttf */,
				4B3F818D1E226E8D00034E3E /* Exo2-Regular.ttf */,
			);
			name = Fonts;
			path = CustomSlideMenu;
			sourceTree = "<group>";
		};
		4BB42CB01E37E014008CA109 /* contacts */ = {
			isa = PBXGroup;
			children = (
				4B3F81A41E226FC300034E3E /* ContactsPageController.swift */,
				4B3F81A81E226FC300034E3E /* Map.swift */,
			);
			name = contacts;
			sourceTree = "<group>";
		};
		4BBED8CC1E33ECD500A62636 /* MaterialInfoVC */ = {
			isa = PBXGroup;
			children = (
				4BBED8CD1E33EDC300A62636 /* MaterialsCollectionViewCell.swift */,
				4BBED8CE1E33EDC300A62636 /* MaterialsCollectionViewCell.xib */,
				4B17D3241E33F2790070DE27 /* ExpandingMaterialViewController.swift */,
				4B17D3261E33F97C0070DE27 /* ExpandingMaterialTableViewController.swift */,
			);
			name = MaterialInfoVC;
			sourceTree = "<group>";
		};
		4BF1D6B11E83F1600027C82B /* MessengerControllers */ = {
			isa = PBXGroup;
			children = (
				4BFD11CB1E841F910026E152 /* ChatLogController.swift */,
				4BFD11CE1E841F910026E152 /* MessagesController.swift */,
				4BFD11CF1E841F910026E152 /* NewMessageController.swift */,
			);
			name = MessengerControllers;
			sourceTree = "<group>";
		};
		4BF1D6B21E83F1810027C82B /* Model */ = {
			isa = PBXGroup;
			children = (
				4BFD11C41E841F520026E152 /* Message.swift */,
				4BFD11C51E841F520026E152 /* User.swift */,
			);
			name = Model;
			sourceTree = "<group>";
		};
		4BF1D6B41E83F19B0027C82B /* MessengerViews */ = {
			isa = PBXGroup;
			children = (
				4BFD11D51E841FA50026E152 /* ChatInputContainerView.swift */,
				4BFD11D61E841FA50026E152 /* ChatMessageCell.swift */,
				4BFD11D71E841FA50026E152 /* UserCell.swift */,
			);
			name = MessengerViews;
			sourceTree = "<group>";
		};
		4BFD11C81E841F600026E152 /* Helpers */ = {
			isa = PBXGroup;
			children = (
				4BFD11C91E841F6F0026E152 /* Extensions.swift */,
				4BFB58ED1E8579FC0048E0C6 /* Avalon-Print-Bridging-Header.h */,
				4BBDBE6C1E9ACB5F0006407E /* FetchingMaterialsAndPostPrintFromFIrebase.swift */,
			);
			name = Helpers;
			sourceTree = "<group>";
		};
		4BFFD84D1E3E383D00710282 /* userProfile */ = {
			isa = PBXGroup;
			children = (
				4B3F81AA1E226FC300034E3E /* UserProfile.swift */,
				4BFFD84B1E3E383300710282 /* UpdateUserProfile.swift */,
				4BC8241C1E3F8582004B6DCE /* MyOrdersTableVC.swift */,
				4BC8241E1E3FB84C004B6DCE /* MyOrdersDetailTableVC.swift */,
			);
			name = userProfile;
			sourceTree = "<group>";
		};
		4BFFD84E1E3E385100710282 /* shoppingCart */ = {
			isa = PBXGroup;
			children = (
				4B3F81A11E226FC300034E3E /* ShoppingCartVC.swift */,
				4B3F81A21E226FC300034E3E /* ShoppingCartTableViewCell.swift */,
				4B3F81A31E226FC300034E3E /* CheckoutFormVC.swift */,
			);
			name = shoppingCart;
			sourceTree = "<group>";
		};
		B5EA1A1B1B7B383300E1C1C3 = {
			isa = PBXGroup;
			children = (
				4BC903B51E9AFA9D00061FB4 /* Avalon-Print.entitlements */,
				B5EA1A261B7B383300E1C1C3 /* Avalon-print */,
				4B4028A91E23AA37006E703B /* Bucket.xcdatamodeld */,
				4B98B1461E217FD1003D725C /* Fonts */,
				4B2D03B21DF78E5C00BF0B23 /* Support */,
				B5EA1A251B7B383300E1C1C3 /* Products */,
				2E2B9315D2A9134FFCED2CEF /* Frameworks */,
				2A0E9E8041EB7CBBDB4412F7 /* Pods */,
			);
			sourceTree = "<group>";
		};
		B5EA1A251B7B383300E1C1C3 /* Products */ = {
			isa = PBXGroup;
			children = (
				B5EA1A241B7B383300E1C1C3 /* Avalon-Print.app */,
			);
			name = Products;
			sourceTree = "<group>";
		};
		B5EA1A261B7B383300E1C1C3 /* Avalon-print */ = {
			isa = PBXGroup;
			children = (
				4B5FCE831DF0DB350080B034 /* pages */,
				4B3F81B71E22702300034E3E /* AppDelegate.swift */,
				4B3F81B81E22702300034E3E /* FirebaseCalculationsDataRetrieving.swift */,
				4B3F81B91E22702300034E3E /* Main.storyboard */,
				4B3F81CB1E2271D300034E3E /* LaunchScreen.storyboard */,
				B5EA1A331B7B383300E1C1C3 /* Info.plist */,
				4B3F81BA1E22702300034E3E /* Assets.xcassets */,
			);
			name = "Avalon-print";
			path = CustomSlideMenu;
			sourceTree = "<group>";
		};
/* End PBXGroup section */

/* Begin PBXNativeTarget section */
		B5EA1A231B7B383300E1C1C3 /* Avalon-Print */ = {
			isa = PBXNativeTarget;
			buildConfigurationList = B5EA1A361B7B383300E1C1C3 /* Build configuration list for PBXNativeTarget "Avalon-Print" */;
			buildPhases = (
				12896BA8802A664E41F7D0D9 /* [CP] Check Pods Manifest.lock */,
				B5EA1A201B7B383300E1C1C3 /* Sources */,
				B5EA1A211B7B383300E1C1C3 /* Frameworks */,
				B5EA1A221B7B383300E1C1C3 /* Resources */,
				4B5A3D971E2FDF6D00E10A17 /* Embed App Extensions */,
				4B5A3DA91E2FDF8300E10A17 /* Embed Frameworks */,
				E577D5281BE2F1631B404E9B /* [CP] Embed Pods Frameworks */,
				4B05E55F028A6FBB85B01EAA /* [CP] Copy Pods Resources */,
			);
			buildRules = (
			);
			dependencies = (
			);
			name = "Avalon-Print";
			productName = CustomSlideMenu;
			productReference = B5EA1A241B7B383300E1C1C3 /* Avalon-Print.app */;
			productType = "com.apple.product-type.application";
		};
/* End PBXNativeTarget section */

/* Begin PBXProject section */
		B5EA1A1C1B7B383300E1C1C3 /* Project object */ = {
			isa = PBXProject;
			attributes = {
				LastSwiftUpdateCheck = 0820;
				LastUpgradeCheck = 0830;
				ORGANIZATIONNAME = "Roman Mizin";
				TargetAttributes = {
					B5EA1A231B7B383300E1C1C3 = {
						CreatedOnToolsVersion = 7.0;
						DevelopmentTeam = X9LK79XJU6;
						LastSwiftMigration = 0820;
						ProvisioningStyle = Automatic;
						SystemCapabilities = {
							com.apple.ApplicationGroups.iOS = {
								enabled = 1;
							};
						};
					};
				};
			};
			buildConfigurationList = B5EA1A1F1B7B383300E1C1C3 /* Build configuration list for PBXProject "Avalon-Print" */;
			compatibilityVersion = "Xcode 3.2";
			developmentRegion = English;
			hasScannedForEncodings = 0;
			knownRegions = (
				en,
				Base,
			);
			mainGroup = B5EA1A1B1B7B383300E1C1C3;
			productRefGroup = B5EA1A251B7B383300E1C1C3 /* Products */;
			projectDirPath = "";
			projectRoot = "";
			targets = (
				B5EA1A231B7B383300E1C1C3 /* Avalon-Print */,
			);
		};
/* End PBXProject section */

/* Begin PBXResourcesBuildPhase section */
		B5EA1A221B7B383300E1C1C3 /* Resources */ = {
			isa = PBXResourcesBuildPhase;
			buildActionMask = 2147483647;
			files = (
				4B3F81901E226E8D00034E3E /* Exo2-Regular.ttf in Resources */,
				4BB66EED1E3793AF006D9447 /* HomeVCCell.xib in Resources */,
				4BBED8D01E33EDC300A62636 /* MaterialsCollectionViewCell.xib in Resources */,
				4B3F81CD1E2271D300034E3E /* LaunchScreen.storyboard in Resources */,
				4B3F81BD1E22702300034E3E /* Main.storyboard in Resources */,
				4B3F818F1E226E8D00034E3E /* Exo2-Light.ttf in Resources */,
				4BD8DB9F1E3BB0450080EEAB /* GoogleService-Info.plist in Resources */,
				4B3F81BE1E22702300034E3E /* Assets.xcassets in Resources */,
				4B3F818E1E226E8D00034E3E /* Exo2-ExtraLight.ttf in Resources */,
			);
			runOnlyForDeploymentPostprocessing = 0;
		};
/* End PBXResourcesBuildPhase section */

/* Begin PBXShellScriptBuildPhase section */
		12896BA8802A664E41F7D0D9 /* [CP] Check Pods Manifest.lock */ = {
			isa = PBXShellScriptBuildPhase;
			buildActionMask = 2147483647;
			files = (
			);
			inputPaths = (
			);
			name = "[CP] Check Pods Manifest.lock";
			outputPaths = (
			);
			runOnlyForDeploymentPostprocessing = 0;
			shellPath = /bin/sh;
			shellScript = "diff \"${PODS_ROOT}/../Podfile.lock\" \"${PODS_ROOT}/Manifest.lock\" > /dev/null\nif [ $? != 0 ] ; then\n    # print error to STDERR\n    echo \"error: The sandbox is not in sync with the Podfile.lock. Run 'pod install' or update your CocoaPods installation.\" >&2\n    exit 1\nfi\n";
			showEnvVarsInLog = 0;
		};
		4B05E55F028A6FBB85B01EAA /* [CP] Copy Pods Resources */ = {
			isa = PBXShellScriptBuildPhase;
			buildActionMask = 2147483647;
			files = (
			);
			inputPaths = (
			);
			name = "[CP] Copy Pods Resources";
			outputPaths = (
			);
			runOnlyForDeploymentPostprocessing = 0;
			shellPath = /bin/sh;
			shellScript = "\"${SRCROOT}/Pods/Target Support Files/Pods-Avalon-Print/Pods-Avalon-Print-resources.sh\"\n";
			showEnvVarsInLog = 0;
		};
		E577D5281BE2F1631B404E9B /* [CP] Embed Pods Frameworks */ = {
			isa = PBXShellScriptBuildPhase;
			buildActionMask = 2147483647;
			files = (
			);
			inputPaths = (
			);
			name = "[CP] Embed Pods Frameworks";
			outputPaths = (
			);
			runOnlyForDeploymentPostprocessing = 0;
			shellPath = /bin/sh;
			shellScript = "\"${SRCROOT}/Pods/Target Support Files/Pods-Avalon-Print/Pods-Avalon-Print-frameworks.sh\"\n";
			showEnvVarsInLog = 0;
		};
/* End PBXShellScriptBuildPhase section */

/* Begin PBXSourcesBuildPhase section */
		B5EA1A201B7B383300E1C1C3 /* Sources */ = {
			isa = PBXSourcesBuildPhase;
			buildActionMask = 2147483647;
			files = (
				4B3FE8A11E44F34D00852A2A /* ARSProgressLoader.swift in Sources */,
				4B3F81981E226F0800034E3E /* StickersVC.swift in Sources */,
				4B3F81AE1E226FC300034E3E /* CheckoutFormVC.swift in Sources */,
				4B3F81BB1E22702300034E3E /* AppDelegate.swift in Sources */,
				4B3F819F1E226F4000034E3E /* bannersComputing.swift in Sources */,
				4B3F81941E226EE900034E3E /* PostersVC.swift in Sources */,
				4B3F81B51E226FC300034E3E /* UserProfile.swift in Sources */,
				4B3F81A01E226F4000034E3E /* BannersVC.swift in Sources */,
				4B3008AB1E2F888E0044654E /* customNavigationController.swift in Sources */,
				4BC8241D1E3F8582004B6DCE /* MyOrdersTableVC.swift in Sources */,
				4B3F81B31E226FC300034E3E /* Map.swift in Sources */,
				4B894DF41E3E3137008D694D /* PasswordResetVC.swift in Sources */,
				4BBED8CF1E33EDC300A62636 /* MaterialsCollectionViewCell.swift in Sources */,
				4B3F81C41E22706100034E3E /* customNavigationBar.swift in Sources */,
				4B3FE89D1E44F34D00852A2A /* ARSLineProgressCustomization.swift in Sources */,
				4B9E4DBA1E4B517A00FB1591 /* HoshiTextField.swift in Sources */,
				4BB66EEC1E3793AF006D9447 /* HomeVCCell.swift in Sources */,
				4B3FE89C1E44F34D00852A2A /* ARSLineProgressConstants.swift in Sources */,
				4BFD11D91E841FA50026E152 /* ChatMessageCell.swift in Sources */,
				4BFD11D81E841FA50026E152 /* ChatInputContainerView.swift in Sources */,
				4B3F81C51E22706100034E3E /* ENMBadgedBarButtonItem.swift in Sources */,
				4B3FE89A1E44F34D00852A2A /* ARSInfiniteLoader.swift in Sources */,
				4BB129CF1EA21B1900E44037 /* PriceCalculation.swift in Sources */,
				4B3DFEE11E3178CD00F508F7 /* HelpingFunctions.swift in Sources */,
				4BFFD84C1E3E383300710282 /* UpdateUserProfile.swift in Sources */,
				4B3F81B61E226FC300034E3E /* HomeVC.swift in Sources */,
				4BFD11D31E841F910026E152 /* MessagesController.swift in Sources */,
				4BFD11D01E841F910026E152 /* ChatLogController.swift in Sources */,
				4B4028AB1E23AA37006E703B /* Bucket.xcdatamodeld in Sources */,
				4B3F81B41E226FC300034E3E /* RegistrationViewController.swift in Sources */,
				4B3FE8A21E44F34D00852A2A /* ARSStatus.swift in Sources */,
				4BFD11C61E841F520026E152 /* Message.swift in Sources */,
				4BFD11C71E841F520026E152 /* User.swift in Sources */,
				4BFD11D41E841F910026E152 /* NewMessageController.swift in Sources */,
				4B3FE89F1E44F34D00852A2A /* ARSLineProgressProtocols.swift in Sources */,
				4B3F81AF1E226FC300034E3E /* ContactsPageController.swift in Sources */,
				4BFD11CA1E841F6F0026E152 /* Extensions.swift in Sources */,
				4B3FE8A41E44F3DA00852A2A /* ARSLineProgressHelpers.swift in Sources */,
				4B17D3271E33F97C0070DE27 /* ExpandingMaterialTableViewController.swift in Sources */,
				4BBFC9C61E3A8738002090B1 /* LoginViewController.swift in Sources */,
				4BC8241F1E3FB84C004B6DCE /* MyOrdersDetailTableVC.swift in Sources */,
				4B3FE89B1E44F34D00852A2A /* ARSLineProgress.swift in Sources */,
				4B3F819B1E226F2D00034E3E /* canvasComputing.swift in Sources */,
				4B3F819C1E226F2D00034E3E /* CanvasVC.swift in Sources */,
				4BBFC9C41E3A8179002090B1 /* ButtonMockup.swift in Sources */,
				4B17D3251E33F2790070DE27 /* ExpandingMaterialViewController.swift in Sources */,
				4B3FE89E1E44F34D00852A2A /* ARSLineProgressExtensions.swift in Sources */,
				4BFD11DA1E841FA50026E152 /* UserCell.swift in Sources */,
				4B3FE8A01E44F34D00852A2A /* ARSLineProgressTypeAliases.swift in Sources */,
				4B3F81BC1E22702300034E3E /* FirebaseCalculationsDataRetrieving.swift in Sources */,
				4B3F81AC1E226FC300034E3E /* ShoppingCartVC.swift in Sources */,
				4B3F81AD1E226FC300034E3E /* ShoppingCartTableViewCell.swift in Sources */,
				4B3F81B01E226FC300034E3E /* InformationDetail.swift in Sources */,
				4B3F81B11E226FC300034E3E /* InformationPageController.swift in Sources */,
				4BBDBE6D1E9ACB5F0006407E /* FetchingMaterialsAndPostPrintFromFIrebase.swift in Sources */,
				4B9E4DBB1E4B517A00FB1591 /* TextFieldsEffects.swift in Sources */,
				4B3FE8671E44B59200852A2A /* InitialImageView.swift in Sources */,
			);
			runOnlyForDeploymentPostprocessing = 0;
		};
/* End PBXSourcesBuildPhase section */

/* Begin PBXVariantGroup section */
		4B3F81CB1E2271D300034E3E /* LaunchScreen.storyboard */ = {
			isa = PBXVariantGroup;
			children = (
				4B3F81CC1E2271D300034E3E /* Base */,
			);
			name = LaunchScreen.storyboard;
			sourceTree = "<group>";
		};
/* End PBXVariantGroup section */

/* Begin XCBuildConfiguration section */
		B5EA1A341B7B383300E1C1C3 /* Debug */ = {
			isa = XCBuildConfiguration;
			buildSettings = {
				ALWAYS_EMBED_SWIFT_STANDARD_LIBRARIES = "$(inherited)";
				ALWAYS_SEARCH_USER_PATHS = NO;
				CLANG_CXX_LANGUAGE_STANDARD = "gnu++0x";
				CLANG_CXX_LIBRARY = "libc++";
				CLANG_ENABLE_MODULES = YES;
				CLANG_ENABLE_OBJC_ARC = YES;
				CLANG_WARN_BOOL_CONVERSION = YES;
				CLANG_WARN_CONSTANT_CONVERSION = YES;
				CLANG_WARN_DIRECT_OBJC_ISA_USAGE = YES_ERROR;
				CLANG_WARN_EMPTY_BODY = YES;
				CLANG_WARN_ENUM_CONVERSION = YES;
				CLANG_WARN_INFINITE_RECURSION = YES;
				CLANG_WARN_INT_CONVERSION = YES;
				CLANG_WARN_OBJC_ROOT_CLASS = YES_ERROR;
				CLANG_WARN_SUSPICIOUS_MOVE = YES;
				CLANG_WARN_UNREACHABLE_CODE = YES;
				CLANG_WARN__DUPLICATE_METHOD_MATCH = YES;
				"CODE_SIGN_IDENTITY[sdk=iphoneos*]" = "iPhone Developer";
				COPY_PHASE_STRIP = NO;
				DEBUG_INFORMATION_FORMAT = dwarf;
				ENABLE_BITCODE = YES;
				ENABLE_STRICT_OBJC_MSGSEND = YES;
				ENABLE_TESTABILITY = YES;
				GCC_C_LANGUAGE_STANDARD = gnu99;
				GCC_DYNAMIC_NO_PIC = NO;
				GCC_NO_COMMON_BLOCKS = YES;
				GCC_OPTIMIZATION_LEVEL = 0;
				GCC_PREPROCESSOR_DEFINITIONS = (
					"DEBUG=1",
					"$(inherited)",
				);
				GCC_WARN_64_TO_32_BIT_CONVERSION = YES;
				GCC_WARN_ABOUT_RETURN_TYPE = YES_ERROR;
				GCC_WARN_UNDECLARED_SELECTOR = YES;
				GCC_WARN_UNINITIALIZED_AUTOS = YES_AGGRESSIVE;
				GCC_WARN_UNUSED_FUNCTION = YES;
				GCC_WARN_UNUSED_VARIABLE = YES;
				IPHONEOS_DEPLOYMENT_TARGET = 10.3;
				MTL_ENABLE_DEBUG_INFO = YES;
				ONLY_ACTIVE_ARCH = YES;
				SDKROOT = iphoneos;
				SWIFT_OPTIMIZATION_LEVEL = "-Onone";
			};
			name = Debug;
		};
		B5EA1A351B7B383300E1C1C3 /* Release */ = {
			isa = XCBuildConfiguration;
			buildSettings = {
				ALWAYS_EMBED_SWIFT_STANDARD_LIBRARIES = "$(inherited)";
				ALWAYS_SEARCH_USER_PATHS = NO;
				CLANG_CXX_LANGUAGE_STANDARD = "gnu++0x";
				CLANG_CXX_LIBRARY = "libc++";
				CLANG_ENABLE_MODULES = YES;
				CLANG_ENABLE_OBJC_ARC = YES;
				CLANG_WARN_BOOL_CONVERSION = YES;
				CLANG_WARN_CONSTANT_CONVERSION = YES;
				CLANG_WARN_DIRECT_OBJC_ISA_USAGE = YES_ERROR;
				CLANG_WARN_EMPTY_BODY = YES;
				CLANG_WARN_ENUM_CONVERSION = YES;
				CLANG_WARN_INFINITE_RECURSION = YES;
				CLANG_WARN_INT_CONVERSION = YES;
				CLANG_WARN_OBJC_ROOT_CLASS = YES_ERROR;
				CLANG_WARN_SUSPICIOUS_MOVE = YES;
				CLANG_WARN_UNREACHABLE_CODE = YES;
				CLANG_WARN__DUPLICATE_METHOD_MATCH = YES;
				"CODE_SIGN_IDENTITY[sdk=iphoneos*]" = "iPhone Developer";
				COPY_PHASE_STRIP = NO;
				DEBUG_INFORMATION_FORMAT = "dwarf-with-dsym";
				ENABLE_BITCODE = YES;
				ENABLE_NS_ASSERTIONS = NO;
				ENABLE_STRICT_OBJC_MSGSEND = YES;
				GCC_C_LANGUAGE_STANDARD = gnu99;
				GCC_NO_COMMON_BLOCKS = YES;
				GCC_WARN_64_TO_32_BIT_CONVERSION = YES;
				GCC_WARN_ABOUT_RETURN_TYPE = YES_ERROR;
				GCC_WARN_UNDECLARED_SELECTOR = YES;
				GCC_WARN_UNINITIALIZED_AUTOS = YES_AGGRESSIVE;
				GCC_WARN_UNUSED_FUNCTION = YES;
				GCC_WARN_UNUSED_VARIABLE = YES;
				IPHONEOS_DEPLOYMENT_TARGET = 10.3;
				MTL_ENABLE_DEBUG_INFO = NO;
				SDKROOT = iphoneos;
				SWIFT_OPTIMIZATION_LEVEL = "-Owholemodule";
				VALIDATE_PRODUCT = YES;
			};
			name = Release;
		};
		B5EA1A371B7B383300E1C1C3 /* Debug */ = {
			isa = XCBuildConfiguration;
			baseConfigurationReference = 657B8B5C724347DD5F22983B /* Pods-Avalon-Print.debug.xcconfig */;
			buildSettings = {
				ALWAYS_EMBED_SWIFT_STANDARD_LIBRARIES = "$(inherited)";
				ASSETCATALOG_COMPILER_APPICON_NAME = AppIcon;
				CLANG_ENABLE_MODULES = YES;
				CODE_SIGN_ENTITLEMENTS = "Avalon-Print/Avalon-Print.entitlements";
				"CODE_SIGN_IDENTITY[sdk=iphoneos*]" = "iPhone Developer";
				DEVELOPMENT_TEAM = X9LK79XJU6;
				INFOPLIST_FILE = "Avalon-print/Info.plist";
				IPHONEOS_DEPLOYMENT_TARGET = 10.3;
				LD_RUNPATH_SEARCH_PATHS = "$(inherited) @executable_path/Frameworks";
				PRODUCT_BUNDLE_IDENTIFIER = "com.mizin.Avalon-polygraphy";
				PRODUCT_NAME = "$(TARGET_NAME)";
				PROVISIONING_PROFILE = "";
				PROVISIONING_PROFILE_SPECIFIER = "";
				SWIFT_OBJC_BRIDGING_HEADER = "Avalon-Print-Bridging-Header.h";
				SWIFT_OPTIMIZATION_LEVEL = "-Onone";
				SWIFT_VERSION = 3.0;
				TARGETED_DEVICE_FAMILY = 1;
			};
			name = Debug;
		};
		B5EA1A381B7B383300E1C1C3 /* Release */ = {
			isa = XCBuildConfiguration;
			baseConfigurationReference = EB4FDA446405594BCDEC69EC /* Pods-Avalon-Print.release.xcconfig */;
			buildSettings = {
				ALWAYS_EMBED_SWIFT_STANDARD_LIBRARIES = "$(inherited)";
				ASSETCATALOG_COMPILER_APPICON_NAME = AppIcon;
				CLANG_ENABLE_MODULES = YES;
				CODE_SIGN_ENTITLEMENTS = "Avalon-Print/Avalon-Print.entitlements";
				"CODE_SIGN_IDENTITY[sdk=iphoneos*]" = "iPhone Developer";
				DEVELOPMENT_TEAM = X9LK79XJU6;
				INFOPLIST_FILE = "Avalon-print/Info.plist";
				IPHONEOS_DEPLOYMENT_TARGET = 10.3;
				LD_RUNPATH_SEARCH_PATHS = "$(inherited) @executable_path/Frameworks";
				PRODUCT_BUNDLE_IDENTIFIER = "com.mizin.Avalon-polygraphy";
				PRODUCT_NAME = "$(TARGET_NAME)";
				SWIFT_OBJC_BRIDGING_HEADER = "Avalon-Print-Bridging-Header.h";
				SWIFT_VERSION = 3.0;
				TARGETED_DEVICE_FAMILY = 1;
			};
			name = Release;
		};
/* End XCBuildConfiguration section */

/* Begin XCConfigurationList section */
		B5EA1A1F1B7B383300E1C1C3 /* Build configuration list for PBXProject "Avalon-Print" */ = {
			isa = XCConfigurationList;
			buildConfigurations = (
				B5EA1A341B7B383300E1C1C3 /* Debug */,
				B5EA1A351B7B383300E1C1C3 /* Release */,
			);
			defaultConfigurationIsVisible = 0;
			defaultConfigurationName = Release;
		};
		B5EA1A361B7B383300E1C1C3 /* Build configuration list for PBXNativeTarget "Avalon-Print" */ = {
			isa = XCConfigurationList;
			buildConfigurations = (
				B5EA1A371B7B383300E1C1C3 /* Debug */,
				B5EA1A381B7B383300E1C1C3 /* Release */,
			);
			defaultConfigurationIsVisible = 0;
			defaultConfigurationName = Release;
		};
/* End XCConfigurationList section */

/* Begin XCVersionGroup section */
		4B4028A91E23AA37006E703B /* Bucket.xcdatamodeld */ = {
			isa = XCVersionGroup;
			children = (
				4B4028AA1E23AA37006E703B /* Bucket.xcdatamodel */,
			);
			currentVersion = 4B4028AA1E23AA37006E703B /* Bucket.xcdatamodel */;
			path = Bucket.xcdatamodeld;
			sourceTree = "<group>";
			versionGroupType = wrapper.xcdatamodel;
		};
/* End XCVersionGroup section */
	};
	rootObject = B5EA1A1C1B7B383300E1C1C3 /* Project object */;
}
