// !$*UTF8*$!
{
	archiveVersion = 1;
	classes = {
	};
	objectVersion = 46;
	objects = {

/* Begin PBXBuildFile section */
		3538AD20688A087BFC6A3DDA /* Pods_Avalon_Print.framework in Frameworks */ = {isa = PBXBuildFile; fileRef = F02BFC1D204CAAFB1C68721B /* Pods_Avalon_Print.framework */; };
		4B3008AB1E2F888E0044654E /* userProfileNavController.swift in Sources */ = {isa = PBXBuildFile; fileRef = 4B3008AA1E2F888E0044654E /* userProfileNavController.swift */; };
		4B3F818E1E226E8D00034E3E /* Exo2-ExtraLight.ttf in Resources */ = {isa = PBXBuildFile; fileRef = 4B3F818B1E226E8D00034E3E /* Exo2-ExtraLight.ttf */; };
		4B3F818F1E226E8D00034E3E /* Exo2-Light.ttf in Resources */ = {isa = PBXBuildFile; fileRef = 4B3F818C1E226E8D00034E3E /* Exo2-Light.ttf */; };
		4B3F81901E226E8D00034E3E /* Exo2-Regular.ttf in Resources */ = {isa = PBXBuildFile; fileRef = 4B3F818D1E226E8D00034E3E /* Exo2-Regular.ttf */; };
		4B3F81931E226EE900034E3E /* postersComputing.swift in Sources */ = {isa = PBXBuildFile; fileRef = 4B3F81911E226EE900034E3E /* postersComputing.swift */; };
		4B3F81941E226EE900034E3E /* postersVC.swift in Sources */ = {isa = PBXBuildFile; fileRef = 4B3F81921E226EE900034E3E /* postersVC.swift */; };
		4B3F81971E226F0800034E3E /* stickersComputing.swift in Sources */ = {isa = PBXBuildFile; fileRef = 4B3F81951E226F0800034E3E /* stickersComputing.swift */; };
		4B3F81981E226F0800034E3E /* stickersVC.swift in Sources */ = {isa = PBXBuildFile; fileRef = 4B3F81961E226F0800034E3E /* stickersVC.swift */; };
		4B3F819B1E226F2D00034E3E /* canvasComputing.swift in Sources */ = {isa = PBXBuildFile; fileRef = 4B3F81991E226F2D00034E3E /* canvasComputing.swift */; };
		4B3F819C1E226F2D00034E3E /* canvasVC.swift in Sources */ = {isa = PBXBuildFile; fileRef = 4B3F819A1E226F2D00034E3E /* canvasVC.swift */; };
		4B3F819F1E226F4000034E3E /* bannersComputing.swift in Sources */ = {isa = PBXBuildFile; fileRef = 4B3F819D1E226F4000034E3E /* bannersComputing.swift */; };
		4B3F81A01E226F4000034E3E /* bannersVC.swift in Sources */ = {isa = PBXBuildFile; fileRef = 4B3F819E1E226F4000034E3E /* bannersVC.swift */; };
		4B3F81AC1E226FC300034E3E /* bucket.swift in Sources */ = {isa = PBXBuildFile; fileRef = 4B3F81A11E226FC300034E3E /* bucket.swift */; };
		4B3F81AD1E226FC300034E3E /* bucketTableViewCell.swift in Sources */ = {isa = PBXBuildFile; fileRef = 4B3F81A21E226FC300034E3E /* bucketTableViewCell.swift */; };
		4B3F81AE1E226FC300034E3E /* bucketUserFillForm.swift in Sources */ = {isa = PBXBuildFile; fileRef = 4B3F81A31E226FC300034E3E /* bucketUserFillForm.swift */; };
		4B3F81AF1E226FC300034E3E /* ContactsPageController.swift in Sources */ = {isa = PBXBuildFile; fileRef = 4B3F81A41E226FC300034E3E /* ContactsPageController.swift */; };
		4B3F81B01E226FC300034E3E /* informationDetail.swift in Sources */ = {isa = PBXBuildFile; fileRef = 4B3F81A51E226FC300034E3E /* informationDetail.swift */; };
		4B3F81B11E226FC300034E3E /* InformationPageController.swift in Sources */ = {isa = PBXBuildFile; fileRef = 4B3F81A61E226FC300034E3E /* InformationPageController.swift */; };
		4B3F81B31E226FC300034E3E /* map.swift in Sources */ = {isa = PBXBuildFile; fileRef = 4B3F81A81E226FC300034E3E /* map.swift */; };
		4B3F81B41E226FC300034E3E /* RegistrationViewController.swift in Sources */ = {isa = PBXBuildFile; fileRef = 4B3F81A91E226FC300034E3E /* RegistrationViewController.swift */; };
		4B3F81B51E226FC300034E3E /* UserProfile.swift in Sources */ = {isa = PBXBuildFile; fileRef = 4B3F81AA1E226FC300034E3E /* UserProfile.swift */; };
		4B3F81B61E226FC300034E3E /* ViewController.swift in Sources */ = {isa = PBXBuildFile; fileRef = 4B3F81AB1E226FC300034E3E /* ViewController.swift */; };
		4B3F81BB1E22702300034E3E /* AppDelegate.swift in Sources */ = {isa = PBXBuildFile; fileRef = 4B3F81B71E22702300034E3E /* AppDelegate.swift */; };
		4B3F81BC1E22702300034E3E /* JSONReading.swift in Sources */ = {isa = PBXBuildFile; fileRef = 4B3F81B81E22702300034E3E /* JSONReading.swift */; };
		4B3F81BD1E22702300034E3E /* Main.storyboard in Resources */ = {isa = PBXBuildFile; fileRef = 4B3F81B91E22702300034E3E /* Main.storyboard */; };
		4B3F81BE1E22702300034E3E /* Assets.xcassets in Resources */ = {isa = PBXBuildFile; fileRef = 4B3F81BA1E22702300034E3E /* Assets.xcassets */; };
		4B3F81C41E22706100034E3E /* customNavigationBar.swift in Sources */ = {isa = PBXBuildFile; fileRef = 4B3F81C01E22706100034E3E /* customNavigationBar.swift */; };
		4B3F81C51E22706100034E3E /* ENMBadgedBarButtonItem.swift in Sources */ = {isa = PBXBuildFile; fileRef = 4B3F81C21E22706100034E3E /* ENMBadgedBarButtonItem.swift */; };
		4B3F81CD1E2271D300034E3E /* LaunchScreen.storyboard in Resources */ = {isa = PBXBuildFile; fileRef = 4B3F81CB1E2271D300034E3E /* LaunchScreen.storyboard */; };
		4B4028A21E2397F1006E703B /* PageStartButton.swift in Sources */ = {isa = PBXBuildFile; fileRef = 4B4028A11E2397F1006E703B /* PageStartButton.swift */; };
		4B4028AB1E23AA37006E703B /* Bucket.xcdatamodeld in Sources */ = {isa = PBXBuildFile; fileRef = 4B4028A91E23AA37006E703B /* Bucket.xcdatamodeld */; };
		4B5A3D891E2FDF6D00E10A17 /* NotificationCenter.framework in Frameworks */ = {isa = PBXBuildFile; fileRef = 4B5A3D881E2FDF6D00E10A17 /* NotificationCenter.framework */; };
		4B5A3D8C1E2FDF6D00E10A17 /* TodayViewController.swift in Sources */ = {isa = PBXBuildFile; fileRef = 4B5A3D8B1E2FDF6D00E10A17 /* TodayViewController.swift */; };
		4B5A3D8F1E2FDF6D00E10A17 /* MainInterface.storyboard in Resources */ = {isa = PBXBuildFile; fileRef = 4B5A3D8D1E2FDF6D00E10A17 /* MainInterface.storyboard */; };
		4B5A3D931E2FDF6D00E10A17 /* AvalonExt.appex in Embed App Extensions */ = {isa = PBXBuildFile; fileRef = 4B5A3D871E2FDF6D00E10A17 /* AvalonExt.appex */; settings = {ATTRIBUTES = (RemoveHeadersOnCopy, ); }; };
		4B5A3DA11E2FDF8300E10A17 /* avalonExtBridge.h in Headers */ = {isa = PBXBuildFile; fileRef = 4B5A3D9F1E2FDF8300E10A17 /* avalonExtBridge.h */; settings = {ATTRIBUTES = (Public, ); }; };
		4B5A3DA41E2FDF8300E10A17 /* avalonExtBridge.framework in Frameworks */ = {isa = PBXBuildFile; fileRef = 4B5A3D9D1E2FDF8300E10A17 /* avalonExtBridge.framework */; };
		4B5A3DA51E2FDF8300E10A17 /* avalonExtBridge.framework in Embed Frameworks */ = {isa = PBXBuildFile; fileRef = 4B5A3D9D1E2FDF8300E10A17 /* avalonExtBridge.framework */; settings = {ATTRIBUTES = (CodeSignOnCopy, RemoveHeadersOnCopy, ); }; };
		4B5A3DAA1E2FDFD900E10A17 /* LoginViewController.swift in Sources */ = {isa = PBXBuildFile; fileRef = 4B3F81A71E226FC300034E3E /* LoginViewController.swift */; };
		4B5A3DAB1E2FE02100E10A17 /* ButtonMockup.swift in Sources */ = {isa = PBXBuildFile; fileRef = 4B3F81BF1E22706100034E3E /* ButtonMockup.swift */; };
		4B8D1BCE1DF1FF27001A97F2 /* HoshiTextField.swift in Sources */ = {isa = PBXBuildFile; fileRef = 4B8D1BC21DF1FF27001A97F2 /* HoshiTextField.swift */; };
		4B8D1BCF1DF1FF27001A97F2 /* Info.plist in Resources */ = {isa = PBXBuildFile; fileRef = 4B8D1BC31DF1FF27001A97F2 /* Info.plist */; };
		4B8D1BD51DF1FF27001A97F2 /* TextFieldsEffects.swift in Sources */ = {isa = PBXBuildFile; fileRef = 4B8D1BCA1DF1FF27001A97F2 /* TextFieldsEffects.swift */; };
/* End PBXBuildFile section */

/* Begin PBXContainerItemProxy section */
		4B5A3D911E2FDF6D00E10A17 /* PBXContainerItemProxy */ = {
			isa = PBXContainerItemProxy;
			containerPortal = B5EA1A1C1B7B383300E1C1C3 /* Project object */;
			proxyType = 1;
			remoteGlobalIDString = 4B5A3D861E2FDF6D00E10A17;
			remoteInfo = AvalonExt;
		};
		4B5A3DA21E2FDF8300E10A17 /* PBXContainerItemProxy */ = {
			isa = PBXContainerItemProxy;
			containerPortal = B5EA1A1C1B7B383300E1C1C3 /* Project object */;
			proxyType = 1;
			remoteGlobalIDString = 4B5A3D9C1E2FDF8300E10A17;
			remoteInfo = avalonExtBridge;
		};
/* End PBXContainerItemProxy section */

/* Begin PBXCopyFilesBuildPhase section */
		4B5A3D971E2FDF6D00E10A17 /* Embed App Extensions */ = {
			isa = PBXCopyFilesBuildPhase;
			buildActionMask = 2147483647;
			dstPath = "";
			dstSubfolderSpec = 13;
			files = (
				4B5A3D931E2FDF6D00E10A17 /* AvalonExt.appex in Embed App Extensions */,
			);
			name = "Embed App Extensions";
			runOnlyForDeploymentPostprocessing = 0;
		};
		4B5A3DA91E2FDF8300E10A17 /* Embed Frameworks */ = {
			isa = PBXCopyFilesBuildPhase;
			buildActionMask = 2147483647;
			dstPath = "";
			dstSubfolderSpec = 10;
			files = (
				4B5A3DA51E2FDF8300E10A17 /* avalonExtBridge.framework in Embed Frameworks */,
			);
			name = "Embed Frameworks";
			runOnlyForDeploymentPostprocessing = 0;
		};
/* End PBXCopyFilesBuildPhase section */

/* Begin PBXFileReference section */
		4B3008AA1E2F888E0044654E /* userProfileNavController.swift */ = {isa = PBXFileReference; fileEncoding = 4; lastKnownFileType = sourcecode.swift; name = userProfileNavController.swift; path = "Avalon-print/userProfileNavController.swift"; sourceTree = SOURCE_ROOT; };
		4B3F818B1E226E8D00034E3E /* Exo2-ExtraLight.ttf */ = {isa = PBXFileReference; lastKnownFileType = file; name = "Exo2-ExtraLight.ttf"; path = "Avalon-print/Fonts/Exo2-ExtraLight.ttf"; sourceTree = SOURCE_ROOT; };
		4B3F818C1E226E8D00034E3E /* Exo2-Light.ttf */ = {isa = PBXFileReference; lastKnownFileType = file; name = "Exo2-Light.ttf"; path = "Avalon-print/Fonts/Exo2-Light.ttf"; sourceTree = SOURCE_ROOT; };
		4B3F818D1E226E8D00034E3E /* Exo2-Regular.ttf */ = {isa = PBXFileReference; lastKnownFileType = file; name = "Exo2-Regular.ttf"; path = "Avalon-print/Fonts/Exo2-Regular.ttf"; sourceTree = SOURCE_ROOT; };
		4B3F81911E226EE900034E3E /* postersComputing.swift */ = {isa = PBXFileReference; fileEncoding = 4; lastKnownFileType = sourcecode.swift; name = postersComputing.swift; path = "Avalon-print/postersComputing.swift"; sourceTree = SOURCE_ROOT; };
		4B3F81921E226EE900034E3E /* postersVC.swift */ = {isa = PBXFileReference; fileEncoding = 4; lastKnownFileType = sourcecode.swift; name = postersVC.swift; path = "Avalon-print/postersVC.swift"; sourceTree = SOURCE_ROOT; };
		4B3F81951E226F0800034E3E /* stickersComputing.swift */ = {isa = PBXFileReference; fileEncoding = 4; lastKnownFileType = sourcecode.swift; name = stickersComputing.swift; path = "Avalon-print/stickersComputing.swift"; sourceTree = SOURCE_ROOT; };
		4B3F81961E226F0800034E3E /* stickersVC.swift */ = {isa = PBXFileReference; fileEncoding = 4; lastKnownFileType = sourcecode.swift; name = stickersVC.swift; path = "Avalon-print/stickersVC.swift"; sourceTree = SOURCE_ROOT; };
		4B3F81991E226F2D00034E3E /* canvasComputing.swift */ = {isa = PBXFileReference; fileEncoding = 4; lastKnownFileType = sourcecode.swift; name = canvasComputing.swift; path = "Avalon-print/canvasComputing.swift"; sourceTree = SOURCE_ROOT; };
		4B3F819A1E226F2D00034E3E /* canvasVC.swift */ = {isa = PBXFileReference; fileEncoding = 4; lastKnownFileType = sourcecode.swift; name = canvasVC.swift; path = "Avalon-print/canvasVC.swift"; sourceTree = SOURCE_ROOT; };
		4B3F819D1E226F4000034E3E /* bannersComputing.swift */ = {isa = PBXFileReference; fileEncoding = 4; lastKnownFileType = sourcecode.swift; name = bannersComputing.swift; path = "Avalon-print/bannersComputing.swift"; sourceTree = SOURCE_ROOT; };
		4B3F819E1E226F4000034E3E /* bannersVC.swift */ = {isa = PBXFileReference; fileEncoding = 4; lastKnownFileType = sourcecode.swift; name = bannersVC.swift; path = "Avalon-print/bannersVC.swift"; sourceTree = SOURCE_ROOT; };
		4B3F81A11E226FC300034E3E /* bucket.swift */ = {isa = PBXFileReference; fileEncoding = 4; lastKnownFileType = sourcecode.swift; name = bucket.swift; path = "Avalon-print/bucket.swift"; sourceTree = SOURCE_ROOT; };
		4B3F81A21E226FC300034E3E /* bucketTableViewCell.swift */ = {isa = PBXFileReference; fileEncoding = 4; lastKnownFileType = sourcecode.swift; name = bucketTableViewCell.swift; path = "Avalon-print/bucketTableViewCell.swift"; sourceTree = SOURCE_ROOT; };
		4B3F81A31E226FC300034E3E /* bucketUserFillForm.swift */ = {isa = PBXFileReference; fileEncoding = 4; lastKnownFileType = sourcecode.swift; name = bucketUserFillForm.swift; path = "Avalon-print/bucketUserFillForm.swift"; sourceTree = SOURCE_ROOT; };
		4B3F81A41E226FC300034E3E /* ContactsPageController.swift */ = {isa = PBXFileReference; fileEncoding = 4; lastKnownFileType = sourcecode.swift; name = ContactsPageController.swift; path = "Avalon-print/ContactsPageController.swift"; sourceTree = SOURCE_ROOT; };
		4B3F81A51E226FC300034E3E /* informationDetail.swift */ = {isa = PBXFileReference; fileEncoding = 4; lastKnownFileType = sourcecode.swift; name = informationDetail.swift; path = "Avalon-print/informationDetail.swift"; sourceTree = SOURCE_ROOT; };
		4B3F81A61E226FC300034E3E /* InformationPageController.swift */ = {isa = PBXFileReference; fileEncoding = 4; lastKnownFileType = sourcecode.swift; name = InformationPageController.swift; path = "Avalon-print/InformationPageController.swift"; sourceTree = SOURCE_ROOT; };
		4B3F81A71E226FC300034E3E /* LoginViewController.swift */ = {isa = PBXFileReference; fileEncoding = 4; lastKnownFileType = sourcecode.swift; name = LoginViewController.swift; path = "Avalon-print/LoginViewController.swift"; sourceTree = SOURCE_ROOT; };
		4B3F81A81E226FC300034E3E /* map.swift */ = {isa = PBXFileReference; fileEncoding = 4; lastKnownFileType = sourcecode.swift; name = map.swift; path = "Avalon-print/map.swift"; sourceTree = SOURCE_ROOT; };
		4B3F81A91E226FC300034E3E /* RegistrationViewController.swift */ = {isa = PBXFileReference; fileEncoding = 4; lastKnownFileType = sourcecode.swift; name = RegistrationViewController.swift; path = "Avalon-print/RegistrationViewController.swift"; sourceTree = SOURCE_ROOT; };
		4B3F81AA1E226FC300034E3E /* UserProfile.swift */ = {isa = PBXFileReference; fileEncoding = 4; lastKnownFileType = sourcecode.swift; name = UserProfile.swift; path = "Avalon-print/UserProfile.swift"; sourceTree = SOURCE_ROOT; };
		4B3F81AB1E226FC300034E3E /* ViewController.swift */ = {isa = PBXFileReference; fileEncoding = 4; lastKnownFileType = sourcecode.swift; name = ViewController.swift; path = "Avalon-print/ViewController.swift"; sourceTree = SOURCE_ROOT; };
		4B3F81B71E22702300034E3E /* AppDelegate.swift */ = {isa = PBXFileReference; fileEncoding = 4; lastKnownFileType = sourcecode.swift; name = AppDelegate.swift; path = "Avalon-print/AppDelegate.swift"; sourceTree = SOURCE_ROOT; };
		4B3F81B81E22702300034E3E /* JSONReading.swift */ = {isa = PBXFileReference; fileEncoding = 4; lastKnownFileType = sourcecode.swift; name = JSONReading.swift; path = "Avalon-print/JSONReading.swift"; sourceTree = SOURCE_ROOT; };
		4B3F81B91E22702300034E3E /* Main.storyboard */ = {isa = PBXFileReference; fileEncoding = 4; lastKnownFileType = file.storyboard; name = Main.storyboard; path = "Avalon-print/Main.storyboard"; sourceTree = SOURCE_ROOT; };
		4B3F81BA1E22702300034E3E /* Assets.xcassets */ = {isa = PBXFileReference; lastKnownFileType = folder.assetcatalog; name = Assets.xcassets; path = "Avalon-print/Assets.xcassets"; sourceTree = SOURCE_ROOT; };
		4B3F81BF1E22706100034E3E /* ButtonMockup.swift */ = {isa = PBXFileReference; fileEncoding = 4; lastKnownFileType = sourcecode.swift; name = ButtonMockup.swift; path = "Avalon-print/ButtonMockup.swift"; sourceTree = SOURCE_ROOT; };
		4B3F81C01E22706100034E3E /* customNavigationBar.swift */ = {isa = PBXFileReference; fileEncoding = 4; lastKnownFileType = sourcecode.swift; name = customNavigationBar.swift; path = "Avalon-print/customNavigationBar.swift"; sourceTree = SOURCE_ROOT; };
		4B3F81C11E22706100034E3E /* ENMBadgedBarButton.h */ = {isa = PBXFileReference; fileEncoding = 4; lastKnownFileType = sourcecode.c.h; name = ENMBadgedBarButton.h; path = "Avalon-print/ENMBadgedBarButton.h"; sourceTree = SOURCE_ROOT; };
		4B3F81C21E22706100034E3E /* ENMBadgedBarButtonItem.swift */ = {isa = PBXFileReference; fileEncoding = 4; lastKnownFileType = sourcecode.swift; name = ENMBadgedBarButtonItem.swift; path = "Avalon-print/ENMBadgedBarButtonItem.swift"; sourceTree = SOURCE_ROOT; };
		4B3F81CC1E2271D300034E3E /* Base */ = {isa = PBXFileReference; lastKnownFileType = file.storyboard; name = Base; path = "Avalon-print/Base.lproj/LaunchScreen.storyboard"; sourceTree = SOURCE_ROOT; };
		4B4028A11E2397F1006E703B /* PageStartButton.swift */ = {isa = PBXFileReference; fileEncoding = 4; lastKnownFileType = sourcecode.swift; name = PageStartButton.swift; path = "Avalon-print/PageStartButton.swift"; sourceTree = SOURCE_ROOT; };
		4B4028AA1E23AA37006E703B /* Bucket.xcdatamodel */ = {isa = PBXFileReference; lastKnownFileType = wrapper.xcdatamodel; path = Bucket.xcdatamodel; sourceTree = "<group>"; };
		4B5A3D871E2FDF6D00E10A17 /* AvalonExt.appex */ = {isa = PBXFileReference; explicitFileType = "wrapper.app-extension"; includeInIndex = 0; path = AvalonExt.appex; sourceTree = BUILT_PRODUCTS_DIR; };
		4B5A3D881E2FDF6D00E10A17 /* NotificationCenter.framework */ = {isa = PBXFileReference; lastKnownFileType = wrapper.framework; name = NotificationCenter.framework; path = System/Library/Frameworks/NotificationCenter.framework; sourceTree = SDKROOT; };
		4B5A3D8B1E2FDF6D00E10A17 /* TodayViewController.swift */ = {isa = PBXFileReference; lastKnownFileType = sourcecode.swift; path = TodayViewController.swift; sourceTree = "<group>"; };
		4B5A3D8E1E2FDF6D00E10A17 /* Base */ = {isa = PBXFileReference; lastKnownFileType = file.storyboard; name = Base; path = Base.lproj/MainInterface.storyboard; sourceTree = "<group>"; };
		4B5A3D901E2FDF6D00E10A17 /* Info.plist */ = {isa = PBXFileReference; lastKnownFileType = text.plist.xml; path = Info.plist; sourceTree = "<group>"; };
		4B5A3D9D1E2FDF8300E10A17 /* avalonExtBridge.framework */ = {isa = PBXFileReference; explicitFileType = wrapper.framework; includeInIndex = 0; path = avalonExtBridge.framework; sourceTree = BUILT_PRODUCTS_DIR; };
		4B5A3D9F1E2FDF8300E10A17 /* avalonExtBridge.h */ = {isa = PBXFileReference; lastKnownFileType = sourcecode.c.h; path = avalonExtBridge.h; sourceTree = "<group>"; };
		4B5A3DA01E2FDF8300E10A17 /* Info.plist */ = {isa = PBXFileReference; lastKnownFileType = text.plist.xml; path = Info.plist; sourceTree = "<group>"; };
		4B8D1BC21DF1FF27001A97F2 /* HoshiTextField.swift */ = {isa = PBXFileReference; fileEncoding = 4; lastKnownFileType = sourcecode.swift; path = HoshiTextField.swift; sourceTree = "<group>"; };
		4B8D1BC31DF1FF27001A97F2 /* Info.plist */ = {isa = PBXFileReference; fileEncoding = 4; lastKnownFileType = text.plist.xml; path = Info.plist; sourceTree = "<group>"; };
		4B8D1BC91DF1FF27001A97F2 /* TextFieldEffects.h */ = {isa = PBXFileReference; fileEncoding = 4; lastKnownFileType = sourcecode.c.h; path = TextFieldEffects.h; sourceTree = "<group>"; };
		4B8D1BCA1DF1FF27001A97F2 /* TextFieldsEffects.swift */ = {isa = PBXFileReference; fileEncoding = 4; lastKnownFileType = sourcecode.swift; path = TextFieldsEffects.swift; sourceTree = "<group>"; };
		6F309E9E061423185210A69E /* Pods-Avalon-Print.debug.xcconfig */ = {isa = PBXFileReference; includeInIndex = 1; lastKnownFileType = text.xcconfig; name = "Pods-Avalon-Print.debug.xcconfig"; path = "Pods/Target Support Files/Pods-Avalon-Print/Pods-Avalon-Print.debug.xcconfig"; sourceTree = "<group>"; };
		7295E3F733109FC0F904C5E2 /* Pods-Avalon-Print.release.xcconfig */ = {isa = PBXFileReference; includeInIndex = 1; lastKnownFileType = text.xcconfig; name = "Pods-Avalon-Print.release.xcconfig"; path = "Pods/Target Support Files/Pods-Avalon-Print/Pods-Avalon-Print.release.xcconfig"; sourceTree = "<group>"; };
		B5EA1A241B7B383300E1C1C3 /* Avalon-Print.app */ = {isa = PBXFileReference; explicitFileType = wrapper.application; includeInIndex = 0; path = "Avalon-Print.app"; sourceTree = BUILT_PRODUCTS_DIR; };
		B5EA1A331B7B383300E1C1C3 /* Info.plist */ = {isa = PBXFileReference; lastKnownFileType = text.plist.xml; path = Info.plist; sourceTree = "<group>"; };
		F02BFC1D204CAAFB1C68721B /* Pods_Avalon_Print.framework */ = {isa = PBXFileReference; explicitFileType = wrapper.framework; includeInIndex = 0; path = Pods_Avalon_Print.framework; sourceTree = BUILT_PRODUCTS_DIR; };
/* End PBXFileReference section */

/* Begin PBXFrameworksBuildPhase section */
		4B5A3D841E2FDF6D00E10A17 /* Frameworks */ = {
			isa = PBXFrameworksBuildPhase;
			buildActionMask = 2147483647;
			files = (
				4B5A3D891E2FDF6D00E10A17 /* NotificationCenter.framework in Frameworks */,
			);
			runOnlyForDeploymentPostprocessing = 0;
		};
		4B5A3D991E2FDF8300E10A17 /* Frameworks */ = {
			isa = PBXFrameworksBuildPhase;
			buildActionMask = 2147483647;
			files = (
			);
			runOnlyForDeploymentPostprocessing = 0;
		};
		B5EA1A211B7B383300E1C1C3 /* Frameworks */ = {
			isa = PBXFrameworksBuildPhase;
			buildActionMask = 2147483647;
			files = (
				4B5A3DA41E2FDF8300E10A17 /* avalonExtBridge.framework in Frameworks */,
				3538AD20688A087BFC6A3DDA /* Pods_Avalon_Print.framework in Frameworks */,
			);
			runOnlyForDeploymentPostprocessing = 0;
		};
/* End PBXFrameworksBuildPhase section */

/* Begin PBXGroup section */
		2E2B9315D2A9134FFCED2CEF /* Frameworks */ = {
			isa = PBXGroup;
			children = (
				F02BFC1D204CAAFB1C68721B /* Pods_Avalon_Print.framework */,
				4B5A3D881E2FDF6D00E10A17 /* NotificationCenter.framework */,
			);
			name = Frameworks;
			sourceTree = "<group>";
		};
		31B3518373C45D0E0B929748 /* Pods */ = {
			isa = PBXGroup;
			children = (
				6F309E9E061423185210A69E /* Pods-Avalon-Print.debug.xcconfig */,
				7295E3F733109FC0F904C5E2 /* Pods-Avalon-Print.release.xcconfig */,
			);
			name = Pods;
			sourceTree = "<group>";
		};
		4B2D03B21DF78E5C00BF0B23 /* SupportingClasses */ = {
			isa = PBXGroup;
			children = (
				4B3F81BF1E22706100034E3E /* ButtonMockup.swift */,
				4B3F81C01E22706100034E3E /* customNavigationBar.swift */,
				4B3F81C11E22706100034E3E /* ENMBadgedBarButton.h */,
				4B3F81C21E22706100034E3E /* ENMBadgedBarButtonItem.swift */,
				4B4028A11E2397F1006E703B /* PageStartButton.swift */,
				4B3008AA1E2F888E0044654E /* userProfileNavController.swift */,
			);
			name = SupportingClasses;
			path = CustomSlideMenu;
			sourceTree = "<group>";
		};
		4B5A3D8A1E2FDF6D00E10A17 /* AvalonExt */ = {
			isa = PBXGroup;
			children = (
				4B5A3D8B1E2FDF6D00E10A17 /* TodayViewController.swift */,
				4B5A3D8D1E2FDF6D00E10A17 /* MainInterface.storyboard */,
				4B5A3D901E2FDF6D00E10A17 /* Info.plist */,
			);
			path = AvalonExt;
			sourceTree = "<group>";
		};
		4B5A3D9E1E2FDF8300E10A17 /* avalonExtBridge */ = {
			isa = PBXGroup;
			children = (
				4B5A3D9F1E2FDF8300E10A17 /* avalonExtBridge.h */,
				4B5A3DA01E2FDF8300E10A17 /* Info.plist */,
			);
			path = avalonExtBridge;
			sourceTree = "<group>";
		};
		4B5FCE831DF0DB350080B034 /* pages */ = {
			isa = PBXGroup;
			children = (
				4B8D1C191DF2F2C7001A97F2 /* posters */,
				4B7BFF4E1E0C391600E72E8A /* stickers */,
				4B7BFF4F1E0C392100E72E8A /* canvas */,
				4B7BFF501E0C392700E72E8A /* banners */,
				4B3F81AB1E226FC300034E3E /* ViewController.swift */,
				4B3F81A71E226FC300034E3E /* LoginViewController.swift */,
				4B3F81A91E226FC300034E3E /* RegistrationViewController.swift */,
				4B3F81AA1E226FC300034E3E /* UserProfile.swift */,
				4B3F81A11E226FC300034E3E /* bucket.swift */,
				4B3F81A21E226FC300034E3E /* bucketTableViewCell.swift */,
				4B3F81A31E226FC300034E3E /* bucketUserFillForm.swift */,
				4B3F81A41E226FC300034E3E /* ContactsPageController.swift */,
				4B3F81A51E226FC300034E3E /* informationDetail.swift */,
				4B3F81A61E226FC300034E3E /* InformationPageController.swift */,
				4B3F81A81E226FC300034E3E /* map.swift */,
			);
			name = pages;
			sourceTree = "<group>";
		};
		4B7BFF4E1E0C391600E72E8A /* stickers */ = {
			isa = PBXGroup;
			children = (
				4B3F81951E226F0800034E3E /* stickersComputing.swift */,
				4B3F81961E226F0800034E3E /* stickersVC.swift */,
			);
			name = stickers;
			sourceTree = "<group>";
		};
		4B7BFF4F1E0C392100E72E8A /* canvas */ = {
			isa = PBXGroup;
			children = (
				4B3F81991E226F2D00034E3E /* canvasComputing.swift */,
				4B3F819A1E226F2D00034E3E /* canvasVC.swift */,
			);
			name = canvas;
			sourceTree = "<group>";
		};
		4B7BFF501E0C392700E72E8A /* banners */ = {
			isa = PBXGroup;
			children = (
				4B3F819D1E226F4000034E3E /* bannersComputing.swift */,
				4B3F819E1E226F4000034E3E /* bannersVC.swift */,
			);
			name = banners;
			sourceTree = "<group>";
		};
		4B8D1BD81DF1FF39001A97F2 /* TextFieldEffects */ = {
			isa = PBXGroup;
			children = (
				4B8D1BC21DF1FF27001A97F2 /* HoshiTextField.swift */,
				4B8D1BC31DF1FF27001A97F2 /* Info.plist */,
				4B8D1BC91DF1FF27001A97F2 /* TextFieldEffects.h */,
				4B8D1BCA1DF1FF27001A97F2 /* TextFieldsEffects.swift */,
			);
			name = TextFieldEffects;
			sourceTree = "<group>";
		};
		4B8D1C191DF2F2C7001A97F2 /* posters */ = {
			isa = PBXGroup;
			children = (
				4B3F81911E226EE900034E3E /* postersComputing.swift */,
				4B3F81921E226EE900034E3E /* postersVC.swift */,
			);
			name = posters;
			sourceTree = "<group>";
		};
		4B98B1461E217FD1003D725C /* Fonts */ = {
			isa = PBXGroup;
			children = (
				4B3F818B1E226E8D00034E3E /* Exo2-ExtraLight.ttf */,
				4B3F818C1E226E8D00034E3E /* Exo2-Light.ttf */,
				4B3F818D1E226E8D00034E3E /* Exo2-Regular.ttf */,
			);
			name = Fonts;
			path = CustomSlideMenu;
			sourceTree = "<group>";
		};
		B5EA1A1B1B7B383300E1C1C3 = {
			isa = PBXGroup;
			children = (
				B5EA1A261B7B383300E1C1C3 /* Avalon-print */,
				4B4028A91E23AA37006E703B /* Bucket.xcdatamodeld */,
				4B98B1461E217FD1003D725C /* Fonts */,
				4B2D03B21DF78E5C00BF0B23 /* SupportingClasses */,
				4B5A3D8A1E2FDF6D00E10A17 /* AvalonExt */,
				4B5A3D9E1E2FDF8300E10A17 /* avalonExtBridge */,
				B5EA1A251B7B383300E1C1C3 /* Products */,
				4B8D1BD81DF1FF39001A97F2 /* TextFieldEffects */,
				31B3518373C45D0E0B929748 /* Pods */,
				2E2B9315D2A9134FFCED2CEF /* Frameworks */,
			);
			sourceTree = "<group>";
		};
		B5EA1A251B7B383300E1C1C3 /* Products */ = {
			isa = PBXGroup;
			children = (
				B5EA1A241B7B383300E1C1C3 /* Avalon-Print.app */,
				4B5A3D871E2FDF6D00E10A17 /* AvalonExt.appex */,
				4B5A3D9D1E2FDF8300E10A17 /* avalonExtBridge.framework */,
			);
			name = Products;
			sourceTree = "<group>";
		};
		B5EA1A261B7B383300E1C1C3 /* Avalon-print */ = {
			isa = PBXGroup;
			children = (
				4B5FCE831DF0DB350080B034 /* pages */,
				4B3F81B71E22702300034E3E /* AppDelegate.swift */,
				4B3F81B81E22702300034E3E /* JSONReading.swift */,
				4B3F81B91E22702300034E3E /* Main.storyboard */,
				4B3F81CB1E2271D300034E3E /* LaunchScreen.storyboard */,
				B5EA1A331B7B383300E1C1C3 /* Info.plist */,
				4B3F81BA1E22702300034E3E /* Assets.xcassets */,
			);
			name = "Avalon-print";
			path = CustomSlideMenu;
			sourceTree = "<group>";
		};
/* End PBXGroup section */

/* Begin PBXHeadersBuildPhase section */
		4B5A3D9A1E2FDF8300E10A17 /* Headers */ = {
			isa = PBXHeadersBuildPhase;
			buildActionMask = 2147483647;
			files = (
				4B5A3DA11E2FDF8300E10A17 /* avalonExtBridge.h in Headers */,
			);
			runOnlyForDeploymentPostprocessing = 0;
		};
/* End PBXHeadersBuildPhase section */

/* Begin PBXNativeTarget section */
		4B5A3D861E2FDF6D00E10A17 /* AvalonExt */ = {
			isa = PBXNativeTarget;
			buildConfigurationList = 4B5A3D961E2FDF6D00E10A17 /* Build configuration list for PBXNativeTarget "AvalonExt" */;
			buildPhases = (
				4B5A3D831E2FDF6D00E10A17 /* Sources */,
				4B5A3D841E2FDF6D00E10A17 /* Frameworks */,
				4B5A3D851E2FDF6D00E10A17 /* Resources */,
			);
			buildRules = (
			);
			dependencies = (
			);
			name = AvalonExt;
			productName = AvalonExt;
			productReference = 4B5A3D871E2FDF6D00E10A17 /* AvalonExt.appex */;
			productType = "com.apple.product-type.app-extension";
		};
		4B5A3D9C1E2FDF8300E10A17 /* avalonExtBridge */ = {
			isa = PBXNativeTarget;
			buildConfigurationList = 4B5A3DA61E2FDF8300E10A17 /* Build configuration list for PBXNativeTarget "avalonExtBridge" */;
			buildPhases = (
				4B5A3D981E2FDF8300E10A17 /* Sources */,
				4B5A3D991E2FDF8300E10A17 /* Frameworks */,
				4B5A3D9A1E2FDF8300E10A17 /* Headers */,
				4B5A3D9B1E2FDF8300E10A17 /* Resources */,
			);
			buildRules = (
			);
			dependencies = (
			);
			name = avalonExtBridge;
			productName = avalonExtBridge;
			productReference = 4B5A3D9D1E2FDF8300E10A17 /* avalonExtBridge.framework */;
			productType = "com.apple.product-type.framework";
		};
		B5EA1A231B7B383300E1C1C3 /* Avalon-Print */ = {
			isa = PBXNativeTarget;
			buildConfigurationList = B5EA1A361B7B383300E1C1C3 /* Build configuration list for PBXNativeTarget "Avalon-Print" */;
			buildPhases = (
				496FB0C2F21FEBA6E7D982E3 /* [CP] Check Pods Manifest.lock */,
				B5EA1A201B7B383300E1C1C3 /* Sources */,
				B5EA1A211B7B383300E1C1C3 /* Frameworks */,
				B5EA1A221B7B383300E1C1C3 /* Resources */,
				80CEA36A2F345825F48087EA /* [CP] Embed Pods Frameworks */,
				B5E36502405B9C91A6D20277 /* [CP] Copy Pods Resources */,
				4B5A3D971E2FDF6D00E10A17 /* Embed App Extensions */,
				4B5A3DA91E2FDF8300E10A17 /* Embed Frameworks */,
			);
			buildRules = (
			);
			dependencies = (
				4B5A3D921E2FDF6D00E10A17 /* PBXTargetDependency */,
				4B5A3DA31E2FDF8300E10A17 /* PBXTargetDependency */,
			);
			name = "Avalon-Print";
			productName = CustomSlideMenu;
			productReference = B5EA1A241B7B383300E1C1C3 /* Avalon-Print.app */;
			productType = "com.apple.product-type.application";
		};
/* End PBXNativeTarget section */

/* Begin PBXProject section */
		B5EA1A1C1B7B383300E1C1C3 /* Project object */ = {
			isa = PBXProject;
			attributes = {
				LastSwiftUpdateCheck = 0820;
				LastUpgradeCheck = 0820;
				ORGANIZATIONNAME = "Roman Mizin";
				TargetAttributes = {
					4B5A3D861E2FDF6D00E10A17 = {
						CreatedOnToolsVersion = 8.2.1;
						DevelopmentTeam = UW7DTDNXS9;
						ProvisioningStyle = Automatic;
					};
					4B5A3D9C1E2FDF8300E10A17 = {
						CreatedOnToolsVersion = 8.2.1;
						DevelopmentTeam = UW7DTDNXS9;
						ProvisioningStyle = Automatic;
					};
					B5EA1A231B7B383300E1C1C3 = {
						CreatedOnToolsVersion = 7.0;
						DevelopmentTeam = UW7DTDNXS9;
						LastSwiftMigration = 0810;
						ProvisioningStyle = Automatic;
					};
				};
			};
			buildConfigurationList = B5EA1A1F1B7B383300E1C1C3 /* Build configuration list for PBXProject "Avalon-Print" */;
			compatibilityVersion = "Xcode 3.2";
			developmentRegion = English;
			hasScannedForEncodings = 0;
			knownRegions = (
				en,
				Base,
			);
			mainGroup = B5EA1A1B1B7B383300E1C1C3;
			productRefGroup = B5EA1A251B7B383300E1C1C3 /* Products */;
			projectDirPath = "";
			projectRoot = "";
			targets = (
				B5EA1A231B7B383300E1C1C3 /* Avalon-Print */,
				4B5A3D861E2FDF6D00E10A17 /* AvalonExt */,
				4B5A3D9C1E2FDF8300E10A17 /* avalonExtBridge */,
			);
		};
/* End PBXProject section */

/* Begin PBXResourcesBuildPhase section */
		4B5A3D851E2FDF6D00E10A17 /* Resources */ = {
			isa = PBXResourcesBuildPhase;
			buildActionMask = 2147483647;
			files = (
				4B5A3D8F1E2FDF6D00E10A17 /* MainInterface.storyboard in Resources */,
			);
			runOnlyForDeploymentPostprocessing = 0;
		};
		4B5A3D9B1E2FDF8300E10A17 /* Resources */ = {
			isa = PBXResourcesBuildPhase;
			buildActionMask = 2147483647;
			files = (
			);
			runOnlyForDeploymentPostprocessing = 0;
		};
		B5EA1A221B7B383300E1C1C3 /* Resources */ = {
			isa = PBXResourcesBuildPhase;
			buildActionMask = 2147483647;
			files = (
				4B3F81901E226E8D00034E3E /* Exo2-Regular.ttf in Resources */,
				4B8D1BCF1DF1FF27001A97F2 /* Info.plist in Resources */,
				4B3F81CD1E2271D300034E3E /* LaunchScreen.storyboard in Resources */,
				4B3F81BD1E22702300034E3E /* Main.storyboard in Resources */,
				4B3F818F1E226E8D00034E3E /* Exo2-Light.ttf in Resources */,
				4B3F81BE1E22702300034E3E /* Assets.xcassets in Resources */,
				4B3F818E1E226E8D00034E3E /* Exo2-ExtraLight.ttf in Resources */,
			);
			runOnlyForDeploymentPostprocessing = 0;
		};
/* End PBXResourcesBuildPhase section */

/* Begin PBXShellScriptBuildPhase section */
		496FB0C2F21FEBA6E7D982E3 /* [CP] Check Pods Manifest.lock */ = {
			isa = PBXShellScriptBuildPhase;
			buildActionMask = 2147483647;
			files = (
			);
			inputPaths = (
			);
			name = "[CP] Check Pods Manifest.lock";
			outputPaths = (
			);
			runOnlyForDeploymentPostprocessing = 0;
			shellPath = /bin/sh;
			shellScript = "diff \"${PODS_ROOT}/../Podfile.lock\" \"${PODS_ROOT}/Manifest.lock\" > /dev/null\nif [ $? != 0 ] ; then\n    # print error to STDERR\n    echo \"error: The sandbox is not in sync with the Podfile.lock. Run 'pod install' or update your CocoaPods installation.\" >&2\n    exit 1\nfi\n";
			showEnvVarsInLog = 0;
		};
		80CEA36A2F345825F48087EA /* [CP] Embed Pods Frameworks */ = {
			isa = PBXShellScriptBuildPhase;
			buildActionMask = 2147483647;
			files = (
			);
			inputPaths = (
			);
			name = "[CP] Embed Pods Frameworks";
			outputPaths = (
			);
			runOnlyForDeploymentPostprocessing = 0;
			shellPath = /bin/sh;
			shellScript = "\"${SRCROOT}/Pods/Target Support Files/Pods-Avalon-Print/Pods-Avalon-Print-frameworks.sh\"\n";
			showEnvVarsInLog = 0;
		};
		B5E36502405B9C91A6D20277 /* [CP] Copy Pods Resources */ = {
			isa = PBXShellScriptBuildPhase;
			buildActionMask = 2147483647;
			files = (
			);
			inputPaths = (
			);
			name = "[CP] Copy Pods Resources";
			outputPaths = (
			);
			runOnlyForDeploymentPostprocessing = 0;
			shellPath = /bin/sh;
			shellScript = "\"${SRCROOT}/Pods/Target Support Files/Pods-Avalon-Print/Pods-Avalon-Print-resources.sh\"\n";
			showEnvVarsInLog = 0;
		};
/* End PBXShellScriptBuildPhase section */

/* Begin PBXSourcesBuildPhase section */
		4B5A3D831E2FDF6D00E10A17 /* Sources */ = {
			isa = PBXSourcesBuildPhase;
			buildActionMask = 2147483647;
			files = (
				4B5A3D8C1E2FDF6D00E10A17 /* TodayViewController.swift in Sources */,
			);
			runOnlyForDeploymentPostprocessing = 0;
		};
		4B5A3D981E2FDF8300E10A17 /* Sources */ = {
			isa = PBXSourcesBuildPhase;
			buildActionMask = 2147483647;
			files = (
				4B5A3DAB1E2FE02100E10A17 /* ButtonMockup.swift in Sources */,
				4B5A3DAA1E2FDFD900E10A17 /* LoginViewController.swift in Sources */,
			);
			runOnlyForDeploymentPostprocessing = 0;
		};
		B5EA1A201B7B383300E1C1C3 /* Sources */ = {
			isa = PBXSourcesBuildPhase;
			buildActionMask = 2147483647;
			files = (
				4B3F81931E226EE900034E3E /* postersComputing.swift in Sources */,
				4B3F81981E226F0800034E3E /* stickersVC.swift in Sources */,
				4B3F81AE1E226FC300034E3E /* bucketUserFillForm.swift in Sources */,
				4B3F81BB1E22702300034E3E /* AppDelegate.swift in Sources */,
				4B8D1BCE1DF1FF27001A97F2 /* HoshiTextField.swift in Sources */,
				4B3F819F1E226F4000034E3E /* bannersComputing.swift in Sources */,
				4B3F81941E226EE900034E3E /* postersVC.swift in Sources */,
				4B3F81B51E226FC300034E3E /* UserProfile.swift in Sources */,
				4B3F81A01E226F4000034E3E /* bannersVC.swift in Sources */,
				4B3008AB1E2F888E0044654E /* userProfileNavController.swift in Sources */,
				4B3F81B31E226FC300034E3E /* map.swift in Sources */,
				4B3F81C41E22706100034E3E /* customNavigationBar.swift in Sources */,
				4B3F81C51E22706100034E3E /* ENMBadgedBarButtonItem.swift in Sources */,
				4B3F81B61E226FC300034E3E /* ViewController.swift in Sources */,
				4B4028AB1E23AA37006E703B /* Bucket.xcdatamodeld in Sources */,
				4B3F81B41E226FC300034E3E /* RegistrationViewController.swift in Sources */,
				4B3F81AF1E226FC300034E3E /* ContactsPageController.swift in Sources */,
				4B3F819B1E226F2D00034E3E /* canvasComputing.swift in Sources */,
				4B3F81971E226F0800034E3E /* stickersComputing.swift in Sources */,
				4B3F819C1E226F2D00034E3E /* canvasVC.swift in Sources */,
				4B3F81BC1E22702300034E3E /* JSONReading.swift in Sources */,
				4B3F81AC1E226FC300034E3E /* bucket.swift in Sources */,
				4B4028A21E2397F1006E703B /* PageStartButton.swift in Sources */,
				4B8D1BD51DF1FF27001A97F2 /* TextFieldsEffects.swift in Sources */,
				4B3F81AD1E226FC300034E3E /* bucketTableViewCell.swift in Sources */,
				4B3F81B01E226FC300034E3E /* informationDetail.swift in Sources */,
				4B3F81B11E226FC300034E3E /* InformationPageController.swift in Sources */,
			);
			runOnlyForDeploymentPostprocessing = 0;
		};
/* End PBXSourcesBuildPhase section */

/* Begin PBXTargetDependency section */
		4B5A3D921E2FDF6D00E10A17 /* PBXTargetDependency */ = {
			isa = PBXTargetDependency;
			target = 4B5A3D861E2FDF6D00E10A17 /* AvalonExt */;
			targetProxy = 4B5A3D911E2FDF6D00E10A17 /* PBXContainerItemProxy */;
		};
		4B5A3DA31E2FDF8300E10A17 /* PBXTargetDependency */ = {
			isa = PBXTargetDependency;
			target = 4B5A3D9C1E2FDF8300E10A17 /* avalonExtBridge */;
			targetProxy = 4B5A3DA21E2FDF8300E10A17 /* PBXContainerItemProxy */;
		};
/* End PBXTargetDependency section */

/* Begin PBXVariantGroup section */
		4B3F81CB1E2271D300034E3E /* LaunchScreen.storyboard */ = {
			isa = PBXVariantGroup;
			children = (
				4B3F81CC1E2271D300034E3E /* Base */,
			);
			name = LaunchScreen.storyboard;
			sourceTree = "<group>";
		};
		4B5A3D8D1E2FDF6D00E10A17 /* MainInterface.storyboard */ = {
			isa = PBXVariantGroup;
			children = (
				4B5A3D8E1E2FDF6D00E10A17 /* Base */,
			);
			name = MainInterface.storyboard;
			sourceTree = "<group>";
		};
/* End PBXVariantGroup section */

/* Begin XCBuildConfiguration section */
		4B5A3D941E2FDF6D00E10A17 /* Debug */ = {
			isa = XCBuildConfiguration;
			buildSettings = {
				CLANG_ANALYZER_NONNULL = YES;
				CLANG_WARN_DOCUMENTATION_COMMENTS = YES;
				DEVELOPMENT_TEAM = UW7DTDNXS9;
				INFOPLIST_FILE = AvalonExt/Info.plist;
				IPHONEOS_DEPLOYMENT_TARGET = 10.2;
				LD_RUNPATH_SEARCH_PATHS = "$(inherited) @executable_path/Frameworks @executable_path/../../Frameworks";
				PRODUCT_BUNDLE_IDENTIFIER = "com.mizin.Avalon-print.AvalonExt";
				PRODUCT_NAME = "$(TARGET_NAME)";
				SKIP_INSTALL = YES;
				SWIFT_ACTIVE_COMPILATION_CONDITIONS = DEBUG;
				SWIFT_VERSION = 3.0;
			};
			name = Debug;
		};
		4B5A3D951E2FDF6D00E10A17 /* Release */ = {
			isa = XCBuildConfiguration;
			buildSettings = {
				CLANG_ANALYZER_NONNULL = YES;
				CLANG_WARN_DOCUMENTATION_COMMENTS = YES;
				DEVELOPMENT_TEAM = UW7DTDNXS9;
				INFOPLIST_FILE = AvalonExt/Info.plist;
				IPHONEOS_DEPLOYMENT_TARGET = 10.2;
				LD_RUNPATH_SEARCH_PATHS = "$(inherited) @executable_path/Frameworks @executable_path/../../Frameworks";
				PRODUCT_BUNDLE_IDENTIFIER = "com.mizin.Avalon-print.AvalonExt";
				PRODUCT_NAME = "$(TARGET_NAME)";
				SKIP_INSTALL = YES;
				SWIFT_VERSION = 3.0;
			};
			name = Release;
		};
		4B5A3DA71E2FDF8300E10A17 /* Debug */ = {
			isa = XCBuildConfiguration;
			buildSettings = {
				CLANG_ANALYZER_NONNULL = YES;
				CLANG_WARN_DOCUMENTATION_COMMENTS = YES;
				CODE_SIGN_IDENTITY = "";
				CURRENT_PROJECT_VERSION = 1;
				DEFINES_MODULE = YES;
				DEVELOPMENT_TEAM = UW7DTDNXS9;
				DYLIB_COMPATIBILITY_VERSION = 1;
				DYLIB_CURRENT_VERSION = 1;
				DYLIB_INSTALL_NAME_BASE = "@rpath";
				INFOPLIST_FILE = avalonExtBridge/Info.plist;
				INSTALL_PATH = "$(LOCAL_LIBRARY_DIR)/Frameworks";
				IPHONEOS_DEPLOYMENT_TARGET = 10.2;
				LD_RUNPATH_SEARCH_PATHS = "$(inherited) @executable_path/Frameworks @loader_path/Frameworks";
				PRODUCT_BUNDLE_IDENTIFIER = mizin.avalonExtBridge;
				PRODUCT_NAME = "$(TARGET_NAME)";
				SKIP_INSTALL = YES;
				SWIFT_ACTIVE_COMPILATION_CONDITIONS = DEBUG;
				SWIFT_VERSION = 3.0;
				TARGETED_DEVICE_FAMILY = 1;
				VERSIONING_SYSTEM = "apple-generic";
				VERSION_INFO_PREFIX = "";
			};
			name = Debug;
		};
		4B5A3DA81E2FDF8300E10A17 /* Release */ = {
			isa = XCBuildConfiguration;
			buildSettings = {
				CLANG_ANALYZER_NONNULL = YES;
				CLANG_WARN_DOCUMENTATION_COMMENTS = YES;
				CODE_SIGN_IDENTITY = "";
				CURRENT_PROJECT_VERSION = 1;
				DEFINES_MODULE = YES;
				DEVELOPMENT_TEAM = UW7DTDNXS9;
				DYLIB_COMPATIBILITY_VERSION = 1;
				DYLIB_CURRENT_VERSION = 1;
				DYLIB_INSTALL_NAME_BASE = "@rpath";
				INFOPLIST_FILE = avalonExtBridge/Info.plist;
				INSTALL_PATH = "$(LOCAL_LIBRARY_DIR)/Frameworks";
				IPHONEOS_DEPLOYMENT_TARGET = 10.2;
				LD_RUNPATH_SEARCH_PATHS = "$(inherited) @executable_path/Frameworks @loader_path/Frameworks";
				PRODUCT_BUNDLE_IDENTIFIER = mizin.avalonExtBridge;
				PRODUCT_NAME = "$(TARGET_NAME)";
				SKIP_INSTALL = YES;
				SWIFT_VERSION = 3.0;
				TARGETED_DEVICE_FAMILY = 1;
				VERSIONING_SYSTEM = "apple-generic";
				VERSION_INFO_PREFIX = "";
			};
			name = Release;
		};
		B5EA1A341B7B383300E1C1C3 /* Debug */ = {
			isa = XCBuildConfiguration;
			buildSettings = {
				ALWAYS_SEARCH_USER_PATHS = NO;
				CLANG_CXX_LANGUAGE_STANDARD = "gnu++0x";
				CLANG_CXX_LIBRARY = "libc++";
				CLANG_ENABLE_MODULES = YES;
				CLANG_ENABLE_OBJC_ARC = YES;
				CLANG_WARN_BOOL_CONVERSION = YES;
				CLANG_WARN_CONSTANT_CONVERSION = YES;
				CLANG_WARN_DIRECT_OBJC_ISA_USAGE = YES_ERROR;
				CLANG_WARN_EMPTY_BODY = YES;
				CLANG_WARN_ENUM_CONVERSION = YES;
				CLANG_WARN_INFINITE_RECURSION = YES;
				CLANG_WARN_INT_CONVERSION = YES;
				CLANG_WARN_OBJC_ROOT_CLASS = YES_ERROR;
				CLANG_WARN_SUSPICIOUS_MOVE = YES;
				CLANG_WARN_UNREACHABLE_CODE = YES;
				CLANG_WARN__DUPLICATE_METHOD_MATCH = YES;
				"CODE_SIGN_IDENTITY[sdk=iphoneos*]" = "iPhone Developer";
				COPY_PHASE_STRIP = NO;
				DEBUG_INFORMATION_FORMAT = dwarf;
				ENABLE_STRICT_OBJC_MSGSEND = YES;
				ENABLE_TESTABILITY = YES;
				GCC_C_LANGUAGE_STANDARD = gnu99;
				GCC_DYNAMIC_NO_PIC = NO;
				GCC_NO_COMMON_BLOCKS = YES;
				GCC_OPTIMIZATION_LEVEL = 0;
				GCC_PREPROCESSOR_DEFINITIONS = (
					"DEBUG=1",
					"$(inherited)",
				);
				GCC_WARN_64_TO_32_BIT_CONVERSION = YES;
				GCC_WARN_ABOUT_RETURN_TYPE = YES_ERROR;
				GCC_WARN_UNDECLARED_SELECTOR = YES;
				GCC_WARN_UNINITIALIZED_AUTOS = YES_AGGRESSIVE;
				GCC_WARN_UNUSED_FUNCTION = YES;
				GCC_WARN_UNUSED_VARIABLE = YES;
				IPHONEOS_DEPLOYMENT_TARGET = 10.0;
				MTL_ENABLE_DEBUG_INFO = YES;
				ONLY_ACTIVE_ARCH = YES;
				SDKROOT = iphoneos;
				SWIFT_OPTIMIZATION_LEVEL = "-Onone";
			};
			name = Debug;
		};
		B5EA1A351B7B383300E1C1C3 /* Release */ = {
			isa = XCBuildConfiguration;
			buildSettings = {
				ALWAYS_SEARCH_USER_PATHS = NO;
				CLANG_CXX_LANGUAGE_STANDARD = "gnu++0x";
				CLANG_CXX_LIBRARY = "libc++";
				CLANG_ENABLE_MODULES = YES;
				CLANG_ENABLE_OBJC_ARC = YES;
				CLANG_WARN_BOOL_CONVERSION = YES;
				CLANG_WARN_CONSTANT_CONVERSION = YES;
				CLANG_WARN_DIRECT_OBJC_ISA_USAGE = YES_ERROR;
				CLANG_WARN_EMPTY_BODY = YES;
				CLANG_WARN_ENUM_CONVERSION = YES;
				CLANG_WARN_INFINITE_RECURSION = YES;
				CLANG_WARN_INT_CONVERSION = YES;
				CLANG_WARN_OBJC_ROOT_CLASS = YES_ERROR;
				CLANG_WARN_SUSPICIOUS_MOVE = YES;
				CLANG_WARN_UNREACHABLE_CODE = YES;
				CLANG_WARN__DUPLICATE_METHOD_MATCH = YES;
				"CODE_SIGN_IDENTITY[sdk=iphoneos*]" = "iPhone Developer";
				COPY_PHASE_STRIP = NO;
				DEBUG_INFORMATION_FORMAT = "dwarf-with-dsym";
				ENABLE_NS_ASSERTIONS = NO;
				ENABLE_STRICT_OBJC_MSGSEND = YES;
				GCC_C_LANGUAGE_STANDARD = gnu99;
				GCC_NO_COMMON_BLOCKS = YES;
				GCC_WARN_64_TO_32_BIT_CONVERSION = YES;
				GCC_WARN_ABOUT_RETURN_TYPE = YES_ERROR;
				GCC_WARN_UNDECLARED_SELECTOR = YES;
				GCC_WARN_UNINITIALIZED_AUTOS = YES_AGGRESSIVE;
				GCC_WARN_UNUSED_FUNCTION = YES;
				GCC_WARN_UNUSED_VARIABLE = YES;
				IPHONEOS_DEPLOYMENT_TARGET = 10.0;
				MTL_ENABLE_DEBUG_INFO = NO;
				SDKROOT = iphoneos;
				SWIFT_OPTIMIZATION_LEVEL = "-Owholemodule";
				VALIDATE_PRODUCT = YES;
			};
			name = Release;
		};
		B5EA1A371B7B383300E1C1C3 /* Debug */ = {
			isa = XCBuildConfiguration;
			baseConfigurationReference = 6F309E9E061423185210A69E /* Pods-Avalon-Print.debug.xcconfig */;
			buildSettings = {
				ALWAYS_EMBED_SWIFT_STANDARD_LIBRARIES = YES;
				ASSETCATALOG_COMPILER_APPICON_NAME = AppIcon;
				"CODE_SIGN_IDENTITY[sdk=iphoneos*]" = "iPhone Developer";
				DEVELOPMENT_TEAM = UW7DTDNXS9;
				INFOPLIST_FILE = "Avalon-print/Info.plist";
				IPHONEOS_DEPLOYMENT_TARGET = 10.2;
				LD_RUNPATH_SEARCH_PATHS = "$(inherited) @executable_path/Frameworks";
				PRODUCT_BUNDLE_IDENTIFIER = "com.mizin.Avalon-print";
				PRODUCT_NAME = "$(TARGET_NAME)";
				SWIFT_VERSION = 3.0;
				TARGETED_DEVICE_FAMILY = 1;
			};
			name = Debug;
		};
		B5EA1A381B7B383300E1C1C3 /* Release */ = {
			isa = XCBuildConfiguration;
			baseConfigurationReference = 7295E3F733109FC0F904C5E2 /* Pods-Avalon-Print.release.xcconfig */;
			buildSettings = {
				ALWAYS_EMBED_SWIFT_STANDARD_LIBRARIES = YES;
				ASSETCATALOG_COMPILER_APPICON_NAME = AppIcon;
				"CODE_SIGN_IDENTITY[sdk=iphoneos*]" = "iPhone Developer";
				DEVELOPMENT_TEAM = UW7DTDNXS9;
				INFOPLIST_FILE = "Avalon-print/Info.plist";
				IPHONEOS_DEPLOYMENT_TARGET = 10.2;
				LD_RUNPATH_SEARCH_PATHS = "$(inherited) @executable_path/Frameworks";
				PRODUCT_BUNDLE_IDENTIFIER = "com.mizin.Avalon-print";
				PRODUCT_NAME = "$(TARGET_NAME)";
				SWIFT_VERSION = 3.0;
				TARGETED_DEVICE_FAMILY = 1;
			};
			name = Release;
		};
/* End XCBuildConfiguration section */

/* Begin XCConfigurationList section */
		4B5A3D961E2FDF6D00E10A17 /* Build configuration list for PBXNativeTarget "AvalonExt" */ = {
			isa = XCConfigurationList;
			buildConfigurations = (
				4B5A3D941E2FDF6D00E10A17 /* Debug */,
				4B5A3D951E2FDF6D00E10A17 /* Release */,
			);
			defaultConfigurationIsVisible = 0;
			defaultConfigurationName = Release;
		};
		4B5A3DA61E2FDF8300E10A17 /* Build configuration list for PBXNativeTarget "avalonExtBridge" */ = {
			isa = XCConfigurationList;
			buildConfigurations = (
				4B5A3DA71E2FDF8300E10A17 /* Debug */,
				4B5A3DA81E2FDF8300E10A17 /* Release */,
			);
			defaultConfigurationIsVisible = 0;
			defaultConfigurationName = Release;
		};
		B5EA1A1F1B7B383300E1C1C3 /* Build configuration list for PBXProject "Avalon-Print" */ = {
			isa = XCConfigurationList;
			buildConfigurations = (
				B5EA1A341B7B383300E1C1C3 /* Debug */,
				B5EA1A351B7B383300E1C1C3 /* Release */,
			);
			defaultConfigurationIsVisible = 0;
			defaultConfigurationName = Release;
		};
		B5EA1A361B7B383300E1C1C3 /* Build configuration list for PBXNativeTarget "Avalon-Print" */ = {
			isa = XCConfigurationList;
			buildConfigurations = (
				B5EA1A371B7B383300E1C1C3 /* Debug */,
				B5EA1A381B7B383300E1C1C3 /* Release */,
			);
			defaultConfigurationIsVisible = 0;
			defaultConfigurationName = Release;
		};
/* End XCConfigurationList section */

/* Begin XCVersionGroup section */
		4B4028A91E23AA37006E703B /* Bucket.xcdatamodeld */ = {
			isa = XCVersionGroup;
			children = (
				4B4028AA1E23AA37006E703B /* Bucket.xcdatamodel */,
			);
			currentVersion = 4B4028AA1E23AA37006E703B /* Bucket.xcdatamodel */;
			path = Bucket.xcdatamodeld;
			sourceTree = "<group>";
			versionGroupType = wrapper.xcdatamodel;
		};
/* End XCVersionGroup section */
	};
	rootObject = B5EA1A1C1B7B383300E1C1C3 /* Project object */;
}
